{
  "version": 4,
  "terraform_version": "1.12.2",
  "serial": 303,
  "lineage": "c73e47a9-c9c9-10b1-98d9-9d2e4147ec17",
  "outputs": {
    "dr_alb_dns": {
      "value": "alb-d-2016548268.ap-northeast-3.elb.amazonaws.com",
      "type": "string"
    },
    "dr_app_sg_id": {
      "value": "sg-0cdf7d072d313449a",
      "type": "string"
    },
    "dr_app_subnet_ids": {
      "value": [
        "subnet-09edea5bbb824d6f4",
        "subnet-0be3e47f0ac32d7a3"
      ],
      "type": [
        "tuple",
        [
          "string",
          "string"
        ]
      ]
    },
    "dr_asg_name": {
      "value": "medical-dr-asg-dr",
      "type": "string"
    },
    "dr_launch_template_id_for_drs": {
      "value": "lt-03f9388c6e641e12e",
      "type": "string"
    },
    "dr_tg_arn": {
      "value": "arn:aws:elasticloadbalancing:ap-northeast-3:077672914621:targetgroup/tg-d/a0dd16a20b8689a6",
      "type": "string"
    },
    "ga_accelerator_arn": {
      "value": "arn:aws:globalaccelerator::077672914621:accelerator/f46a7a9e-0822-4b25-8eca-b671d82ad90b",
      "type": "string"
    },
    "primary_alb_dns": {
      "value": "alb-p-886529055.ap-northeast-2.elb.amazonaws.com",
      "type": "string"
    },
    "primary_asg_name": {
      "value": "medical-dr-asg-p",
      "type": "string"
    },
    "primary_instance_profile_name": {
      "value": "medical-dr-ec2-profile",
      "type": "string"
    },
    "s3_dr_bucket": {
      "value": "medical-dr-web-dr",
      "type": "string"
    },
    "s3_primary_bucket": {
      "value": "medical-dr-web-pr",
      "type": "string"
    },
    "ssm_document_name": {
      "value": "medical-dr-DeployJar",
      "type": "string"
    }
  },
  "resources": [
    {
      "mode": "data",
      "type": "aws_availability_zones",
      "name": "az_d",
      "provider": "provider[\"registry.terraform.io/hashicorp/aws\"].d",
      "instances": [
        {
          "schema_version": 0,
          "attributes": {
            "all_availability_zones": null,
            "exclude_names": null,
            "exclude_zone_ids": null,
            "filter": null,
            "group_names": [
              "ap-northeast-3-zg-1"
            ],
            "id": "ap-northeast-3",
            "names": [
              "ap-northeast-3a",
              "ap-northeast-3b",
              "ap-northeast-3c"
            ],
            "region": "ap-northeast-3",
            "state": "available",
            "timeouts": null,
            "zone_ids": [
              "apne3-az3",
              "apne3-az1",
              "apne3-az2"
            ]
          },
          "sensitive_attributes": [],
          "identity_schema_version": 0
        }
      ]
    },
    {
      "mode": "data",
      "type": "aws_availability_zones",
      "name": "az_p",
      "provider": "provider[\"registry.terraform.io/hashicorp/aws\"].p",
      "instances": [
        {
          "schema_version": 0,
          "attributes": {
            "all_availability_zones": null,
            "exclude_names": null,
            "exclude_zone_ids": null,
            "filter": null,
            "group_names": [
              "ap-northeast-2-zg-1"
            ],
            "id": "ap-northeast-2",
            "names": [
              "ap-northeast-2a",
              "ap-northeast-2b",
              "ap-northeast-2c",
              "ap-northeast-2d"
            ],
            "region": "ap-northeast-2",
            "state": "available",
            "timeouts": null,
            "zone_ids": [
              "apne2-az1",
              "apne2-az2",
              "apne2-az3",
              "apne2-az4"
            ]
          },
          "sensitive_attributes": [],
          "identity_schema_version": 0
        }
      ]
    },
    {
      "mode": "data",
      "type": "aws_caller_identity",
      "name": "current",
      "provider": "provider[\"registry.terraform.io/hashicorp/aws\"]",
      "instances": [
        {
          "schema_version": 0,
          "attributes": {
            "account_id": "077672914621",
            "arn": "arn:aws:iam::077672914621:user/rhwnsgh11",
            "id": "077672914621",
            "user_id": "AIDAREFNKT26YPMGIGTVK"
          },
          "sensitive_attributes": [],
          "identity_schema_version": 0
        }
      ]
    },
    {
      "module": "module.alb_d",
      "mode": "managed",
      "type": "aws_lb",
      "name": "this",
      "provider": "provider[\"registry.terraform.io/hashicorp/aws\"].d",
      "instances": [
        {
          "schema_version": 0,
          "attributes": {
            "access_logs": [
              {
                "bucket": "",
                "enabled": false,
                "prefix": ""
              }
            ],
            "arn": "arn:aws:elasticloadbalancing:ap-northeast-3:077672914621:loadbalancer/app/alb-d/c8d56ff4ab1f483e",
            "arn_suffix": "app/alb-d/c8d56ff4ab1f483e",
            "client_keep_alive": 3600,
            "connection_logs": [
              {
                "bucket": "",
                "enabled": false,
                "prefix": ""
              }
            ],
            "customer_owned_ipv4_pool": "",
            "desync_mitigation_mode": "defensive",
            "dns_name": "alb-d-2016548268.ap-northeast-3.elb.amazonaws.com",
            "dns_record_client_routing_policy": null,
            "drop_invalid_header_fields": false,
            "enable_cross_zone_load_balancing": true,
            "enable_deletion_protection": false,
            "enable_http2": true,
            "enable_tls_version_and_cipher_suite_headers": false,
            "enable_waf_fail_open": false,
            "enable_xff_client_port": false,
            "enable_zonal_shift": false,
            "enforce_security_group_inbound_rules_on_private_link_traffic": "",
            "id": "arn:aws:elasticloadbalancing:ap-northeast-3:077672914621:loadbalancer/app/alb-d/c8d56ff4ab1f483e",
            "idle_timeout": 60,
            "internal": false,
            "ip_address_type": "ipv4",
            "ipam_pools": [],
            "load_balancer_type": "application",
            "minimum_load_balancer_capacity": [],
            "name": "alb-d",
            "name_prefix": "",
            "preserve_host_header": false,
            "region": "ap-northeast-3",
            "security_groups": [
              "sg-034b4ab7fecc7e809"
            ],
            "subnet_mapping": [
              {
                "allocation_id": "",
                "ipv6_address": "",
                "outpost_id": "",
                "private_ipv4_address": "",
                "subnet_id": "subnet-06c4c8ed4f000d989"
              },
              {
                "allocation_id": "",
                "ipv6_address": "",
                "outpost_id": "",
                "private_ipv4_address": "",
                "subnet_id": "subnet-0e7a7caed3d0c3b9e"
              }
            ],
            "subnets": [
              "subnet-06c4c8ed4f000d989",
              "subnet-0e7a7caed3d0c3b9e"
            ],
            "tags": {},
            "tags_all": {},
            "timeouts": null,
            "vpc_id": "vpc-0a7a4d5785c1e509a",
            "xff_header_processing_mode": "append",
            "zone_id": "Z5LXEXXYW11ES"
          },
          "sensitive_attributes": [],
          "identity_schema_version": 0,
          "identity": {
            "arn": "arn:aws:elasticloadbalancing:ap-northeast-3:077672914621:loadbalancer/app/alb-d/c8d56ff4ab1f483e"
          },
          "private": "eyJlMmJmYjczMC1lY2FhLTExZTYtOGY4OC0zNDM2M2JjN2M0YzAiOnsiY3JlYXRlIjo2MDAwMDAwMDAwMDAsImRlbGV0ZSI6NjAwMDAwMDAwMDAwLCJ1cGRhdGUiOjYwMDAwMDAwMDAwMH19",
          "dependencies": [
            "data.aws_availability_zones.az_d",
            "module.net_d.aws_subnet.public",
            "module.net_d.aws_vpc.this",
            "module.sec_d.aws_security_group.alb"
          ]
        }
      ]
    },
    {
      "module": "module.alb_d",
      "mode": "managed",
      "type": "aws_lb_listener",
      "name": "http",
      "provider": "provider[\"registry.terraform.io/hashicorp/aws\"].d",
      "instances": [
        {
          "schema_version": 0,
          "attributes": {
            "alpn_policy": null,
            "arn": "arn:aws:elasticloadbalancing:ap-northeast-3:077672914621:listener/app/alb-d/c8d56ff4ab1f483e/4db69acb1bd2ca02",
            "certificate_arn": null,
            "default_action": [
              {
                "authenticate_cognito": [],
                "authenticate_oidc": [],
                "fixed_response": [],
                "forward": [],
                "order": 1,
                "redirect": [
                  {
                    "host": "#{host}",
                    "path": "/#{path}",
                    "port": "443",
                    "protocol": "HTTPS",
                    "query": "#{query}",
                    "status_code": "HTTP_301"
                  }
                ],
                "target_group_arn": "",
                "type": "redirect"
              }
            ],
            "id": "arn:aws:elasticloadbalancing:ap-northeast-3:077672914621:listener/app/alb-d/c8d56ff4ab1f483e/4db69acb1bd2ca02",
            "load_balancer_arn": "arn:aws:elasticloadbalancing:ap-northeast-3:077672914621:loadbalancer/app/alb-d/c8d56ff4ab1f483e",
            "mutual_authentication": [],
            "port": 80,
            "protocol": "HTTP",
            "region": "ap-northeast-3",
            "routing_http_request_x_amzn_mtls_clientcert_header_name": null,
            "routing_http_request_x_amzn_mtls_clientcert_issuer_header_name": null,
            "routing_http_request_x_amzn_mtls_clientcert_leaf_header_name": null,
            "routing_http_request_x_amzn_mtls_clientcert_serial_number_header_name": null,
            "routing_http_request_x_amzn_mtls_clientcert_subject_header_name": null,
            "routing_http_request_x_amzn_mtls_clientcert_validity_header_name": null,
            "routing_http_request_x_amzn_tls_cipher_suite_header_name": null,
            "routing_http_request_x_amzn_tls_version_header_name": null,
            "routing_http_response_access_control_allow_credentials_header_value": "",
            "routing_http_response_access_control_allow_headers_header_value": "",
            "routing_http_response_access_control_allow_methods_header_value": "",
            "routing_http_response_access_control_allow_origin_header_value": "",
            "routing_http_response_access_control_expose_headers_header_value": "",
            "routing_http_response_access_control_max_age_header_value": "",
            "routing_http_response_content_security_policy_header_value": "",
            "routing_http_response_server_enabled": true,
            "routing_http_response_strict_transport_security_header_value": "",
            "routing_http_response_x_content_type_options_header_value": "",
            "routing_http_response_x_frame_options_header_value": "",
            "ssl_policy": "",
            "tags": {},
            "tags_all": {},
            "tcp_idle_timeout_seconds": null,
            "timeouts": null
          },
          "sensitive_attributes": [],
          "identity_schema_version": 0,
          "identity": {
            "arn": "arn:aws:elasticloadbalancing:ap-northeast-3:077672914621:listener/app/alb-d/c8d56ff4ab1f483e/4db69acb1bd2ca02"
          },
          "private": "eyJlMmJmYjczMC1lY2FhLTExZTYtOGY4OC0zNDM2M2JjN2M0YzAiOnsiY3JlYXRlIjozMDAwMDAwMDAwMDAsInVwZGF0ZSI6MzAwMDAwMDAwMDAwfX0=",
          "dependencies": [
            "data.aws_availability_zones.az_d",
            "module.alb_d.aws_lb.this",
            "module.net_d.aws_subnet.public",
            "module.net_d.aws_vpc.this",
            "module.sec_d.aws_security_group.alb"
          ]
        }
      ]
    },
    {
      "module": "module.alb_d",
      "mode": "managed",
      "type": "aws_lb_listener",
      "name": "https",
      "provider": "provider[\"registry.terraform.io/hashicorp/aws\"].d",
      "instances": [
        {
          "schema_version": 0,
          "attributes": {
            "alpn_policy": null,
            "arn": "arn:aws:elasticloadbalancing:ap-northeast-3:077672914621:listener/app/alb-d/c8d56ff4ab1f483e/7b6b88cd65c93641",
            "certificate_arn": "arn:aws:acm:ap-northeast-3:077672914621:certificate/b1d74670-3eea-4c66-9177-6e75bc633ea7",
            "default_action": [
              {
                "authenticate_cognito": [],
                "authenticate_oidc": [],
                "fixed_response": [],
                "forward": [],
                "order": 1,
                "redirect": [],
                "target_group_arn": "arn:aws:elasticloadbalancing:ap-northeast-3:077672914621:targetgroup/tg-d/a0dd16a20b8689a6",
                "type": "forward"
              }
            ],
            "id": "arn:aws:elasticloadbalancing:ap-northeast-3:077672914621:listener/app/alb-d/c8d56ff4ab1f483e/7b6b88cd65c93641",
            "load_balancer_arn": "arn:aws:elasticloadbalancing:ap-northeast-3:077672914621:loadbalancer/app/alb-d/c8d56ff4ab1f483e",
            "mutual_authentication": [
              {
                "advertise_trust_store_ca_names": "",
                "ignore_client_certificate_expiry": false,
                "mode": "off",
                "trust_store_arn": ""
              }
            ],
            "port": 443,
            "protocol": "HTTPS",
            "region": "ap-northeast-3",
            "routing_http_request_x_amzn_mtls_clientcert_header_name": "",
            "routing_http_request_x_amzn_mtls_clientcert_issuer_header_name": "",
            "routing_http_request_x_amzn_mtls_clientcert_leaf_header_name": "",
            "routing_http_request_x_amzn_mtls_clientcert_serial_number_header_name": "",
            "routing_http_request_x_amzn_mtls_clientcert_subject_header_name": "",
            "routing_http_request_x_amzn_mtls_clientcert_validity_header_name": "",
            "routing_http_request_x_amzn_tls_cipher_suite_header_name": "",
            "routing_http_request_x_amzn_tls_version_header_name": "",
            "routing_http_response_access_control_allow_credentials_header_value": "",
            "routing_http_response_access_control_allow_headers_header_value": "",
            "routing_http_response_access_control_allow_methods_header_value": "",
            "routing_http_response_access_control_allow_origin_header_value": "",
            "routing_http_response_access_control_expose_headers_header_value": "",
            "routing_http_response_access_control_max_age_header_value": "",
            "routing_http_response_content_security_policy_header_value": "",
            "routing_http_response_server_enabled": true,
            "routing_http_response_strict_transport_security_header_value": "",
            "routing_http_response_x_content_type_options_header_value": "",
            "routing_http_response_x_frame_options_header_value": "",
            "ssl_policy": "ELBSecurityPolicy-TLS13-1-2-2021-06",
            "tags": {},
            "tags_all": {},
            "tcp_idle_timeout_seconds": null,
            "timeouts": null
          },
          "sensitive_attributes": [],
          "identity_schema_version": 0,
          "identity": {
            "arn": "arn:aws:elasticloadbalancing:ap-northeast-3:077672914621:listener/app/alb-d/c8d56ff4ab1f483e/7b6b88cd65c93641"
          },
          "private": "eyJlMmJmYjczMC1lY2FhLTExZTYtOGY4OC0zNDM2M2JjN2M0YzAiOnsiY3JlYXRlIjozMDAwMDAwMDAwMDAsInVwZGF0ZSI6MzAwMDAwMDAwMDAwfX0=",
          "dependencies": [
            "data.aws_availability_zones.az_d",
            "module.alb_d.aws_lb.this",
            "module.alb_d.aws_lb_target_group.tg",
            "module.net_d.aws_subnet.public",
            "module.net_d.aws_vpc.this",
            "module.sec_d.aws_security_group.alb"
          ]
        }
      ]
    },
    {
      "module": "module.alb_d",
      "mode": "managed",
      "type": "aws_lb_target_group",
      "name": "tg",
      "provider": "provider[\"registry.terraform.io/hashicorp/aws\"].d",
      "instances": [
        {
          "schema_version": 0,
          "attributes": {
            "arn": "arn:aws:elasticloadbalancing:ap-northeast-3:077672914621:targetgroup/tg-d/a0dd16a20b8689a6",
            "arn_suffix": "targetgroup/tg-d/a0dd16a20b8689a6",
            "connection_termination": null,
            "deregistration_delay": "300",
            "health_check": [
              {
                "enabled": true,
                "healthy_threshold": 2,
                "interval": 30,
                "matcher": "200-399",
                "path": "/healthz",
                "port": "traffic-port",
                "protocol": "HTTP",
                "timeout": 5,
                "unhealthy_threshold": 2
              }
            ],
            "id": "arn:aws:elasticloadbalancing:ap-northeast-3:077672914621:targetgroup/tg-d/a0dd16a20b8689a6",
            "ip_address_type": "ipv4",
            "lambda_multi_value_headers_enabled": false,
            "load_balancer_arns": [
              "arn:aws:elasticloadbalancing:ap-northeast-3:077672914621:loadbalancer/app/alb-d/c8d56ff4ab1f483e"
            ],
            "load_balancing_algorithm_type": "round_robin",
            "load_balancing_anomaly_mitigation": "off",
            "load_balancing_cross_zone_enabled": "use_load_balancer_configuration",
            "name": "tg-d",
            "name_prefix": "",
            "port": 8080,
            "preserve_client_ip": null,
            "protocol": "HTTP",
            "protocol_version": "HTTP1",
            "proxy_protocol_v2": false,
            "region": "ap-northeast-3",
            "slow_start": 0,
            "stickiness": [
              {
                "cookie_duration": 86400,
                "cookie_name": "",
                "enabled": false,
                "type": "lb_cookie"
              }
            ],
            "tags": {},
            "tags_all": {},
            "target_failover": [
              {
                "on_deregistration": null,
                "on_unhealthy": null
              }
            ],
            "target_group_health": [
              {
                "dns_failover": [
                  {
                    "minimum_healthy_targets_count": "1",
                    "minimum_healthy_targets_percentage": "off"
                  }
                ],
                "unhealthy_state_routing": [
                  {
                    "minimum_healthy_targets_count": 1,
                    "minimum_healthy_targets_percentage": "off"
                  }
                ]
              }
            ],
            "target_health_state": [
              {
                "enable_unhealthy_connection_termination": null,
                "unhealthy_draining_interval": null
              }
            ],
            "target_type": "instance",
            "vpc_id": "vpc-0a7a4d5785c1e509a"
          },
          "sensitive_attributes": [],
          "identity_schema_version": 0,
          "identity": {
            "arn": "arn:aws:elasticloadbalancing:ap-northeast-3:077672914621:targetgroup/tg-d/a0dd16a20b8689a6"
          },
          "private": "bnVsbA==",
          "dependencies": [
            "module.net_d.aws_vpc.this"
          ]
        }
      ]
    },
    {
      "module": "module.alb_p",
      "mode": "managed",
      "type": "aws_lb",
      "name": "this",
      "provider": "provider[\"registry.terraform.io/hashicorp/aws\"].p",
      "instances": [
        {
          "schema_version": 0,
          "attributes": {
            "access_logs": [
              {
                "bucket": "",
                "enabled": false,
                "prefix": ""
              }
            ],
            "arn": "arn:aws:elasticloadbalancing:ap-northeast-2:077672914621:loadbalancer/app/alb-p/14802d699279b765",
            "arn_suffix": "app/alb-p/14802d699279b765",
            "client_keep_alive": 3600,
            "connection_logs": [
              {
                "bucket": "",
                "enabled": false,
                "prefix": ""
              }
            ],
            "customer_owned_ipv4_pool": "",
            "desync_mitigation_mode": "defensive",
            "dns_name": "alb-p-886529055.ap-northeast-2.elb.amazonaws.com",
            "dns_record_client_routing_policy": null,
            "drop_invalid_header_fields": false,
            "enable_cross_zone_load_balancing": true,
            "enable_deletion_protection": false,
            "enable_http2": true,
            "enable_tls_version_and_cipher_suite_headers": false,
            "enable_waf_fail_open": false,
            "enable_xff_client_port": false,
            "enable_zonal_shift": false,
            "enforce_security_group_inbound_rules_on_private_link_traffic": "",
            "id": "arn:aws:elasticloadbalancing:ap-northeast-2:077672914621:loadbalancer/app/alb-p/14802d699279b765",
            "idle_timeout": 60,
            "internal": false,
            "ip_address_type": "ipv4",
            "ipam_pools": [],
            "load_balancer_type": "application",
            "minimum_load_balancer_capacity": [],
            "name": "alb-p",
            "name_prefix": "",
            "preserve_host_header": false,
            "region": "ap-northeast-2",
            "security_groups": [
              "sg-0d6317e1e20730e98"
            ],
            "subnet_mapping": [
              {
                "allocation_id": "",
                "ipv6_address": "",
                "outpost_id": "",
                "private_ipv4_address": "",
                "subnet_id": "subnet-099d54d85909fa273"
              },
              {
                "allocation_id": "",
                "ipv6_address": "",
                "outpost_id": "",
                "private_ipv4_address": "",
                "subnet_id": "subnet-0e5a746cb5b1ed6f3"
              }
            ],
            "subnets": [
              "subnet-099d54d85909fa273",
              "subnet-0e5a746cb5b1ed6f3"
            ],
            "tags": {},
            "tags_all": {},
            "timeouts": null,
            "vpc_id": "vpc-02b40b118580c1179",
            "xff_header_processing_mode": "append",
            "zone_id": "ZWKZPGTI48KDX"
          },
          "sensitive_attributes": [],
          "identity_schema_version": 0,
          "identity": {
            "arn": "arn:aws:elasticloadbalancing:ap-northeast-2:077672914621:loadbalancer/app/alb-p/14802d699279b765"
          },
          "private": "eyJlMmJmYjczMC1lY2FhLTExZTYtOGY4OC0zNDM2M2JjN2M0YzAiOnsiY3JlYXRlIjo2MDAwMDAwMDAwMDAsImRlbGV0ZSI6NjAwMDAwMDAwMDAwLCJ1cGRhdGUiOjYwMDAwMDAwMDAwMH19",
          "dependencies": [
            "data.aws_availability_zones.az_p",
            "module.net_p.aws_subnet.public",
            "module.net_p.aws_vpc.this",
            "module.sec_p.aws_security_group.alb"
          ]
        }
      ]
    },
    {
      "module": "module.alb_p",
      "mode": "managed",
      "type": "aws_lb_listener",
      "name": "http",
      "provider": "provider[\"registry.terraform.io/hashicorp/aws\"].p",
      "instances": [
        {
          "schema_version": 0,
          "attributes": {
            "alpn_policy": null,
            "arn": "arn:aws:elasticloadbalancing:ap-northeast-2:077672914621:listener/app/alb-p/14802d699279b765/61336ed703ed27c4",
            "certificate_arn": null,
            "default_action": [
              {
                "authenticate_cognito": [],
                "authenticate_oidc": [],
                "fixed_response": [],
                "forward": [],
                "order": 1,
                "redirect": [
                  {
                    "host": "#{host}",
                    "path": "/#{path}",
                    "port": "443",
                    "protocol": "HTTPS",
                    "query": "#{query}",
                    "status_code": "HTTP_301"
                  }
                ],
                "target_group_arn": "",
                "type": "redirect"
              }
            ],
            "id": "arn:aws:elasticloadbalancing:ap-northeast-2:077672914621:listener/app/alb-p/14802d699279b765/61336ed703ed27c4",
            "load_balancer_arn": "arn:aws:elasticloadbalancing:ap-northeast-2:077672914621:loadbalancer/app/alb-p/14802d699279b765",
            "mutual_authentication": [],
            "port": 80,
            "protocol": "HTTP",
            "region": "ap-northeast-2",
            "routing_http_request_x_amzn_mtls_clientcert_header_name": null,
            "routing_http_request_x_amzn_mtls_clientcert_issuer_header_name": null,
            "routing_http_request_x_amzn_mtls_clientcert_leaf_header_name": null,
            "routing_http_request_x_amzn_mtls_clientcert_serial_number_header_name": null,
            "routing_http_request_x_amzn_mtls_clientcert_subject_header_name": null,
            "routing_http_request_x_amzn_mtls_clientcert_validity_header_name": null,
            "routing_http_request_x_amzn_tls_cipher_suite_header_name": null,
            "routing_http_request_x_amzn_tls_version_header_name": null,
            "routing_http_response_access_control_allow_credentials_header_value": "",
            "routing_http_response_access_control_allow_headers_header_value": "",
            "routing_http_response_access_control_allow_methods_header_value": "",
            "routing_http_response_access_control_allow_origin_header_value": "",
            "routing_http_response_access_control_expose_headers_header_value": "",
            "routing_http_response_access_control_max_age_header_value": "",
            "routing_http_response_content_security_policy_header_value": "",
            "routing_http_response_server_enabled": true,
            "routing_http_response_strict_transport_security_header_value": "",
            "routing_http_response_x_content_type_options_header_value": "",
            "routing_http_response_x_frame_options_header_value": "",
            "ssl_policy": "",
            "tags": {},
            "tags_all": {},
            "tcp_idle_timeout_seconds": null,
            "timeouts": null
          },
          "sensitive_attributes": [],
          "identity_schema_version": 0,
          "identity": {
            "arn": "arn:aws:elasticloadbalancing:ap-northeast-2:077672914621:listener/app/alb-p/14802d699279b765/61336ed703ed27c4"
          },
          "private": "eyJlMmJmYjczMC1lY2FhLTExZTYtOGY4OC0zNDM2M2JjN2M0YzAiOnsiY3JlYXRlIjozMDAwMDAwMDAwMDAsInVwZGF0ZSI6MzAwMDAwMDAwMDAwfX0=",
          "dependencies": [
            "data.aws_availability_zones.az_p",
            "module.alb_p.aws_lb.this",
            "module.net_p.aws_subnet.public",
            "module.net_p.aws_vpc.this",
            "module.sec_p.aws_security_group.alb"
          ]
        }
      ]
    },
    {
      "module": "module.alb_p",
      "mode": "managed",
      "type": "aws_lb_listener",
      "name": "https",
      "provider": "provider[\"registry.terraform.io/hashicorp/aws\"].p",
      "instances": [
        {
          "schema_version": 0,
          "attributes": {
            "alpn_policy": null,
            "arn": "arn:aws:elasticloadbalancing:ap-northeast-2:077672914621:listener/app/alb-p/14802d699279b765/c96db29375f36220",
            "certificate_arn": "arn:aws:acm:ap-northeast-2:077672914621:certificate/59c563eb-95dd-41ff-bd65-ec52b9271c22",
            "default_action": [
              {
                "authenticate_cognito": [],
                "authenticate_oidc": [],
                "fixed_response": [],
                "forward": [],
                "order": 1,
                "redirect": [],
                "target_group_arn": "arn:aws:elasticloadbalancing:ap-northeast-2:077672914621:targetgroup/tg-p/b88450e3318056cc",
                "type": "forward"
              }
            ],
            "id": "arn:aws:elasticloadbalancing:ap-northeast-2:077672914621:listener/app/alb-p/14802d699279b765/c96db29375f36220",
            "load_balancer_arn": "arn:aws:elasticloadbalancing:ap-northeast-2:077672914621:loadbalancer/app/alb-p/14802d699279b765",
            "mutual_authentication": [
              {
                "advertise_trust_store_ca_names": "",
                "ignore_client_certificate_expiry": false,
                "mode": "off",
                "trust_store_arn": ""
              }
            ],
            "port": 443,
            "protocol": "HTTPS",
            "region": "ap-northeast-2",
            "routing_http_request_x_amzn_mtls_clientcert_header_name": "",
            "routing_http_request_x_amzn_mtls_clientcert_issuer_header_name": "",
            "routing_http_request_x_amzn_mtls_clientcert_leaf_header_name": "",
            "routing_http_request_x_amzn_mtls_clientcert_serial_number_header_name": "",
            "routing_http_request_x_amzn_mtls_clientcert_subject_header_name": "",
            "routing_http_request_x_amzn_mtls_clientcert_validity_header_name": "",
            "routing_http_request_x_amzn_tls_cipher_suite_header_name": "",
            "routing_http_request_x_amzn_tls_version_header_name": "",
            "routing_http_response_access_control_allow_credentials_header_value": "",
            "routing_http_response_access_control_allow_headers_header_value": "",
            "routing_http_response_access_control_allow_methods_header_value": "",
            "routing_http_response_access_control_allow_origin_header_value": "",
            "routing_http_response_access_control_expose_headers_header_value": "",
            "routing_http_response_access_control_max_age_header_value": "",
            "routing_http_response_content_security_policy_header_value": "",
            "routing_http_response_server_enabled": true,
            "routing_http_response_strict_transport_security_header_value": "",
            "routing_http_response_x_content_type_options_header_value": "",
            "routing_http_response_x_frame_options_header_value": "",
            "ssl_policy": "ELBSecurityPolicy-TLS13-1-2-2021-06",
            "tags": {},
            "tags_all": {},
            "tcp_idle_timeout_seconds": null,
            "timeouts": null
          },
          "sensitive_attributes": [],
          "identity_schema_version": 0,
          "identity": {
            "arn": "arn:aws:elasticloadbalancing:ap-northeast-2:077672914621:listener/app/alb-p/14802d699279b765/c96db29375f36220"
          },
          "private": "eyJlMmJmYjczMC1lY2FhLTExZTYtOGY4OC0zNDM2M2JjN2M0YzAiOnsiY3JlYXRlIjozMDAwMDAwMDAwMDAsInVwZGF0ZSI6MzAwMDAwMDAwMDAwfX0=",
          "dependencies": [
            "data.aws_availability_zones.az_p",
            "module.alb_p.aws_lb.this",
            "module.alb_p.aws_lb_target_group.tg",
            "module.net_p.aws_subnet.public",
            "module.net_p.aws_vpc.this",
            "module.sec_p.aws_security_group.alb"
          ]
        }
      ]
    },
    {
      "module": "module.alb_p",
      "mode": "managed",
      "type": "aws_lb_target_group",
      "name": "tg",
      "provider": "provider[\"registry.terraform.io/hashicorp/aws\"].p",
      "instances": [
        {
          "schema_version": 0,
          "attributes": {
            "arn": "arn:aws:elasticloadbalancing:ap-northeast-2:077672914621:targetgroup/tg-p/b88450e3318056cc",
            "arn_suffix": "targetgroup/tg-p/b88450e3318056cc",
            "connection_termination": null,
            "deregistration_delay": "300",
            "health_check": [
              {
                "enabled": true,
                "healthy_threshold": 2,
                "interval": 30,
                "matcher": "200-399",
                "path": "/healthz",
                "port": "traffic-port",
                "protocol": "HTTP",
                "timeout": 5,
                "unhealthy_threshold": 2
              }
            ],
            "id": "arn:aws:elasticloadbalancing:ap-northeast-2:077672914621:targetgroup/tg-p/b88450e3318056cc",
            "ip_address_type": "ipv4",
            "lambda_multi_value_headers_enabled": false,
            "load_balancer_arns": [
              "arn:aws:elasticloadbalancing:ap-northeast-2:077672914621:loadbalancer/app/alb-p/14802d699279b765"
            ],
            "load_balancing_algorithm_type": "round_robin",
            "load_balancing_anomaly_mitigation": "off",
            "load_balancing_cross_zone_enabled": "use_load_balancer_configuration",
            "name": "tg-p",
            "name_prefix": "",
            "port": 8080,
            "preserve_client_ip": null,
            "protocol": "HTTP",
            "protocol_version": "HTTP1",
            "proxy_protocol_v2": false,
            "region": "ap-northeast-2",
            "slow_start": 0,
            "stickiness": [
              {
                "cookie_duration": 86400,
                "cookie_name": "",
                "enabled": false,
                "type": "lb_cookie"
              }
            ],
            "tags": {},
            "tags_all": {},
            "target_failover": [
              {
                "on_deregistration": null,
                "on_unhealthy": null
              }
            ],
            "target_group_health": [
              {
                "dns_failover": [
                  {
                    "minimum_healthy_targets_count": "1",
                    "minimum_healthy_targets_percentage": "off"
                  }
                ],
                "unhealthy_state_routing": [
                  {
                    "minimum_healthy_targets_count": 1,
                    "minimum_healthy_targets_percentage": "off"
                  }
                ]
              }
            ],
            "target_health_state": [
              {
                "enable_unhealthy_connection_termination": null,
                "unhealthy_draining_interval": null
              }
            ],
            "target_type": "instance",
            "vpc_id": "vpc-02b40b118580c1179"
          },
          "sensitive_attributes": [],
          "identity_schema_version": 0,
          "identity": {
            "arn": "arn:aws:elasticloadbalancing:ap-northeast-2:077672914621:targetgroup/tg-p/b88450e3318056cc"
          },
          "private": "bnVsbA==",
          "dependencies": [
            "module.net_p.aws_vpc.this"
          ]
        }
      ]
    },
    {
      "module": "module.cdn",
      "mode": "managed",
      "type": "aws_cloudfront_cache_policy",
      "name": "optimized",
      "provider": "provider[\"registry.terraform.io/hashicorp/aws\"]",
      "instances": [
        {
          "schema_version": 0,
          "attributes": {
            "arn": "arn:aws:cloudfront::077672914621:cache-policy/f9330bae-d7c2-4506-8cd6-1fbf8fa621c3",
            "comment": "",
            "default_ttl": 3600,
            "etag": "E23ZP02F085DFQ",
            "id": "f9330bae-d7c2-4506-8cd6-1fbf8fa621c3",
            "max_ttl": 86400,
            "min_ttl": 0,
            "name": "medical-dr-optimized",
            "parameters_in_cache_key_and_forwarded_to_origin": [
              {
                "cookies_config": [
                  {
                    "cookie_behavior": "none",
                    "cookies": []
                  }
                ],
                "enable_accept_encoding_brotli": true,
                "enable_accept_encoding_gzip": true,
                "headers_config": [
                  {
                    "header_behavior": "none",
                    "headers": []
                  }
                ],
                "query_strings_config": [
                  {
                    "query_string_behavior": "none",
                    "query_strings": []
                  }
                ]
              }
            ]
          },
          "sensitive_attributes": [],
          "identity_schema_version": 0,
          "private": "bnVsbA=="
        }
      ]
    },
    {
      "module": "module.cdn",
      "mode": "managed",
      "type": "aws_cloudfront_distribution",
      "name": "this",
      "provider": "provider[\"registry.terraform.io/hashicorp/aws\"]",
      "instances": [
        {
          "schema_version": 1,
          "attributes": {
            "aliases": [
              "medical.nextcloudlab.com"
            ],
            "anycast_ip_list_id": "",
            "arn": "arn:aws:cloudfront::077672914621:distribution/E3H9AIMSOLOCLE",
            "caller_reference": "terraform-20250822051210019000000001",
            "comment": "medical-dr MRAP + /api via GA",
            "continuous_deployment_policy_id": "",
            "custom_error_response": [],
            "default_cache_behavior": [
              {
                "allowed_methods": [
                  "GET",
                  "HEAD",
                  "OPTIONS"
                ],
                "cache_policy_id": "f9330bae-d7c2-4506-8cd6-1fbf8fa621c3",
                "cached_methods": [
                  "GET",
                  "HEAD"
                ],
                "compress": false,
                "default_ttl": 0,
                "field_level_encryption_id": "",
                "forwarded_values": [],
                "function_association": [],
                "grpc_config": [
                  {
                    "enabled": false
                  }
                ],
                "lambda_function_association": [],
                "max_ttl": 0,
                "min_ttl": 0,
                "origin_request_policy_id": "",
                "realtime_log_config_arn": "",
                "response_headers_policy_id": "",
                "smooth_streaming": false,
                "target_origin_id": "s3-mrap",
                "trusted_key_groups": [],
                "trusted_signers": [],
                "viewer_protocol_policy": "redirect-to-https"
              }
            ],
            "default_root_object": "",
            "domain_name": "d1szhm1dma9zd0.cloudfront.net",
            "enabled": true,
            "etag": "E29F76MUJVWYUE",
            "hosted_zone_id": "Z2FDTNDATAQYW2",
            "http_version": "http2",
            "id": "E3H9AIMSOLOCLE",
            "in_progress_validation_batches": 0,
            "is_ipv6_enabled": true,
            "last_modified_time": "2025-08-22 05:12:09.907 +0000 UTC",
            "logging_config": [],
            "ordered_cache_behavior": [
              {
                "allowed_methods": [
                  "DELETE",
                  "GET",
                  "HEAD",
                  "OPTIONS",
                  "PATCH",
                  "POST",
                  "PUT"
                ],
                "cache_policy_id": "4135ea2d-6df8-44a3-9df3-4b5a84be39ad",
                "cached_methods": [
                  "GET",
                  "HEAD"
                ],
                "compress": true,
                "default_ttl": 0,
                "field_level_encryption_id": "",
                "forwarded_values": [],
                "function_association": [],
                "grpc_config": [
                  {
                    "enabled": false
                  }
                ],
                "lambda_function_association": [],
                "max_ttl": 0,
                "min_ttl": 0,
                "origin_request_policy_id": "",
                "path_pattern": "/api/*",
                "realtime_log_config_arn": "",
                "response_headers_policy_id": "",
                "smooth_streaming": false,
                "target_origin_id": "api-ga",
                "trusted_key_groups": [],
                "trusted_signers": [],
                "viewer_protocol_policy": "redirect-to-https"
              }
            ],
            "origin": [
              {
                "connection_attempts": 3,
                "connection_timeout": 10,
                "custom_header": [],
                "custom_origin_config": [
                  {
                    "http_port": 80,
                    "https_port": 443,
                    "origin_keepalive_timeout": 5,
                    "origin_protocol_policy": "https-only",
                    "origin_read_timeout": 30,
                    "origin_ssl_protocols": [
                      "TLSv1.2"
                    ]
                  }
                ],
                "domain_name": "ad0fca125fd74a494.awsglobalaccelerator.com",
                "origin_access_control_id": "",
                "origin_id": "api-ga",
                "origin_path": "",
                "origin_shield": [],
                "s3_origin_config": [],
                "vpc_origin_config": []
              },
              {
                "connection_attempts": 3,
                "connection_timeout": 10,
                "custom_header": [],
                "custom_origin_config": [
                  {
                    "http_port": 80,
                    "https_port": 443,
                    "origin_keepalive_timeout": 5,
                    "origin_protocol_policy": "https-only",
                    "origin_read_timeout": 30,
                    "origin_ssl_protocols": [
                      "TLSv1.2"
                    ]
                  }
                ],
                "domain_name": "moq5rdrs615eb.mrap.accesspoint.s3-global.amazonaws.com",
                "origin_access_control_id": "",
                "origin_id": "s3-mrap",
                "origin_path": "",
                "origin_shield": [],
                "s3_origin_config": [],
                "vpc_origin_config": []
              }
            ],
            "origin_group": [],
            "price_class": "PriceClass_All",
            "restrictions": [
              {
                "geo_restriction": [
                  {
                    "locations": [],
                    "restriction_type": "none"
                  }
                ]
              }
            ],
            "retain_on_delete": false,
            "staging": false,
            "status": "Deployed",
            "tags": {},
            "tags_all": {},
            "trusted_key_groups": [
              {
                "enabled": false,
                "items": []
              }
            ],
            "trusted_signers": [
              {
                "enabled": false,
                "items": []
              }
            ],
            "viewer_certificate": [
              {
                "acm_certificate_arn": "arn:aws:acm:us-east-1:077672914621:certificate/a5c1395d-3f08-4a4d-947f-11f70281a239",
                "cloudfront_default_certificate": false,
                "iam_certificate_id": "",
                "minimum_protocol_version": "TLSv1.2_2021",
                "ssl_support_method": "sni-only"
              }
            ],
            "wait_for_deployment": true,
            "web_acl_id": ""
          },
          "sensitive_attributes": [],
          "identity_schema_version": 0,
          "private": "eyJzY2hlbWFfdmVyc2lvbiI6IjEifQ==",
          "dependencies": [
            "module.cdn.aws_cloudfront_cache_policy.optimized",
            "module.ga.aws_globalaccelerator_accelerator.this",
            "module.s3_mrap.aws_s3control_multi_region_access_point.this",
            "module.s3_static.aws_iam_policy.replication_policy",
            "module.s3_static.aws_iam_role.replication_role",
            "module.s3_static.aws_iam_role_policy_attachment.repl_attach",
            "module.s3_static.aws_s3_bucket.d",
            "module.s3_static.aws_s3_bucket.p",
            "module.s3_static.aws_s3_bucket_replication_configuration.p_to_d",
            "module.s3_static.aws_s3_bucket_versioning.d",
            "module.s3_static.aws_s3_bucket_versioning.p",
            "module.s3_static.data.aws_iam_policy_document.replication_assume",
            "module.s3_static.data.aws_iam_policy_document.replication_policy"
          ]
        }
      ]
    },
    {
      "module": "module.cdn",
      "mode": "managed",
      "type": "aws_cloudfront_origin_access_control",
      "name": "oac",
      "provider": "provider[\"registry.terraform.io/hashicorp/aws\"]",
      "instances": [
        {
          "schema_version": 0,
          "attributes": {
            "arn": "arn:aws:cloudfront::077672914621:origin-access-control/E1GHTGSEMP65AV",
            "description": "Managed by Terraform",
            "etag": "ETVPDKIKX0DER",
            "id": "E1GHTGSEMP65AV",
            "name": "medical-dr-oac",
            "origin_access_control_origin_type": "s3",
            "signing_behavior": "always",
            "signing_protocol": "sigv4"
          },
          "sensitive_attributes": [],
          "identity_schema_version": 0,
          "private": "bnVsbA=="
        }
      ]
    },
    {
      "module": "module.compute_dr",
      "mode": "data",
      "type": "aws_ami",
      "name": "al2023",
      "provider": "provider[\"registry.terraform.io/hashicorp/aws\"].d",
      "instances": [
        {
          "schema_version": 0,
          "attributes": {
            "allow_unsafe_filter": null,
            "architecture": "x86_64",
            "arn": "arn:aws:ec2:ap-northeast-3::image/ami-00bb2f1446fa373f3",
            "block_device_mappings": [
              {
                "device_name": "/dev/xvda",
                "ebs": {
                  "delete_on_termination": "true",
                  "encrypted": "false",
                  "iops": "3000",
                  "snapshot_id": "snap-0375e412bb8ad354b",
                  "throughput": "125",
                  "volume_initialization_rate": "0",
                  "volume_size": "2",
                  "volume_type": "gp3"
                },
                "no_device": "",
                "virtual_name": ""
              }
            ],
            "boot_mode": "uefi-preferred",
            "creation_date": "2025-08-13T21:49:09.000Z",
            "deprecation_time": "2025-11-11T21:49:00.000Z",
            "description": "Amazon Linux 2023 AMI 2023.8.20250818.0 x86_64 Minimal HVM kernel-6.1",
            "ena_support": true,
            "executable_users": null,
            "filter": [
              {
                "name": "name",
                "values": [
                  "al2023-ami-*-x86_64"
                ]
              }
            ],
            "hypervisor": "xen",
            "id": "ami-00bb2f1446fa373f3",
            "image_id": "ami-00bb2f1446fa373f3",
            "image_location": "amazon/al2023-ami-minimal-2023.8.20250818.0-kernel-6.1-x86_64",
            "image_owner_alias": "amazon",
            "image_type": "machine",
            "imds_support": "v2.0",
            "include_deprecated": false,
            "kernel_id": "",
            "last_launched_time": "",
            "most_recent": true,
            "name": "al2023-ami-minimal-2023.8.20250818.0-kernel-6.1-x86_64",
            "name_regex": null,
            "owner_id": "137112412989",
            "owners": [
              "137112412989"
            ],
            "platform": "",
            "platform_details": "Linux/UNIX",
            "product_codes": [],
            "public": true,
            "ramdisk_id": "",
            "region": "ap-northeast-3",
            "root_device_name": "/dev/xvda",
            "root_device_type": "ebs",
            "root_snapshot_id": "snap-0375e412bb8ad354b",
            "sriov_net_support": "simple",
            "state": "available",
            "state_reason": {
              "code": "UNSET",
              "message": "UNSET"
            },
            "tags": {},
            "timeouts": null,
            "tpm_support": "",
            "uefi_data": null,
            "usage_operation": "RunInstances",
            "virtualization_type": "hvm"
          },
          "sensitive_attributes": [],
          "identity_schema_version": 0
        }
      ]
    },
    {
      "module": "module.compute_dr",
      "mode": "managed",
      "type": "aws_launch_template",
      "name": "lt_drs",
      "provider": "provider[\"registry.terraform.io/hashicorp/aws\"].d",
      "instances": [
        {
          "schema_version": 0,
          "attributes": {
            "arn": "arn:aws:ec2:ap-northeast-3:077672914621:launch-template/lt-03f9388c6e641e12e",
            "block_device_mappings": [],
            "capacity_reservation_specification": [],
            "cpu_options": [],
            "credit_specification": [],
            "default_version": 1,
            "description": "",
            "disable_api_stop": false,
            "disable_api_termination": false,
            "ebs_optimized": "",
            "enclave_options": [],
            "hibernation_options": [],
            "iam_instance_profile": [
              {
                "arn": "",
                "name": "medical-dr-ec2-profile"
              }
            ],
            "id": "lt-03f9388c6e641e12e",
            "image_id": "ami-00bb2f1446fa373f3",
            "instance_initiated_shutdown_behavior": "",
            "instance_market_options": [],
            "instance_requirements": [],
            "instance_type": "t3.micro",
            "kernel_id": "",
            "key_name": "",
            "latest_version": 3,
            "license_specification": [],
            "maintenance_options": [],
            "metadata_options": [],
            "monitoring": [],
            "name": "medical-dr-lt-drs-20250822013516048500000003",
            "name_prefix": "medical-dr-lt-drs-",
            "network_interfaces": [],
            "placement": [],
            "private_dns_name_options": [],
            "ram_disk_id": "",
            "region": "ap-northeast-3",
            "security_group_names": [],
            "tag_specifications": [
              {
                "resource_type": "instance",
                "tags": {
                  "App": "medical-api",
                  "Name": "medical-dr-app-d"
                }
              }
            ],
            "tags": {},
            "tags_all": {},
            "update_default_version": null,
            "user_data": "IyEvYmluL2Jhc2gKZWNobyAiYm9vdGluZyAkKGRhdGUpIiA+PiAvdmFyL2xvZy91c2VyZGF0YS5sb2cK",
            "vpc_security_group_ids": [
              "sg-0cdf7d072d313449a"
            ]
          },
          "sensitive_attributes": [],
          "identity_schema_version": 0,
          "private": "bnVsbA==",
          "dependencies": [
            "module.compute_dr.data.aws_ami.al2023",
            "module.iam_p.aws_iam_instance_profile.profile",
            "module.iam_p.aws_iam_role.ec2",
            "module.iam_p.data.aws_iam_policy_document.ec2_trust",
            "module.net_d.aws_vpc.this",
            "module.sec_d.aws_security_group.alb",
            "module.sec_d.aws_security_group.app"
          ]
        }
      ]
    },
    {
      "module": "module.compute_dr_asg",
      "mode": "managed",
      "type": "aws_autoscaling_group",
      "name": "asg_dr",
      "provider": "provider[\"registry.terraform.io/hashicorp/aws\"].d",
      "instances": [
        {
          "schema_version": 1,
          "attributes": {
            "arn": "arn:aws:autoscaling:ap-northeast-3:077672914621:autoScalingGroup:f9824f06-d8d3-41f1-8cd4-34c525714dee:autoScalingGroupName/medical-dr-asg-dr",
            "availability_zone_distribution": [
              {
                "capacity_distribution_strategy": "balanced-best-effort"
              }
            ],
            "availability_zones": [
              "ap-northeast-3a",
              "ap-northeast-3b"
            ],
            "capacity_rebalance": false,
            "capacity_reservation_specification": [
              {
                "capacity_reservation_preference": "default",
                "capacity_reservation_target": []
              }
            ],
            "context": "",
            "default_cooldown": 300,
            "default_instance_warmup": 0,
            "desired_capacity": 2,
            "desired_capacity_type": "",
            "enabled_metrics": [],
            "force_delete": false,
            "force_delete_warm_pool": false,
            "health_check_grace_period": 60,
            "health_check_type": "EC2",
            "id": "medical-dr-asg-dr",
            "ignore_failed_scaling_activities": false,
            "initial_lifecycle_hook": [],
            "instance_maintenance_policy": [],
            "instance_refresh": [],
            "launch_configuration": "",
            "launch_template": [
              {
                "id": "lt-03f9388c6e641e12e",
                "name": "medical-dr-lt-drs-20250822013516048500000003",
                "version": "$Latest"
              }
            ],
            "load_balancers": [],
            "max_instance_lifetime": 0,
            "max_size": 4,
            "metrics_granularity": "1Minute",
            "min_elb_capacity": null,
            "min_size": 2,
            "mixed_instances_policy": [],
            "name": "medical-dr-asg-dr",
            "name_prefix": "",
            "placement_group": "",
            "predicted_capacity": 0,
            "protect_from_scale_in": false,
            "region": "ap-northeast-3",
            "service_linked_role_arn": "arn:aws:iam::077672914621:role/aws-service-role/autoscaling.amazonaws.com/AWSServiceRoleForAutoScaling",
            "suspended_processes": [],
            "tag": [
              {
                "key": "App",
                "propagate_at_launch": true,
                "value": "medical-api"
              },
              {
                "key": "Name",
                "propagate_at_launch": true,
                "value": "medical-dr-app-dr"
              }
            ],
            "target_group_arns": [
              "arn:aws:elasticloadbalancing:ap-northeast-3:077672914621:targetgroup/tg-d/a0dd16a20b8689a6"
            ],
            "termination_policies": [],
            "timeouts": null,
            "traffic_source": [
              {
                "identifier": "arn:aws:elasticloadbalancing:ap-northeast-3:077672914621:targetgroup/tg-d/a0dd16a20b8689a6",
                "type": "elbv2"
              }
            ],
            "vpc_zone_identifier": [
              "subnet-09edea5bbb824d6f4",
              "subnet-0be3e47f0ac32d7a3"
            ],
            "wait_for_capacity_timeout": "10m",
            "wait_for_elb_capacity": null,
            "warm_pool": [],
            "warm_pool_size": 0
          },
          "sensitive_attributes": [],
          "identity_schema_version": 0,
          "private": "eyJlMmJmYjczMC1lY2FhLTExZTYtOGY4OC0zNDM2M2JjN2M0YzAiOnsiZGVsZXRlIjo2MDAwMDAwMDAwMDAsInVwZGF0ZSI6NjAwMDAwMDAwMDAwfSwic2NoZW1hX3ZlcnNpb24iOiIxIn0=",
          "dependencies": [
            "data.aws_availability_zones.az_d",
            "module.alb_d.aws_lb_target_group.tg",
            "module.compute_dr.aws_launch_template.lt_drs",
            "module.compute_dr.data.aws_ami.al2023",
            "module.iam_p.aws_iam_instance_profile.profile",
            "module.iam_p.aws_iam_role.ec2",
            "module.iam_p.data.aws_iam_policy_document.ec2_trust",
            "module.net_d.aws_subnet.app",
            "module.net_d.aws_vpc.this",
            "module.sec_d.aws_security_group.alb",
            "module.sec_d.aws_security_group.app"
          ]
        }
      ]
    },
    {
      "module": "module.compute_p",
      "mode": "data",
      "type": "aws_ami",
      "name": "al2023",
      "provider": "provider[\"registry.terraform.io/hashicorp/aws\"].p",
      "instances": [
        {
          "schema_version": 0,
          "attributes": {
            "allow_unsafe_filter": null,
            "architecture": "x86_64",
            "arn": "arn:aws:ec2:ap-northeast-2::image/ami-09ca93cdffae054a1",
            "block_device_mappings": [
              {
                "device_name": "/dev/xvda",
                "ebs": {
                  "delete_on_termination": "true",
                  "encrypted": "false",
                  "iops": "3000",
                  "snapshot_id": "snap-0b48ec25120844ee2",
                  "throughput": "125",
                  "volume_initialization_rate": "0",
                  "volume_size": "2",
                  "volume_type": "gp3"
                },
                "no_device": "",
                "virtual_name": ""
              }
            ],
            "boot_mode": "uefi-preferred",
            "creation_date": "2025-08-13T21:49:41.000Z",
            "deprecation_time": "2025-11-11T21:50:00.000Z",
            "description": "Amazon Linux 2023 AMI 2023.8.20250818.0 x86_64 Minimal HVM kernel-6.1",
            "ena_support": true,
            "executable_users": null,
            "filter": [
              {
                "name": "name",
                "values": [
                  "al2023-ami-*-x86_64"
                ]
              }
            ],
            "hypervisor": "xen",
            "id": "ami-09ca93cdffae054a1",
            "image_id": "ami-09ca93cdffae054a1",
            "image_location": "amazon/al2023-ami-minimal-2023.8.20250818.0-kernel-6.1-x86_64",
            "image_owner_alias": "amazon",
            "image_type": "machine",
            "imds_support": "v2.0",
            "include_deprecated": false,
            "kernel_id": "",
            "last_launched_time": "",
            "most_recent": true,
            "name": "al2023-ami-minimal-2023.8.20250818.0-kernel-6.1-x86_64",
            "name_regex": null,
            "owner_id": "137112412989",
            "owners": [
              "137112412989"
            ],
            "platform": "",
            "platform_details": "Linux/UNIX",
            "product_codes": [],
            "public": true,
            "ramdisk_id": "",
            "region": "ap-northeast-2",
            "root_device_name": "/dev/xvda",
            "root_device_type": "ebs",
            "root_snapshot_id": "snap-0b48ec25120844ee2",
            "sriov_net_support": "simple",
            "state": "available",
            "state_reason": {
              "code": "UNSET",
              "message": "UNSET"
            },
            "tags": {},
            "timeouts": null,
            "tpm_support": "",
            "uefi_data": null,
            "usage_operation": "RunInstances",
            "virtualization_type": "hvm"
          },
          "sensitive_attributes": [],
          "identity_schema_version": 0
        }
      ]
    },
    {
      "module": "module.compute_p",
      "mode": "managed",
      "type": "aws_autoscaling_group",
      "name": "asg",
      "provider": "provider[\"registry.terraform.io/hashicorp/aws\"].p",
      "instances": [
        {
          "schema_version": 1,
          "attributes": {
            "arn": "arn:aws:autoscaling:ap-northeast-2:077672914621:autoScalingGroup:bd3e3456-fce4-491a-92f7-8d1fa3ec1482:autoScalingGroupName/medical-dr-asg-p",
            "availability_zone_distribution": [
              {
                "capacity_distribution_strategy": "balanced-best-effort"
              }
            ],
            "availability_zones": [
              "ap-northeast-2a",
              "ap-northeast-2b"
            ],
            "capacity_rebalance": false,
            "capacity_reservation_specification": [
              {
                "capacity_reservation_preference": "default",
                "capacity_reservation_target": []
              }
            ],
            "context": "",
            "default_cooldown": 300,
            "default_instance_warmup": 0,
            "desired_capacity": 2,
            "desired_capacity_type": "",
            "enabled_metrics": [],
            "force_delete": false,
            "force_delete_warm_pool": false,
            "health_check_grace_period": 60,
            "health_check_type": "EC2",
            "id": "medical-dr-asg-p",
            "ignore_failed_scaling_activities": false,
            "initial_lifecycle_hook": [],
            "instance_maintenance_policy": [],
            "instance_refresh": [],
            "launch_configuration": "",
            "launch_template": [
              {
                "id": "lt-07626d6794e777d14",
                "name": "medical-dr-lt-p-20250822013515207400000008",
                "version": "$Latest"
              }
            ],
            "load_balancers": [],
            "max_instance_lifetime": 0,
            "max_size": 4,
            "metrics_granularity": "1Minute",
            "min_elb_capacity": null,
            "min_size": 2,
            "mixed_instances_policy": [],
            "name": "medical-dr-asg-p",
            "name_prefix": "",
            "placement_group": "",
            "predicted_capacity": 0,
            "protect_from_scale_in": false,
            "region": "ap-northeast-2",
            "service_linked_role_arn": "arn:aws:iam::077672914621:role/aws-service-role/autoscaling.amazonaws.com/AWSServiceRoleForAutoScaling",
            "suspended_processes": [],
            "tag": [
              {
                "key": "App",
                "propagate_at_launch": true,
                "value": "medical-api"
              },
              {
                "key": "Name",
                "propagate_at_launch": true,
                "value": "medical-dr-app-p"
              }
            ],
            "target_group_arns": [
              "arn:aws:elasticloadbalancing:ap-northeast-2:077672914621:targetgroup/tg-p/b88450e3318056cc"
            ],
            "termination_policies": [],
            "timeouts": null,
            "traffic_source": [
              {
                "identifier": "arn:aws:elasticloadbalancing:ap-northeast-2:077672914621:targetgroup/tg-p/b88450e3318056cc",
                "type": "elbv2"
              }
            ],
            "vpc_zone_identifier": [
              "subnet-02cab998b26d1caf8",
              "subnet-0e55a487df4db64c0"
            ],
            "wait_for_capacity_timeout": "10m",
            "wait_for_elb_capacity": null,
            "warm_pool": [],
            "warm_pool_size": 0
          },
          "sensitive_attributes": [],
          "identity_schema_version": 0,
          "private": "eyJlMmJmYjczMC1lY2FhLTExZTYtOGY4OC0zNDM2M2JjN2M0YzAiOnsiZGVsZXRlIjo2MDAwMDAwMDAwMDAsInVwZGF0ZSI6NjAwMDAwMDAwMDAwfSwic2NoZW1hX3ZlcnNpb24iOiIxIn0=",
          "dependencies": [
            "data.aws_availability_zones.az_p",
            "module.alb_p.aws_lb_target_group.tg",
            "module.compute_p.aws_launch_template.lt",
            "module.compute_p.data.aws_ami.al2023",
            "module.iam_p.aws_iam_instance_profile.profile",
            "module.iam_p.aws_iam_role.ec2",
            "module.iam_p.data.aws_iam_policy_document.ec2_trust",
            "module.net_p.aws_subnet.app",
            "module.net_p.aws_vpc.this",
            "module.sec_p.aws_security_group.alb",
            "module.sec_p.aws_security_group.app"
          ]
        }
      ]
    },
    {
      "module": "module.compute_p",
      "mode": "managed",
      "type": "aws_launch_template",
      "name": "lt",
      "provider": "provider[\"registry.terraform.io/hashicorp/aws\"].p",
      "instances": [
        {
          "schema_version": 0,
          "attributes": {
            "arn": "arn:aws:ec2:ap-northeast-2:077672914621:launch-template/lt-07626d6794e777d14",
            "block_device_mappings": [],
            "capacity_reservation_specification": [],
            "cpu_options": [],
            "credit_specification": [],
            "default_version": 1,
            "description": "",
            "disable_api_stop": false,
            "disable_api_termination": false,
            "ebs_optimized": "",
            "enclave_options": [],
            "hibernation_options": [],
            "iam_instance_profile": [
              {
                "arn": "",
                "name": "medical-dr-ec2-profile"
              }
            ],
            "id": "lt-07626d6794e777d14",
            "image_id": "ami-09ca93cdffae054a1",
            "instance_initiated_shutdown_behavior": "",
            "instance_market_options": [],
            "instance_requirements": [],
            "instance_type": "t3.micro",
            "kernel_id": "",
            "key_name": "",
            "latest_version": 2,
            "license_specification": [],
            "maintenance_options": [],
            "metadata_options": [],
            "monitoring": [],
            "name": "medical-dr-lt-p-20250822013515207400000008",
            "name_prefix": "medical-dr-lt-p-",
            "network_interfaces": [],
            "placement": [],
            "private_dns_name_options": [],
            "ram_disk_id": "",
            "region": "ap-northeast-2",
            "security_group_names": [],
            "tag_specifications": [
              {
                "resource_type": "instance",
                "tags": {
                  "App": "medical-api",
                  "Name": "medical-dr-app-p"
                }
              }
            ],
            "tags": {},
            "tags_all": {},
            "update_default_version": null,
            "user_data": "IyEvYmluL2Jhc2gKZWNobyAiYm9vdGluZyAkKGRhdGUpIiA+PiAvdmFyL2xvZy91c2VyZGF0YS5sb2cK",
            "vpc_security_group_ids": [
              "sg-07d970cc08b64c1d9"
            ]
          },
          "sensitive_attributes": [],
          "identity_schema_version": 0,
          "private": "bnVsbA==",
          "dependencies": [
            "module.compute_p.data.aws_ami.al2023",
            "module.iam_p.aws_iam_instance_profile.profile",
            "module.iam_p.aws_iam_role.ec2",
            "module.iam_p.data.aws_iam_policy_document.ec2_trust",
            "module.net_p.aws_vpc.this",
            "module.sec_p.aws_security_group.alb",
            "module.sec_p.aws_security_group.app"
          ]
        }
      ]
    },
    {
      "module": "module.db",
      "mode": "managed",
      "type": "aws_db_instance",
      "name": "reader",
      "provider": "provider[\"registry.terraform.io/hashicorp/aws\"].d",
      "instances": [
        {
          "schema_version": 2,
          "attributes": {
            "address": "medical-dr-mysql-reader.c3ge22m28qk0.ap-northeast-3.rds.amazonaws.com",
            "allocated_storage": 20,
            "allow_major_version_upgrade": null,
            "apply_immediately": true,
            "arn": "arn:aws:rds:ap-northeast-3:077672914621:db:medical-dr-mysql-reader",
            "auto_minor_version_upgrade": true,
            "availability_zone": "ap-northeast-3b",
            "backup_retention_period": 0,
            "backup_target": "region",
            "backup_window": "16:19-16:49",
            "blue_green_update": [],
            "ca_cert_identifier": "rds-ca-rsa2048-g1",
            "character_set_name": "",
            "copy_tags_to_snapshot": true,
            "custom_iam_instance_profile": "",
            "customer_owned_ip_enabled": false,
            "database_insights_mode": "standard",
            "db_name": "drdb",
            "db_subnet_group_name": "medical-dr-db-subnet-d",
            "dedicated_log_volume": false,
            "delete_automated_backups": true,
            "deletion_protection": false,
            "domain": "",
            "domain_auth_secret_arn": "",
            "domain_dns_ips": [],
            "domain_fqdn": "",
            "domain_iam_role_name": "",
            "domain_ou": "",
            "enabled_cloudwatch_logs_exports": [],
            "endpoint": "medical-dr-mysql-reader.c3ge22m28qk0.ap-northeast-3.rds.amazonaws.com:3306",
            "engine": "mysql",
            "engine_lifecycle_support": "open-source-rds-extended-support",
            "engine_version": "8.0",
            "engine_version_actual": "8.0.42",
            "final_snapshot_identifier": null,
            "hosted_zone_id": "Z27UOU6J3YT0DM",
            "iam_database_authentication_enabled": false,
            "id": "db-B5LHZNVMXRW75OTRU32SLRDOJY",
            "identifier": "medical-dr-mysql-reader",
            "identifier_prefix": "",
            "instance_class": "db.t3.small",
            "iops": 3000,
            "kms_key_id": "",
            "latest_restorable_time": "",
            "license_model": "general-public-license",
            "listener_endpoint": [],
            "maintenance_window": "fri:14:20-fri:14:50",
            "manage_master_user_password": null,
            "master_user_secret": [],
            "master_user_secret_kms_key_id": null,
            "max_allocated_storage": 0,
            "monitoring_interval": 0,
            "monitoring_role_arn": "",
            "multi_az": false,
            "nchar_character_set_name": "",
            "network_type": "IPV4",
            "option_group_name": "default:mysql-8-0",
            "parameter_group_name": "default.mysql8.0",
            "password": null,
            "password_wo": null,
            "password_wo_version": null,
            "performance_insights_enabled": false,
            "performance_insights_kms_key_id": "",
            "performance_insights_retention_period": 0,
            "port": 3306,
            "publicly_accessible": false,
            "region": "ap-northeast-3",
            "replica_mode": "",
            "replicas": [],
            "replicate_source_db": "arn:aws:rds:ap-northeast-2:077672914621:db:medical-dr-mysql-writer",
            "resource_id": "db-B5LHZNVMXRW75OTRU32SLRDOJY",
            "restore_to_point_in_time": [],
            "s3_import": [],
            "skip_final_snapshot": false,
            "snapshot_identifier": null,
            "status": "available",
            "storage_encrypted": false,
            "storage_throughput": 125,
            "storage_type": "gp3",
            "tags": {
              "Role": "reader"
            },
            "tags_all": {
              "Role": "reader"
            },
            "timeouts": null,
            "timezone": "",
            "upgrade_storage_config": null,
            "username": "admin",
            "vpc_security_group_ids": [
              "sg-061a40972900edd0f"
            ]
          },
          "sensitive_attributes": [
            [
              {
                "type": "get_attr",
                "value": "password"
              }
            ],
            [
              {
                "type": "get_attr",
                "value": "password_wo"
              }
            ]
          ],
          "identity_schema_version": 0,
          "private": "eyJlMmJmYjczMC1lY2FhLTExZTYtOGY4OC0zNDM2M2JjN2M0YzAiOnsiY3JlYXRlIjozMDAwMDAwMDAwMDAwLCJkZWxldGUiOjM2MDAwMDAwMDAwMDAsInVwZGF0ZSI6NDgwMDAwMDAwMDAwMH0sInNjaGVtYV92ZXJzaW9uIjoiMiJ9",
          "dependencies": [
            "data.aws_availability_zones.az_d",
            "data.aws_availability_zones.az_p",
            "module.db.aws_db_instance.writer",
            "module.db.aws_db_subnet_group.d",
            "module.db.aws_db_subnet_group.p",
            "module.net_d.aws_subnet.app",
            "module.net_d.aws_vpc.this",
            "module.net_p.aws_subnet.app",
            "module.net_p.aws_vpc.this",
            "module.sec_d.aws_security_group.alb",
            "module.sec_d.aws_security_group.app",
            "module.sec_d.aws_security_group.db",
            "module.sec_p.aws_security_group.alb",
            "module.sec_p.aws_security_group.app",
            "module.sec_p.aws_security_group.db"
          ]
        }
      ]
    },
    {
      "module": "module.db",
      "mode": "managed",
      "type": "aws_db_instance",
      "name": "writer",
      "provider": "provider[\"registry.terraform.io/hashicorp/aws\"].p",
      "instances": [
        {
          "schema_version": 2,
          "attributes": {
            "address": "medical-dr-mysql-writer.c74828wmikhx.ap-northeast-2.rds.amazonaws.com",
            "allocated_storage": 20,
            "allow_major_version_upgrade": null,
            "apply_immediately": true,
            "arn": "arn:aws:rds:ap-northeast-2:077672914621:db:medical-dr-mysql-writer",
            "auto_minor_version_upgrade": true,
            "availability_zone": "ap-northeast-2b",
            "backup_retention_period": 1,
            "backup_target": "region",
            "backup_window": "16:19-16:49",
            "blue_green_update": [],
            "ca_cert_identifier": "rds-ca-rsa2048-g1",
            "character_set_name": "",
            "copy_tags_to_snapshot": true,
            "custom_iam_instance_profile": "",
            "customer_owned_ip_enabled": false,
            "database_insights_mode": "standard",
            "db_name": "drdb",
            "db_subnet_group_name": "medical-dr-db-subnet-p",
            "dedicated_log_volume": false,
            "delete_automated_backups": true,
            "deletion_protection": false,
            "domain": "",
            "domain_auth_secret_arn": "",
            "domain_dns_ips": [],
            "domain_fqdn": "",
            "domain_iam_role_name": "",
            "domain_ou": "",
            "enabled_cloudwatch_logs_exports": [],
            "endpoint": "medical-dr-mysql-writer.c74828wmikhx.ap-northeast-2.rds.amazonaws.com:3306",
            "engine": "mysql",
            "engine_lifecycle_support": "open-source-rds-extended-support",
            "engine_version": "8.0",
            "engine_version_actual": "8.0.42",
            "final_snapshot_identifier": null,
            "hosted_zone_id": "ZLA2NUCOLGUUR",
            "iam_database_authentication_enabled": false,
            "id": "db-567XED4MLF6EEMCF4ZACEIYESQ",
            "identifier": "medical-dr-mysql-writer",
            "identifier_prefix": "",
            "instance_class": "db.t3.small",
            "iops": 3000,
            "kms_key_id": "",
            "latest_restorable_time": "2025-08-22T07:15:00Z",
            "license_model": "general-public-license",
            "listener_endpoint": [],
            "maintenance_window": "fri:14:20-fri:14:50",
            "manage_master_user_password": null,
            "master_user_secret": [],
            "master_user_secret_kms_key_id": null,
            "max_allocated_storage": 0,
            "monitoring_interval": 0,
            "monitoring_role_arn": "",
            "multi_az": false,
            "nchar_character_set_name": "",
            "network_type": "IPV4",
            "option_group_name": "default:mysql-8-0",
            "parameter_group_name": "default.mysql8.0",
            "password": "asblk12345",
            "password_wo": null,
            "password_wo_version": null,
            "performance_insights_enabled": false,
            "performance_insights_kms_key_id": "",
            "performance_insights_retention_period": 0,
            "port": 3306,
            "publicly_accessible": false,
            "region": "ap-northeast-2",
            "replica_mode": "",
            "replicas": [
              "arn:aws:rds:ap-northeast-3:077672914621:db:medical-dr-mysql-reader"
            ],
            "replicate_source_db": "",
            "resource_id": "db-567XED4MLF6EEMCF4ZACEIYESQ",
            "restore_to_point_in_time": [],
            "s3_import": [],
            "skip_final_snapshot": true,
            "snapshot_identifier": null,
            "status": "available",
            "storage_encrypted": false,
            "storage_throughput": 125,
            "storage_type": "gp3",
            "tags": {
              "Role": "writer"
            },
            "tags_all": {
              "Role": "writer"
            },
            "timeouts": null,
            "timezone": "",
            "upgrade_storage_config": null,
            "username": "admin",
            "vpc_security_group_ids": [
              "sg-0b97d3479e01adbf8"
            ]
          },
          "sensitive_attributes": [
            [
              {
                "type": "get_attr",
                "value": "password"
              }
            ],
            [
              {
                "type": "get_attr",
                "value": "password_wo"
              }
            ]
          ],
          "identity_schema_version": 0,
          "private": "eyJlMmJmYjczMC1lY2FhLTExZTYtOGY4OC0zNDM2M2JjN2M0YzAiOnsiY3JlYXRlIjozMDAwMDAwMDAwMDAwLCJkZWxldGUiOjM2MDAwMDAwMDAwMDAsInVwZGF0ZSI6NDgwMDAwMDAwMDAwMH0sInNjaGVtYV92ZXJzaW9uIjoiMiJ9",
          "dependencies": [
            "data.aws_availability_zones.az_p",
            "module.db.aws_db_subnet_group.p",
            "module.net_p.aws_subnet.app",
            "module.net_p.aws_vpc.this",
            "module.sec_p.aws_security_group.alb",
            "module.sec_p.aws_security_group.app",
            "module.sec_p.aws_security_group.db"
          ]
        }
      ]
    },
    {
      "module": "module.db",
      "mode": "managed",
      "type": "aws_db_subnet_group",
      "name": "d",
      "provider": "provider[\"registry.terraform.io/hashicorp/aws\"].d",
      "instances": [
        {
          "schema_version": 0,
          "attributes": {
            "arn": "arn:aws:rds:ap-northeast-3:077672914621:subgrp:medical-dr-db-subnet-d",
            "description": "Managed by Terraform",
            "id": "medical-dr-db-subnet-d",
            "name": "medical-dr-db-subnet-d",
            "name_prefix": "",
            "region": "ap-northeast-3",
            "subnet_ids": [
              "subnet-09edea5bbb824d6f4",
              "subnet-0be3e47f0ac32d7a3"
            ],
            "supported_network_types": [
              "IPV4"
            ],
            "tags": {
              "Name": "medical-dr-db-subnet-d"
            },
            "tags_all": {
              "Name": "medical-dr-db-subnet-d"
            },
            "vpc_id": "vpc-0a7a4d5785c1e509a"
          },
          "sensitive_attributes": [],
          "identity_schema_version": 0,
          "private": "bnVsbA==",
          "dependencies": [
            "data.aws_availability_zones.az_d",
            "module.net_d.aws_subnet.app",
            "module.net_d.aws_vpc.this"
          ]
        }
      ]
    },
    {
      "module": "module.db",
      "mode": "managed",
      "type": "aws_db_subnet_group",
      "name": "p",
      "provider": "provider[\"registry.terraform.io/hashicorp/aws\"].p",
      "instances": [
        {
          "schema_version": 0,
          "attributes": {
            "arn": "arn:aws:rds:ap-northeast-2:077672914621:subgrp:medical-dr-db-subnet-p",
            "description": "Managed by Terraform",
            "id": "medical-dr-db-subnet-p",
            "name": "medical-dr-db-subnet-p",
            "name_prefix": "",
            "region": "ap-northeast-2",
            "subnet_ids": [
              "subnet-02cab998b26d1caf8",
              "subnet-0e55a487df4db64c0"
            ],
            "supported_network_types": [
              "IPV4"
            ],
            "tags": {
              "Name": "medical-dr-db-subnet-p"
            },
            "tags_all": {
              "Name": "medical-dr-db-subnet-p"
            },
            "vpc_id": "vpc-02b40b118580c1179"
          },
          "sensitive_attributes": [],
          "identity_schema_version": 0,
          "private": "bnVsbA==",
          "dependencies": [
            "data.aws_availability_zones.az_p",
            "module.net_p.aws_subnet.app",
            "module.net_p.aws_vpc.this"
          ]
        }
      ]
    },
    {
      "module": "module.dns",
      "mode": "managed",
      "type": "aws_route53_record",
      "name": "admin",
      "provider": "provider[\"registry.terraform.io/hashicorp/aws\"]",
      "instances": [
        {
          "schema_version": 2,
          "attributes": {
            "alias": [],
            "allow_overwrite": null,
            "cidr_routing_policy": [],
            "failover_routing_policy": [],
            "fqdn": "admin.nextcloudlab.com",
            "geolocation_routing_policy": [],
            "geoproximity_routing_policy": [],
            "health_check_id": "",
            "id": "Z075370721NCBSLEWW4JM_admin.nextcloudlab.com_CNAME",
            "latency_routing_policy": [],
            "multivalue_answer_routing_policy": false,
            "name": "admin.nextcloudlab.com",
            "records": [
              "ad0fca125fd74a494.awsglobalaccelerator.com"
            ],
            "set_identifier": "",
            "timeouts": null,
            "ttl": 60,
            "type": "CNAME",
            "weighted_routing_policy": [],
            "zone_id": "Z075370721NCBSLEWW4JM"
          },
          "sensitive_attributes": [],
          "identity_schema_version": 0,
          "identity": {
            "account_id": "077672914621",
            "name": "admin.nextcloudlab.com",
            "set_identifier": null,
            "type": "CNAME",
            "zone_id": "Z075370721NCBSLEWW4JM"
          },
          "private": "eyJlMmJmYjczMC1lY2FhLTExZTYtOGY4OC0zNDM2M2JjN2M0YzAiOnsiY3JlYXRlIjoxODAwMDAwMDAwMDAwLCJkZWxldGUiOjE4MDAwMDAwMDAwMDAsInVwZGF0ZSI6MTgwMDAwMDAwMDAwMH0sInNjaGVtYV92ZXJzaW9uIjoiMiJ9",
          "dependencies": [
            "module.ga.aws_globalaccelerator_accelerator.this"
          ]
        }
      ]
    },
    {
      "module": "module.dns",
      "mode": "managed",
      "type": "aws_route53_record",
      "name": "medical",
      "provider": "provider[\"registry.terraform.io/hashicorp/aws\"]",
      "instances": [
        {
          "schema_version": 2,
          "attributes": {
            "alias": [
              {
                "evaluate_target_health": false,
                "name": "d1szhm1dma9zd0.cloudfront.net",
                "zone_id": "Z2FDTNDATAQYW2"
              }
            ],
            "allow_overwrite": null,
            "cidr_routing_policy": [],
            "failover_routing_policy": [],
            "fqdn": "medical.nextcloudlab.com",
            "geolocation_routing_policy": [],
            "geoproximity_routing_policy": [],
            "health_check_id": "",
            "id": "Z075370721NCBSLEWW4JM_medical.nextcloudlab.com_A",
            "latency_routing_policy": [],
            "multivalue_answer_routing_policy": false,
            "name": "medical.nextcloudlab.com",
            "records": [],
            "set_identifier": "",
            "timeouts": null,
            "ttl": 0,
            "type": "A",
            "weighted_routing_policy": [],
            "zone_id": "Z075370721NCBSLEWW4JM"
          },
          "sensitive_attributes": [],
          "identity_schema_version": 0,
          "identity": {
            "account_id": "077672914621",
            "name": "medical.nextcloudlab.com",
            "set_identifier": null,
            "type": "A",
            "zone_id": "Z075370721NCBSLEWW4JM"
          },
          "private": "eyJlMmJmYjczMC1lY2FhLTExZTYtOGY4OC0zNDM2M2JjN2M0YzAiOnsiY3JlYXRlIjoxODAwMDAwMDAwMDAwLCJkZWxldGUiOjE4MDAwMDAwMDAwMDAsInVwZGF0ZSI6MTgwMDAwMDAwMDAwMH0sInNjaGVtYV92ZXJzaW9uIjoiMiJ9",
          "dependencies": [
            "module.cdn.aws_cloudfront_cache_policy.optimized",
            "module.cdn.aws_cloudfront_distribution.this",
            "module.ga.aws_globalaccelerator_accelerator.this",
            "module.s3_mrap.aws_s3control_multi_region_access_point.this",
            "module.s3_static.aws_iam_policy.replication_policy",
            "module.s3_static.aws_iam_role.replication_role",
            "module.s3_static.aws_iam_role_policy_attachment.repl_attach",
            "module.s3_static.aws_s3_bucket.d",
            "module.s3_static.aws_s3_bucket.p",
            "module.s3_static.aws_s3_bucket_replication_configuration.p_to_d",
            "module.s3_static.aws_s3_bucket_versioning.d",
            "module.s3_static.aws_s3_bucket_versioning.p",
            "module.s3_static.data.aws_iam_policy_document.replication_assume",
            "module.s3_static.data.aws_iam_policy_document.replication_policy"
          ]
        }
      ]
    },
    {
      "module": "module.ep_p",
      "mode": "managed",
      "type": "aws_security_group",
      "name": "vpce",
      "provider": "provider[\"registry.terraform.io/hashicorp/aws\"].p",
      "instances": [
        {
          "schema_version": 1,
          "attributes": {
            "arn": "arn:aws:ec2:ap-northeast-2:077672914621:security-group/sg-044bc1b014c81768c",
            "description": "Managed by Terraform",
            "egress": [
              {
                "cidr_blocks": [
                  "0.0.0.0/0"
                ],
                "description": "",
                "from_port": 0,
                "ipv6_cidr_blocks": [],
                "prefix_list_ids": [],
                "protocol": "-1",
                "security_groups": [],
                "self": false,
                "to_port": 0
              }
            ],
            "id": "sg-044bc1b014c81768c",
            "ingress": [
              {
                "cidr_blocks": [
                  "10.10.0.0/16"
                ],
                "description": "",
                "from_port": 443,
                "ipv6_cidr_blocks": [],
                "prefix_list_ids": [],
                "protocol": "tcp",
                "security_groups": [],
                "self": false,
                "to_port": 443
              }
            ],
            "name": "vpce-sg",
            "name_prefix": "",
            "owner_id": "077672914621",
            "region": "ap-northeast-2",
            "revoke_rules_on_delete": false,
            "tags": {},
            "tags_all": {},
            "timeouts": null,
            "vpc_id": "vpc-02b40b118580c1179"
          },
          "sensitive_attributes": [],
          "identity_schema_version": 0,
          "identity": {
            "account_id": "077672914621",
            "id": "sg-044bc1b014c81768c",
            "region": "ap-northeast-2"
          },
          "private": "eyJlMmJmYjczMC1lY2FhLTExZTYtOGY4OC0zNDM2M2JjN2M0YzAiOnsiY3JlYXRlIjo2MDAwMDAwMDAwMDAsImRlbGV0ZSI6OTAwMDAwMDAwMDAwfSwic2NoZW1hX3ZlcnNpb24iOiIxIn0=",
          "dependencies": [
            "module.net_p.aws_vpc.this"
          ]
        }
      ]
    },
    {
      "module": "module.ep_p",
      "mode": "managed",
      "type": "aws_vpc_endpoint",
      "name": "iface",
      "provider": "provider[\"registry.terraform.io/hashicorp/aws\"].p",
      "instances": [
        {
          "index_key": "ec2messages",
          "schema_version": 0,
          "attributes": {
            "arn": "arn:aws:ec2:ap-northeast-2:077672914621:vpc-endpoint/vpce-0a9987b8d85ede75e",
            "auto_accept": null,
            "cidr_blocks": [],
            "dns_entry": [
              {
                "dns_name": "vpce-0a9987b8d85ede75e-creprz2p.ec2messages.ap-northeast-2.vpce.amazonaws.com",
                "hosted_zone_id": "Z27UANNT0PRK1T"
              },
              {
                "dns_name": "vpce-0a9987b8d85ede75e-creprz2p-ap-northeast-2a.ec2messages.ap-northeast-2.vpce.amazonaws.com",
                "hosted_zone_id": "Z27UANNT0PRK1T"
              },
              {
                "dns_name": "vpce-0a9987b8d85ede75e-creprz2p-ap-northeast-2b.ec2messages.ap-northeast-2.vpce.amazonaws.com",
                "hosted_zone_id": "Z27UANNT0PRK1T"
              },
              {
                "dns_name": "ec2messages.ap-northeast-2.amazonaws.com",
                "hosted_zone_id": "Z031108115B862Q9H0WJD"
              }
            ],
            "dns_options": [
              {
                "dns_record_ip_type": "ipv4",
                "private_dns_only_for_inbound_resolver_endpoint": false
              }
            ],
            "id": "vpce-0a9987b8d85ede75e",
            "ip_address_type": "ipv4",
            "network_interface_ids": [
              "eni-097bf7252b684ee9a",
              "eni-0eba40503446ec47e"
            ],
            "owner_id": "077672914621",
            "policy": "{\"Statement\":[{\"Action\":\"*\",\"Effect\":\"Allow\",\"Principal\":\"*\",\"Resource\":\"*\"}]}",
            "prefix_list_id": null,
            "private_dns_enabled": true,
            "region": "ap-northeast-2",
            "requester_managed": false,
            "resource_configuration_arn": "",
            "route_table_ids": [],
            "security_group_ids": [
              "sg-044bc1b014c81768c"
            ],
            "service_name": "com.amazonaws.ap-northeast-2.ec2messages",
            "service_network_arn": "",
            "service_region": "ap-northeast-2",
            "state": "available",
            "subnet_configuration": [
              {
                "ipv4": "10.10.110.17",
                "ipv6": "",
                "subnet_id": "subnet-02cab998b26d1caf8"
              },
              {
                "ipv4": "10.10.120.11",
                "ipv6": "",
                "subnet_id": "subnet-0e55a487df4db64c0"
              }
            ],
            "subnet_ids": [
              "subnet-02cab998b26d1caf8",
              "subnet-0e55a487df4db64c0"
            ],
            "tags": {
              "Name": "vpce-ec2messages"
            },
            "tags_all": {
              "Name": "vpce-ec2messages"
            },
            "timeouts": null,
            "vpc_endpoint_type": "Interface",
            "vpc_id": "vpc-02b40b118580c1179"
          },
          "sensitive_attributes": [],
          "identity_schema_version": 0,
          "private": "eyJlMmJmYjczMC1lY2FhLTExZTYtOGY4OC0zNDM2M2JjN2M0YzAiOnsiY3JlYXRlIjo2MDAwMDAwMDAwMDAsImRlbGV0ZSI6NjAwMDAwMDAwMDAwLCJ1cGRhdGUiOjYwMDAwMDAwMDAwMH19",
          "dependencies": [
            "data.aws_availability_zones.az_p",
            "module.ep_p.aws_security_group.vpce",
            "module.net_p.aws_subnet.app",
            "module.net_p.aws_vpc.this"
          ]
        },
        {
          "index_key": "logs",
          "schema_version": 0,
          "attributes": {
            "arn": "arn:aws:ec2:ap-northeast-2:077672914621:vpc-endpoint/vpce-0e24c5ff4a2907cfa",
            "auto_accept": null,
            "cidr_blocks": [],
            "dns_entry": [
              {
                "dns_name": "vpce-0e24c5ff4a2907cfa-xi2dmxh9.logs.ap-northeast-2.vpce.amazonaws.com",
                "hosted_zone_id": "Z27UANNT0PRK1T"
              },
              {
                "dns_name": "vpce-0e24c5ff4a2907cfa-xi2dmxh9-ap-northeast-2b.logs.ap-northeast-2.vpce.amazonaws.com",
                "hosted_zone_id": "Z27UANNT0PRK1T"
              },
              {
                "dns_name": "vpce-0e24c5ff4a2907cfa-xi2dmxh9-ap-northeast-2a.logs.ap-northeast-2.vpce.amazonaws.com",
                "hosted_zone_id": "Z27UANNT0PRK1T"
              },
              {
                "dns_name": "logs.ap-northeast-2.amazonaws.com",
                "hosted_zone_id": "Z06500892V7ZEDTHI1ZIP"
              },
              {
                "dns_name": "logs.ap-northeast-2.api.aws",
                "hosted_zone_id": "Z0771529B00ELNRC924R"
              },
              {
                "dns_name": "streaming-logs.ap-northeast-2.api.aws",
                "hosted_zone_id": "Z0305908NTLI60A37HF5"
              },
              {
                "dns_name": "streaming-logs.ap-northeast-2.amazonaws.com",
                "hosted_zone_id": "Z07706282QXJR96YKATXP"
              }
            ],
            "dns_options": [
              {
                "dns_record_ip_type": "ipv4",
                "private_dns_only_for_inbound_resolver_endpoint": false
              }
            ],
            "id": "vpce-0e24c5ff4a2907cfa",
            "ip_address_type": "ipv4",
            "network_interface_ids": [
              "eni-074732a24cfdc8aa2",
              "eni-0e6bdda80f633bf46"
            ],
            "owner_id": "077672914621",
            "policy": "{\"Statement\":[{\"Action\":\"*\",\"Effect\":\"Allow\",\"Principal\":\"*\",\"Resource\":\"*\"}]}",
            "prefix_list_id": null,
            "private_dns_enabled": true,
            "region": "ap-northeast-2",
            "requester_managed": false,
            "resource_configuration_arn": "",
            "route_table_ids": [],
            "security_group_ids": [
              "sg-044bc1b014c81768c"
            ],
            "service_name": "com.amazonaws.ap-northeast-2.logs",
            "service_network_arn": "",
            "service_region": "ap-northeast-2",
            "state": "available",
            "subnet_configuration": [
              {
                "ipv4": "10.10.110.216",
                "ipv6": "",
                "subnet_id": "subnet-02cab998b26d1caf8"
              },
              {
                "ipv4": "10.10.120.60",
                "ipv6": "",
                "subnet_id": "subnet-0e55a487df4db64c0"
              }
            ],
            "subnet_ids": [
              "subnet-02cab998b26d1caf8",
              "subnet-0e55a487df4db64c0"
            ],
            "tags": {
              "Name": "vpce-logs"
            },
            "tags_all": {
              "Name": "vpce-logs"
            },
            "timeouts": null,
            "vpc_endpoint_type": "Interface",
            "vpc_id": "vpc-02b40b118580c1179"
          },
          "sensitive_attributes": [],
          "identity_schema_version": 0,
          "private": "eyJlMmJmYjczMC1lY2FhLTExZTYtOGY4OC0zNDM2M2JjN2M0YzAiOnsiY3JlYXRlIjo2MDAwMDAwMDAwMDAsImRlbGV0ZSI6NjAwMDAwMDAwMDAwLCJ1cGRhdGUiOjYwMDAwMDAwMDAwMH19",
          "dependencies": [
            "data.aws_availability_zones.az_p",
            "module.ep_p.aws_security_group.vpce",
            "module.net_p.aws_subnet.app",
            "module.net_p.aws_vpc.this"
          ]
        },
        {
          "index_key": "ssm",
          "schema_version": 0,
          "attributes": {
            "arn": "arn:aws:ec2:ap-northeast-2:077672914621:vpc-endpoint/vpce-01c7b9e2c887c9bc0",
            "auto_accept": null,
            "cidr_blocks": [],
            "dns_entry": [
              {
                "dns_name": "vpce-01c7b9e2c887c9bc0-3g7x0n6z.ssm.ap-northeast-2.vpce.amazonaws.com",
                "hosted_zone_id": "Z27UANNT0PRK1T"
              },
              {
                "dns_name": "vpce-01c7b9e2c887c9bc0-3g7x0n6z-ap-northeast-2a.ssm.ap-northeast-2.vpce.amazonaws.com",
                "hosted_zone_id": "Z27UANNT0PRK1T"
              },
              {
                "dns_name": "vpce-01c7b9e2c887c9bc0-3g7x0n6z-ap-northeast-2b.ssm.ap-northeast-2.vpce.amazonaws.com",
                "hosted_zone_id": "Z27UANNT0PRK1T"
              },
              {
                "dns_name": "ssm.ap-northeast-2.amazonaws.com",
                "hosted_zone_id": "Z030382452BZJ6W96336"
              },
              {
                "dns_name": "ssm.ap-northeast-2.api.aws",
                "hosted_zone_id": "Z0628913FWI3LD1BTJZR"
              }
            ],
            "dns_options": [
              {
                "dns_record_ip_type": "ipv4",
                "private_dns_only_for_inbound_resolver_endpoint": false
              }
            ],
            "id": "vpce-01c7b9e2c887c9bc0",
            "ip_address_type": "ipv4",
            "network_interface_ids": [
              "eni-01922109a4cbbe390",
              "eni-01dff7c1de28ce383"
            ],
            "owner_id": "077672914621",
            "policy": "{\"Statement\":[{\"Action\":\"*\",\"Effect\":\"Allow\",\"Principal\":\"*\",\"Resource\":\"*\"}]}",
            "prefix_list_id": null,
            "private_dns_enabled": true,
            "region": "ap-northeast-2",
            "requester_managed": false,
            "resource_configuration_arn": "",
            "route_table_ids": [],
            "security_group_ids": [
              "sg-044bc1b014c81768c"
            ],
            "service_name": "com.amazonaws.ap-northeast-2.ssm",
            "service_network_arn": "",
            "service_region": "ap-northeast-2",
            "state": "available",
            "subnet_configuration": [
              {
                "ipv4": "10.10.110.180",
                "ipv6": "",
                "subnet_id": "subnet-02cab998b26d1caf8"
              },
              {
                "ipv4": "10.10.120.226",
                "ipv6": "",
                "subnet_id": "subnet-0e55a487df4db64c0"
              }
            ],
            "subnet_ids": [
              "subnet-02cab998b26d1caf8",
              "subnet-0e55a487df4db64c0"
            ],
            "tags": {
              "Name": "vpce-ssm"
            },
            "tags_all": {
              "Name": "vpce-ssm"
            },
            "timeouts": null,
            "vpc_endpoint_type": "Interface",
            "vpc_id": "vpc-02b40b118580c1179"
          },
          "sensitive_attributes": [],
          "identity_schema_version": 0,
          "private": "eyJlMmJmYjczMC1lY2FhLTExZTYtOGY4OC0zNDM2M2JjN2M0YzAiOnsiY3JlYXRlIjo2MDAwMDAwMDAwMDAsImRlbGV0ZSI6NjAwMDAwMDAwMDAwLCJ1cGRhdGUiOjYwMDAwMDAwMDAwMH19",
          "dependencies": [
            "data.aws_availability_zones.az_p",
            "module.ep_p.aws_security_group.vpce",
            "module.net_p.aws_subnet.app",
            "module.net_p.aws_vpc.this"
          ]
        },
        {
          "index_key": "ssmmessages",
          "schema_version": 0,
          "attributes": {
            "arn": "arn:aws:ec2:ap-northeast-2:077672914621:vpc-endpoint/vpce-03ac88d3bbc37e5fc",
            "auto_accept": null,
            "cidr_blocks": [],
            "dns_entry": [
              {
                "dns_name": "vpce-03ac88d3bbc37e5fc-90wkepdm.ssmmessages.ap-northeast-2.vpce.amazonaws.com",
                "hosted_zone_id": "Z27UANNT0PRK1T"
              },
              {
                "dns_name": "vpce-03ac88d3bbc37e5fc-90wkepdm-ap-northeast-2a.ssmmessages.ap-northeast-2.vpce.amazonaws.com",
                "hosted_zone_id": "Z27UANNT0PRK1T"
              },
              {
                "dns_name": "vpce-03ac88d3bbc37e5fc-90wkepdm-ap-northeast-2b.ssmmessages.ap-northeast-2.vpce.amazonaws.com",
                "hosted_zone_id": "Z27UANNT0PRK1T"
              },
              {
                "dns_name": "ssmmessages.ap-northeast-2.amazonaws.com",
                "hosted_zone_id": "Z07713573OZAKYN09TGGK"
              }
            ],
            "dns_options": [
              {
                "dns_record_ip_type": "ipv4",
                "private_dns_only_for_inbound_resolver_endpoint": false
              }
            ],
            "id": "vpce-03ac88d3bbc37e5fc",
            "ip_address_type": "ipv4",
            "network_interface_ids": [
              "eni-0092f0a94b99701b2",
              "eni-0e72f51340eea0616"
            ],
            "owner_id": "077672914621",
            "policy": "{\"Statement\":[{\"Action\":\"*\",\"Effect\":\"Allow\",\"Principal\":\"*\",\"Resource\":\"*\"}]}",
            "prefix_list_id": null,
            "private_dns_enabled": true,
            "region": "ap-northeast-2",
            "requester_managed": false,
            "resource_configuration_arn": "",
            "route_table_ids": [],
            "security_group_ids": [
              "sg-044bc1b014c81768c"
            ],
            "service_name": "com.amazonaws.ap-northeast-2.ssmmessages",
            "service_network_arn": "",
            "service_region": "ap-northeast-2",
            "state": "available",
            "subnet_configuration": [
              {
                "ipv4": "10.10.110.68",
                "ipv6": "",
                "subnet_id": "subnet-02cab998b26d1caf8"
              },
              {
                "ipv4": "10.10.120.190",
                "ipv6": "",
                "subnet_id": "subnet-0e55a487df4db64c0"
              }
            ],
            "subnet_ids": [
              "subnet-02cab998b26d1caf8",
              "subnet-0e55a487df4db64c0"
            ],
            "tags": {
              "Name": "vpce-ssmmessages"
            },
            "tags_all": {
              "Name": "vpce-ssmmessages"
            },
            "timeouts": null,
            "vpc_endpoint_type": "Interface",
            "vpc_id": "vpc-02b40b118580c1179"
          },
          "sensitive_attributes": [],
          "identity_schema_version": 0,
          "private": "eyJlMmJmYjczMC1lY2FhLTExZTYtOGY4OC0zNDM2M2JjN2M0YzAiOnsiY3JlYXRlIjo2MDAwMDAwMDAwMDAsImRlbGV0ZSI6NjAwMDAwMDAwMDAwLCJ1cGRhdGUiOjYwMDAwMDAwMDAwMH19",
          "dependencies": [
            "data.aws_availability_zones.az_p",
            "module.ep_p.aws_security_group.vpce",
            "module.net_p.aws_subnet.app",
            "module.net_p.aws_vpc.this"
          ]
        }
      ]
    },
    {
      "module": "module.ep_p",
      "mode": "managed",
      "type": "aws_vpc_endpoint",
      "name": "s3",
      "provider": "provider[\"registry.terraform.io/hashicorp/aws\"].p",
      "instances": [
        {
          "schema_version": 0,
          "attributes": {
            "arn": "arn:aws:ec2:ap-northeast-2:077672914621:vpc-endpoint/vpce-0514dcadee3f39f70",
            "auto_accept": null,
            "cidr_blocks": [
              "52.219.202.0/23",
              "52.219.144.0/22",
              "52.219.204.0/22",
              "3.5.144.0/23",
              "3.5.140.0/22",
              "52.219.148.0/23",
              "52.219.60.0/23",
              "3.5.184.0/21",
              "52.219.56.0/22"
            ],
            "dns_entry": [],
            "dns_options": [],
            "id": "vpce-0514dcadee3f39f70",
            "ip_address_type": "",
            "network_interface_ids": [],
            "owner_id": "077672914621",
            "policy": "{\"Statement\":[{\"Action\":\"*\",\"Effect\":\"Allow\",\"Principal\":\"*\",\"Resource\":\"*\"}],\"Version\":\"2008-10-17\"}",
            "prefix_list_id": "pl-78a54011",
            "private_dns_enabled": false,
            "region": "ap-northeast-2",
            "requester_managed": false,
            "resource_configuration_arn": "",
            "route_table_ids": [
              "rtb-0446331cd93e00116"
            ],
            "security_group_ids": [],
            "service_name": "com.amazonaws.ap-northeast-2.s3",
            "service_network_arn": "",
            "service_region": "ap-northeast-2",
            "state": "available",
            "subnet_configuration": [],
            "subnet_ids": [],
            "tags": {
              "Name": "vpce-s3"
            },
            "tags_all": {
              "Name": "vpce-s3"
            },
            "timeouts": null,
            "vpc_endpoint_type": "Gateway",
            "vpc_id": "vpc-02b40b118580c1179"
          },
          "sensitive_attributes": [],
          "identity_schema_version": 0,
          "private": "eyJlMmJmYjczMC1lY2FhLTExZTYtOGY4OC0zNDM2M2JjN2M0YzAiOnsiY3JlYXRlIjo2MDAwMDAwMDAwMDAsImRlbGV0ZSI6NjAwMDAwMDAwMDAwLCJ1cGRhdGUiOjYwMDAwMDAwMDAwMH19",
          "dependencies": [
            "module.net_p.aws_route_table.app",
            "module.net_p.aws_vpc.this"
          ]
        }
      ]
    },
    {
      "module": "module.ga",
      "mode": "managed",
      "type": "aws_globalaccelerator_accelerator",
      "name": "this",
      "provider": "provider[\"registry.terraform.io/hashicorp/aws\"]",
      "instances": [
        {
          "schema_version": 0,
          "attributes": {
            "arn": "arn:aws:globalaccelerator::077672914621:accelerator/f46a7a9e-0822-4b25-8eca-b671d82ad90b",
            "attributes": [
              {
                "flow_logs_enabled": false,
                "flow_logs_s3_bucket": "",
                "flow_logs_s3_prefix": ""
              }
            ],
            "dns_name": "ad0fca125fd74a494.awsglobalaccelerator.com",
            "dual_stack_dns_name": "",
            "enabled": true,
            "hosted_zone_id": "Z2BJ6XQ5FK7U4H",
            "id": "arn:aws:globalaccelerator::077672914621:accelerator/f46a7a9e-0822-4b25-8eca-b671d82ad90b",
            "ip_address_type": "IPV4",
            "ip_addresses": null,
            "ip_sets": [
              {
                "ip_addresses": [
                  "13.248.158.143",
                  "166.117.149.143"
                ],
                "ip_family": "IPv4"
              }
            ],
            "name": "medical-dr-ga",
            "tags": {},
            "tags_all": {},
            "timeouts": null
          },
          "sensitive_attributes": [],
          "identity_schema_version": 0,
          "identity": {
            "arn": "arn:aws:globalaccelerator::077672914621:accelerator/f46a7a9e-0822-4b25-8eca-b671d82ad90b"
          },
          "private": "eyJlMmJmYjczMC1lY2FhLTExZTYtOGY4OC0zNDM2M2JjN2M0YzAiOnsiY3JlYXRlIjoxODAwMDAwMDAwMDAwLCJ1cGRhdGUiOjE4MDAwMDAwMDAwMDB9fQ=="
        }
      ]
    },
    {
      "module": "module.ga",
      "mode": "managed",
      "type": "aws_globalaccelerator_endpoint_group",
      "name": "dr",
      "provider": "provider[\"registry.terraform.io/hashicorp/aws\"]",
      "instances": [
        {
          "schema_version": 0,
          "attributes": {
            "arn": "arn:aws:globalaccelerator::077672914621:accelerator/f46a7a9e-0822-4b25-8eca-b671d82ad90b/listener/21147acb/endpoint-group/94751870d011",
            "endpoint_configuration": [
              {
                "attachment_arn": "",
                "client_ip_preservation_enabled": false,
                "endpoint_id": "arn:aws:elasticloadbalancing:ap-northeast-3:077672914621:loadbalancer/app/alb-d/c8d56ff4ab1f483e",
                "weight": 100
              }
            ],
            "endpoint_group_region": "ap-northeast-3",
            "health_check_interval_seconds": 30,
            "health_check_path": "/healthz",
            "health_check_port": 443,
            "health_check_protocol": "HTTPS",
            "id": "arn:aws:globalaccelerator::077672914621:accelerator/f46a7a9e-0822-4b25-8eca-b671d82ad90b/listener/21147acb/endpoint-group/94751870d011",
            "listener_arn": "arn:aws:globalaccelerator::077672914621:accelerator/f46a7a9e-0822-4b25-8eca-b671d82ad90b/listener/21147acb",
            "port_override": [],
            "threshold_count": 3,
            "timeouts": null,
            "traffic_dial_percentage": 0
          },
          "sensitive_attributes": [],
          "identity_schema_version": 0,
          "identity": {
            "arn": "arn:aws:globalaccelerator::077672914621:accelerator/f46a7a9e-0822-4b25-8eca-b671d82ad90b/listener/21147acb/endpoint-group/94751870d011"
          },
          "private": "eyJlMmJmYjczMC1lY2FhLTExZTYtOGY4OC0zNDM2M2JjN2M0YzAiOnsiY3JlYXRlIjoxODAwMDAwMDAwMDAwLCJkZWxldGUiOjE4MDAwMDAwMDAwMDAsInVwZGF0ZSI6MTgwMDAwMDAwMDAwMH19",
          "dependencies": [
            "data.aws_availability_zones.az_d",
            "module.alb_d.aws_lb.this",
            "module.ga.aws_globalaccelerator_accelerator.this",
            "module.ga.aws_globalaccelerator_listener.http",
            "module.net_d.aws_subnet.public",
            "module.net_d.aws_vpc.this",
            "module.sec_d.aws_security_group.alb"
          ]
        }
      ]
    },
    {
      "module": "module.ga",
      "mode": "managed",
      "type": "aws_globalaccelerator_endpoint_group",
      "name": "primary",
      "provider": "provider[\"registry.terraform.io/hashicorp/aws\"]",
      "instances": [
        {
          "schema_version": 0,
          "attributes": {
            "arn": "arn:aws:globalaccelerator::077672914621:accelerator/f46a7a9e-0822-4b25-8eca-b671d82ad90b/listener/21147acb/endpoint-group/b62cf440d00e",
            "endpoint_configuration": [
              {
                "attachment_arn": "",
                "client_ip_preservation_enabled": false,
                "endpoint_id": "arn:aws:elasticloadbalancing:ap-northeast-2:077672914621:loadbalancer/app/alb-p/14802d699279b765",
                "weight": 100
              }
            ],
            "endpoint_group_region": "ap-northeast-2",
            "health_check_interval_seconds": 30,
            "health_check_path": "/healthz",
            "health_check_port": 443,
            "health_check_protocol": "HTTPS",
            "id": "arn:aws:globalaccelerator::077672914621:accelerator/f46a7a9e-0822-4b25-8eca-b671d82ad90b/listener/21147acb/endpoint-group/b62cf440d00e",
            "listener_arn": "arn:aws:globalaccelerator::077672914621:accelerator/f46a7a9e-0822-4b25-8eca-b671d82ad90b/listener/21147acb",
            "port_override": [],
            "threshold_count": 3,
            "timeouts": null,
            "traffic_dial_percentage": 100
          },
          "sensitive_attributes": [],
          "identity_schema_version": 0,
          "identity": {
            "arn": "arn:aws:globalaccelerator::077672914621:accelerator/f46a7a9e-0822-4b25-8eca-b671d82ad90b/listener/21147acb/endpoint-group/b62cf440d00e"
          },
          "private": "eyJlMmJmYjczMC1lY2FhLTExZTYtOGY4OC0zNDM2M2JjN2M0YzAiOnsiY3JlYXRlIjoxODAwMDAwMDAwMDAwLCJkZWxldGUiOjE4MDAwMDAwMDAwMDAsInVwZGF0ZSI6MTgwMDAwMDAwMDAwMH19",
          "dependencies": [
            "data.aws_availability_zones.az_p",
            "module.alb_p.aws_lb.this",
            "module.ga.aws_globalaccelerator_accelerator.this",
            "module.ga.aws_globalaccelerator_listener.http",
            "module.net_p.aws_subnet.public",
            "module.net_p.aws_vpc.this",
            "module.sec_p.aws_security_group.alb"
          ]
        }
      ]
    },
    {
      "module": "module.ga",
      "mode": "managed",
      "type": "aws_globalaccelerator_listener",
      "name": "http",
      "provider": "provider[\"registry.terraform.io/hashicorp/aws\"]",
      "instances": [
        {
          "schema_version": 0,
          "attributes": {
            "accelerator_arn": "arn:aws:globalaccelerator::077672914621:accelerator/f46a7a9e-0822-4b25-8eca-b671d82ad90b",
            "arn": "arn:aws:globalaccelerator::077672914621:accelerator/f46a7a9e-0822-4b25-8eca-b671d82ad90b/listener/21147acb",
            "client_affinity": "NONE",
            "id": "arn:aws:globalaccelerator::077672914621:accelerator/f46a7a9e-0822-4b25-8eca-b671d82ad90b/listener/21147acb",
            "port_range": [
              {
                "from_port": 443,
                "to_port": 443
              }
            ],
            "protocol": "TCP",
            "timeouts": null
          },
          "sensitive_attributes": [],
          "identity_schema_version": 0,
          "identity": {
            "arn": "arn:aws:globalaccelerator::077672914621:accelerator/f46a7a9e-0822-4b25-8eca-b671d82ad90b/listener/21147acb"
          },
          "private": "eyJlMmJmYjczMC1lY2FhLTExZTYtOGY4OC0zNDM2M2JjN2M0YzAiOnsiY3JlYXRlIjoxODAwMDAwMDAwMDAwLCJkZWxldGUiOjE4MDAwMDAwMDAwMDAsInVwZGF0ZSI6MTgwMDAwMDAwMDAwMH19",
          "dependencies": [
            "module.ga.aws_globalaccelerator_accelerator.this"
          ]
        }
      ]
    },
    {
      "module": "module.iam_p",
      "mode": "data",
      "type": "aws_iam_policy_document",
      "name": "ec2_trust",
      "provider": "provider[\"registry.terraform.io/hashicorp/aws\"].p",
      "instances": [
        {
          "schema_version": 0,
          "attributes": {
            "id": "2851119427",
            "json": "{\n  \"Version\": \"2012-10-17\",\n  \"Statement\": [\n    {\n      \"Effect\": \"Allow\",\n      \"Action\": \"sts:AssumeRole\",\n      \"Principal\": {\n        \"Service\": \"ec2.amazonaws.com\"\n      }\n    }\n  ]\n}",
            "minified_json": "{\"Version\":\"2012-10-17\",\"Statement\":[{\"Effect\":\"Allow\",\"Action\":\"sts:AssumeRole\",\"Principal\":{\"Service\":\"ec2.amazonaws.com\"}}]}",
            "override_json": null,
            "override_policy_documents": null,
            "policy_id": null,
            "source_json": null,
            "source_policy_documents": null,
            "statement": [
              {
                "actions": [
                  "sts:AssumeRole"
                ],
                "condition": [],
                "effect": "Allow",
                "not_actions": [],
                "not_principals": [],
                "not_resources": [],
                "principals": [
                  {
                    "identifiers": [
                      "ec2.amazonaws.com"
                    ],
                    "type": "Service"
                  }
                ],
                "resources": [],
                "sid": ""
              }
            ],
            "version": "2012-10-17"
          },
          "sensitive_attributes": [],
          "identity_schema_version": 0
        }
      ]
    },
    {
      "module": "module.iam_p",
      "mode": "data",
      "type": "aws_iam_policy_document",
      "name": "elb_register",
      "provider": "provider[\"registry.terraform.io/hashicorp/aws\"].p",
      "instances": [
        {
          "schema_version": 0,
          "attributes": {
            "id": "2747666502",
            "json": "{\n  \"Version\": \"2012-10-17\",\n  \"Statement\": [\n    {\n      \"Effect\": \"Allow\",\n      \"Action\": [\n        \"elasticloadbalancing:RegisterTargets\",\n        \"elasticloadbalancing:DescribeTargetHealth\",\n        \"elasticloadbalancing:DeregisterTargets\"\n      ],\n      \"Resource\": \"*\"\n    }\n  ]\n}",
            "minified_json": "{\"Version\":\"2012-10-17\",\"Statement\":[{\"Effect\":\"Allow\",\"Action\":[\"elasticloadbalancing:RegisterTargets\",\"elasticloadbalancing:DescribeTargetHealth\",\"elasticloadbalancing:DeregisterTargets\"],\"Resource\":\"*\"}]}",
            "override_json": null,
            "override_policy_documents": null,
            "policy_id": null,
            "source_json": null,
            "source_policy_documents": null,
            "statement": [
              {
                "actions": [
                  "elasticloadbalancing:DeregisterTargets",
                  "elasticloadbalancing:DescribeTargetHealth",
                  "elasticloadbalancing:RegisterTargets"
                ],
                "condition": [],
                "effect": "Allow",
                "not_actions": [],
                "not_principals": [],
                "not_resources": [],
                "principals": [],
                "resources": [
                  "*"
                ],
                "sid": ""
              }
            ],
            "version": "2012-10-17"
          },
          "sensitive_attributes": [],
          "identity_schema_version": 0
        }
      ]
    },
    {
      "module": "module.iam_p",
      "mode": "data",
      "type": "aws_iam_policy_document",
      "name": "s3_read",
      "provider": "provider[\"registry.terraform.io/hashicorp/aws\"].p",
      "instances": [
        {
          "schema_version": 0,
          "attributes": {
            "id": "1601074366",
            "json": "{\n  \"Version\": \"2012-10-17\",\n  \"Statement\": [\n    {\n      \"Effect\": \"Allow\",\n      \"Action\": [\n        \"s3:ListBucket\",\n        \"s3:GetObject\"\n      ],\n      \"Resource\": [\n        \"arn:aws:s3:::go-artifacts-seoul/app/*\",\n        \"arn:aws:s3:::go-artifacts-seoul\"\n      ]\n    }\n  ]\n}",
            "minified_json": "{\"Version\":\"2012-10-17\",\"Statement\":[{\"Effect\":\"Allow\",\"Action\":[\"s3:ListBucket\",\"s3:GetObject\"],\"Resource\":[\"arn:aws:s3:::go-artifacts-seoul/app/*\",\"arn:aws:s3:::go-artifacts-seoul\"]}]}",
            "override_json": null,
            "override_policy_documents": null,
            "policy_id": null,
            "source_json": null,
            "source_policy_documents": null,
            "statement": [
              {
                "actions": [
                  "s3:GetObject",
                  "s3:ListBucket"
                ],
                "condition": [],
                "effect": "Allow",
                "not_actions": [],
                "not_principals": [],
                "not_resources": [],
                "principals": [],
                "resources": [
                  "arn:aws:s3:::go-artifacts-seoul",
                  "arn:aws:s3:::go-artifacts-seoul/app/*"
                ],
                "sid": ""
              }
            ],
            "version": "2012-10-17"
          },
          "sensitive_attributes": [],
          "identity_schema_version": 0
        }
      ]
    },
    {
      "module": "module.iam_p",
      "mode": "managed",
      "type": "aws_iam_instance_profile",
      "name": "profile",
      "provider": "provider[\"registry.terraform.io/hashicorp/aws\"].p",
      "instances": [
        {
          "schema_version": 0,
          "attributes": {
            "arn": "arn:aws:iam::077672914621:instance-profile/medical-dr-ec2-profile",
            "create_date": "2025-08-22T01:34:53Z",
            "id": "medical-dr-ec2-profile",
            "name": "medical-dr-ec2-profile",
            "name_prefix": "",
            "path": "/",
            "role": "medical-dr-ec2-role",
            "tags": {},
            "tags_all": {},
            "unique_id": "AIPAREFNKT26R3WNRN4AU"
          },
          "sensitive_attributes": [],
          "identity_schema_version": 0,
          "private": "bnVsbA==",
          "dependencies": [
            "module.iam_p.aws_iam_role.ec2",
            "module.iam_p.data.aws_iam_policy_document.ec2_trust"
          ]
        }
      ]
    },
    {
      "module": "module.iam_p",
      "mode": "managed",
      "type": "aws_iam_policy",
      "name": "elb_register",
      "provider": "provider[\"registry.terraform.io/hashicorp/aws\"].p",
      "instances": [
        {
          "schema_version": 0,
          "attributes": {
            "arn": "arn:aws:iam::077672914621:policy/medical-dr-elb-register",
            "attachment_count": 1,
            "description": "",
            "id": "arn:aws:iam::077672914621:policy/medical-dr-elb-register",
            "name": "medical-dr-elb-register",
            "name_prefix": "",
            "path": "/",
            "policy": "{\"Statement\":[{\"Action\":[\"elasticloadbalancing:RegisterTargets\",\"elasticloadbalancing:DescribeTargetHealth\",\"elasticloadbalancing:DeregisterTargets\"],\"Effect\":\"Allow\",\"Resource\":\"*\"}],\"Version\":\"2012-10-17\"}",
            "policy_id": "ANPAREFNKT26RR4A3HG27",
            "tags": {},
            "tags_all": {}
          },
          "sensitive_attributes": [],
          "identity_schema_version": 0,
          "identity": {
            "arn": "arn:aws:iam::077672914621:policy/medical-dr-elb-register"
          },
          "private": "bnVsbA==",
          "dependencies": [
            "module.iam_p.data.aws_iam_policy_document.elb_register"
          ]
        }
      ]
    },
    {
      "module": "module.iam_p",
      "mode": "managed",
      "type": "aws_iam_policy",
      "name": "s3_read",
      "provider": "provider[\"registry.terraform.io/hashicorp/aws\"].p",
      "instances": [
        {
          "schema_version": 0,
          "attributes": {
            "arn": "arn:aws:iam::077672914621:policy/medical-dr-s3-read",
            "attachment_count": 1,
            "description": "",
            "id": "arn:aws:iam::077672914621:policy/medical-dr-s3-read",
            "name": "medical-dr-s3-read",
            "name_prefix": "",
            "path": "/",
            "policy": "{\"Statement\":[{\"Action\":[\"s3:ListBucket\",\"s3:GetObject\"],\"Effect\":\"Allow\",\"Resource\":[\"arn:aws:s3:::go-artifacts-seoul/app/*\",\"arn:aws:s3:::go-artifacts-seoul\"]}],\"Version\":\"2012-10-17\"}",
            "policy_id": "ANPAREFNKT26TFYNEJQCU",
            "tags": {},
            "tags_all": {}
          },
          "sensitive_attributes": [],
          "identity_schema_version": 0,
          "identity": {
            "arn": "arn:aws:iam::077672914621:policy/medical-dr-s3-read"
          },
          "private": "bnVsbA==",
          "dependencies": [
            "module.iam_p.data.aws_iam_policy_document.s3_read"
          ]
        }
      ]
    },
    {
      "module": "module.iam_p",
      "mode": "managed",
      "type": "aws_iam_role",
      "name": "ec2",
      "provider": "provider[\"registry.terraform.io/hashicorp/aws\"].p",
      "instances": [
        {
          "schema_version": 0,
          "attributes": {
            "arn": "arn:aws:iam::077672914621:role/medical-dr-ec2-role",
            "assume_role_policy": "{\"Statement\":[{\"Action\":\"sts:AssumeRole\",\"Effect\":\"Allow\",\"Principal\":{\"Service\":\"ec2.amazonaws.com\"}}],\"Version\":\"2012-10-17\"}",
            "create_date": "2025-08-22T01:34:52Z",
            "description": "",
            "force_detach_policies": false,
            "id": "medical-dr-ec2-role",
            "inline_policy": [],
            "managed_policy_arns": [
              "arn:aws:iam::077672914621:policy/medical-dr-elb-register",
              "arn:aws:iam::077672914621:policy/medical-dr-s3-read",
              "arn:aws:iam::aws:policy/AmazonSSMManagedInstanceCore",
              "arn:aws:iam::aws:policy/CloudWatchAgentServerPolicy"
            ],
            "max_session_duration": 3600,
            "name": "medical-dr-ec2-role",
            "name_prefix": "",
            "path": "/",
            "permissions_boundary": "",
            "tags": {},
            "tags_all": {},
            "unique_id": "AROAREFNKT26XHCMQAW6C"
          },
          "sensitive_attributes": [],
          "identity_schema_version": 0,
          "identity": {
            "account_id": "077672914621",
            "name": "medical-dr-ec2-role"
          },
          "private": "bnVsbA==",
          "dependencies": [
            "module.iam_p.data.aws_iam_policy_document.ec2_trust"
          ]
        }
      ]
    },
    {
      "module": "module.iam_p",
      "mode": "managed",
      "type": "aws_iam_role_policy_attachment",
      "name": "attach_elb_register",
      "provider": "provider[\"registry.terraform.io/hashicorp/aws\"].p",
      "instances": [
        {
          "schema_version": 0,
          "attributes": {
            "id": "medical-dr-ec2-role/arn:aws:iam::077672914621:policy/medical-dr-elb-register",
            "policy_arn": "arn:aws:iam::077672914621:policy/medical-dr-elb-register",
            "role": "medical-dr-ec2-role"
          },
          "sensitive_attributes": [],
          "identity_schema_version": 0,
          "identity": {
            "account_id": "077672914621",
            "policy_arn": "arn:aws:iam::077672914621:policy/medical-dr-elb-register",
            "role": "medical-dr-ec2-role"
          },
          "private": "bnVsbA==",
          "dependencies": [
            "module.iam_p.aws_iam_policy.elb_register",
            "module.iam_p.aws_iam_role.ec2",
            "module.iam_p.data.aws_iam_policy_document.ec2_trust",
            "module.iam_p.data.aws_iam_policy_document.elb_register"
          ]
        }
      ]
    },
    {
      "module": "module.iam_p",
      "mode": "managed",
      "type": "aws_iam_role_policy_attachment",
      "name": "attach_s3_read",
      "provider": "provider[\"registry.terraform.io/hashicorp/aws\"].p",
      "instances": [
        {
          "schema_version": 0,
          "attributes": {
            "id": "medical-dr-ec2-role/arn:aws:iam::077672914621:policy/medical-dr-s3-read",
            "policy_arn": "arn:aws:iam::077672914621:policy/medical-dr-s3-read",
            "role": "medical-dr-ec2-role"
          },
          "sensitive_attributes": [],
          "identity_schema_version": 0,
          "identity": {
            "account_id": "077672914621",
            "policy_arn": "arn:aws:iam::077672914621:policy/medical-dr-s3-read",
            "role": "medical-dr-ec2-role"
          },
          "private": "bnVsbA==",
          "dependencies": [
            "module.iam_p.aws_iam_policy.s3_read",
            "module.iam_p.aws_iam_role.ec2",
            "module.iam_p.data.aws_iam_policy_document.ec2_trust",
            "module.iam_p.data.aws_iam_policy_document.s3_read"
          ]
        }
      ]
    },
    {
      "module": "module.iam_p",
      "mode": "managed",
      "type": "aws_iam_role_policy_attachment",
      "name": "cw_agent",
      "provider": "provider[\"registry.terraform.io/hashicorp/aws\"].p",
      "instances": [
        {
          "schema_version": 0,
          "attributes": {
            "id": "medical-dr-ec2-role/arn:aws:iam::aws:policy/CloudWatchAgentServerPolicy",
            "policy_arn": "arn:aws:iam::aws:policy/CloudWatchAgentServerPolicy",
            "role": "medical-dr-ec2-role"
          },
          "sensitive_attributes": [],
          "identity_schema_version": 0,
          "identity": {
            "account_id": "077672914621",
            "policy_arn": "arn:aws:iam::aws:policy/CloudWatchAgentServerPolicy",
            "role": "medical-dr-ec2-role"
          },
          "private": "bnVsbA==",
          "dependencies": [
            "module.iam_p.aws_iam_role.ec2",
            "module.iam_p.data.aws_iam_policy_document.ec2_trust"
          ]
        }
      ]
    },
    {
      "module": "module.iam_p",
      "mode": "managed",
      "type": "aws_iam_role_policy_attachment",
      "name": "ssm_core",
      "provider": "provider[\"registry.terraform.io/hashicorp/aws\"].p",
      "instances": [
        {
          "schema_version": 0,
          "attributes": {
            "id": "medical-dr-ec2-role/arn:aws:iam::aws:policy/AmazonSSMManagedInstanceCore",
            "policy_arn": "arn:aws:iam::aws:policy/AmazonSSMManagedInstanceCore",
            "role": "medical-dr-ec2-role"
          },
          "sensitive_attributes": [],
          "identity_schema_version": 0,
          "identity": {
            "account_id": "077672914621",
            "policy_arn": "arn:aws:iam::aws:policy/AmazonSSMManagedInstanceCore",
            "role": "medical-dr-ec2-role"
          },
          "private": "bnVsbA==",
          "dependencies": [
            "module.iam_p.aws_iam_role.ec2",
            "module.iam_p.data.aws_iam_policy_document.ec2_trust"
          ]
        }
      ]
    },
    {
      "module": "module.net_d",
      "mode": "managed",
      "type": "aws_internet_gateway",
      "name": "igw",
      "provider": "provider[\"registry.terraform.io/hashicorp/aws\"].d",
      "instances": [
        {
          "schema_version": 0,
          "attributes": {
            "arn": "arn:aws:ec2:ap-northeast-3:077672914621:internet-gateway/igw-0a3453d3b8458eb1b",
            "id": "igw-0a3453d3b8458eb1b",
            "owner_id": "077672914621",
            "region": "ap-northeast-3",
            "tags": {
              "Name": "medical-dr-igw"
            },
            "tags_all": {
              "Name": "medical-dr-igw"
            },
            "timeouts": null,
            "vpc_id": "vpc-0a7a4d5785c1e509a"
          },
          "sensitive_attributes": [],
          "identity_schema_version": 0,
          "private": "eyJlMmJmYjczMC1lY2FhLTExZTYtOGY4OC0zNDM2M2JjN2M0YzAiOnsiY3JlYXRlIjoxMjAwMDAwMDAwMDAwLCJkZWxldGUiOjEyMDAwMDAwMDAwMDAsInVwZGF0ZSI6MTIwMDAwMDAwMDAwMH19",
          "dependencies": [
            "module.net_d.aws_vpc.this"
          ]
        }
      ]
    },
    {
      "module": "module.net_d",
      "mode": "managed",
      "type": "aws_route_table",
      "name": "app",
      "provider": "provider[\"registry.terraform.io/hashicorp/aws\"].d",
      "instances": [
        {
          "schema_version": 0,
          "attributes": {
            "arn": "arn:aws:ec2:ap-northeast-3:077672914621:route-table/rtb-0a988e788dadc67e5",
            "id": "rtb-0a988e788dadc67e5",
            "owner_id": "077672914621",
            "propagating_vgws": [],
            "region": "ap-northeast-3",
            "route": [],
            "tags": {
              "Name": "medical-dr-rt-app"
            },
            "tags_all": {
              "Name": "medical-dr-rt-app"
            },
            "timeouts": null,
            "vpc_id": "vpc-0a7a4d5785c1e509a"
          },
          "sensitive_attributes": [],
          "identity_schema_version": 0,
          "private": "eyJlMmJmYjczMC1lY2FhLTExZTYtOGY4OC0zNDM2M2JjN2M0YzAiOnsiY3JlYXRlIjozMDAwMDAwMDAwMDAsImRlbGV0ZSI6MzAwMDAwMDAwMDAwLCJ1cGRhdGUiOjEyMDAwMDAwMDAwMH19",
          "dependencies": [
            "module.net_d.aws_vpc.this"
          ]
        }
      ]
    },
    {
      "module": "module.net_d",
      "mode": "managed",
      "type": "aws_route_table",
      "name": "public",
      "provider": "provider[\"registry.terraform.io/hashicorp/aws\"].d",
      "instances": [
        {
          "schema_version": 0,
          "attributes": {
            "arn": "arn:aws:ec2:ap-northeast-3:077672914621:route-table/rtb-0affde4741c481007",
            "id": "rtb-0affde4741c481007",
            "owner_id": "077672914621",
            "propagating_vgws": [],
            "region": "ap-northeast-3",
            "route": [
              {
                "carrier_gateway_id": "",
                "cidr_block": "0.0.0.0/0",
                "core_network_arn": "",
                "destination_prefix_list_id": "",
                "egress_only_gateway_id": "",
                "gateway_id": "igw-0a3453d3b8458eb1b",
                "ipv6_cidr_block": "",
                "local_gateway_id": "",
                "nat_gateway_id": "",
                "network_interface_id": "",
                "transit_gateway_id": "",
                "vpc_endpoint_id": "",
                "vpc_peering_connection_id": ""
              }
            ],
            "tags": {
              "Name": "medical-dr-rt-public"
            },
            "tags_all": {
              "Name": "medical-dr-rt-public"
            },
            "timeouts": null,
            "vpc_id": "vpc-0a7a4d5785c1e509a"
          },
          "sensitive_attributes": [],
          "identity_schema_version": 0,
          "private": "eyJlMmJmYjczMC1lY2FhLTExZTYtOGY4OC0zNDM2M2JjN2M0YzAiOnsiY3JlYXRlIjozMDAwMDAwMDAwMDAsImRlbGV0ZSI6MzAwMDAwMDAwMDAwLCJ1cGRhdGUiOjEyMDAwMDAwMDAwMH19",
          "dependencies": [
            "module.net_d.aws_internet_gateway.igw",
            "module.net_d.aws_vpc.this"
          ]
        }
      ]
    },
    {
      "module": "module.net_d",
      "mode": "managed",
      "type": "aws_route_table_association",
      "name": "app_assoc",
      "provider": "provider[\"registry.terraform.io/hashicorp/aws\"].d",
      "instances": [
        {
          "index_key": "0",
          "schema_version": 0,
          "attributes": {
            "gateway_id": "",
            "id": "rtbassoc-03e117f0612f2901c",
            "region": "ap-northeast-3",
            "route_table_id": "rtb-0a988e788dadc67e5",
            "subnet_id": "subnet-09edea5bbb824d6f4",
            "timeouts": null
          },
          "sensitive_attributes": [],
          "identity_schema_version": 0,
          "private": "eyJlMmJmYjczMC1lY2FhLTExZTYtOGY4OC0zNDM2M2JjN2M0YzAiOnsiY3JlYXRlIjozMDAwMDAwMDAwMDAsImRlbGV0ZSI6MzAwMDAwMDAwMDAwLCJ1cGRhdGUiOjEyMDAwMDAwMDAwMH19",
          "dependencies": [
            "data.aws_availability_zones.az_d",
            "module.net_d.aws_route_table.app",
            "module.net_d.aws_subnet.app",
            "module.net_d.aws_vpc.this"
          ]
        },
        {
          "index_key": "1",
          "schema_version": 0,
          "attributes": {
            "gateway_id": "",
            "id": "rtbassoc-0be138b1bc9780d1e",
            "region": "ap-northeast-3",
            "route_table_id": "rtb-0a988e788dadc67e5",
            "subnet_id": "subnet-0be3e47f0ac32d7a3",
            "timeouts": null
          },
          "sensitive_attributes": [],
          "identity_schema_version": 0,
          "private": "eyJlMmJmYjczMC1lY2FhLTExZTYtOGY4OC0zNDM2M2JjN2M0YzAiOnsiY3JlYXRlIjozMDAwMDAwMDAwMDAsImRlbGV0ZSI6MzAwMDAwMDAwMDAwLCJ1cGRhdGUiOjEyMDAwMDAwMDAwMH19",
          "dependencies": [
            "data.aws_availability_zones.az_d",
            "module.net_d.aws_route_table.app",
            "module.net_d.aws_subnet.app",
            "module.net_d.aws_vpc.this"
          ]
        }
      ]
    },
    {
      "module": "module.net_d",
      "mode": "managed",
      "type": "aws_route_table_association",
      "name": "pub_assoc",
      "provider": "provider[\"registry.terraform.io/hashicorp/aws\"].d",
      "instances": [
        {
          "index_key": "0",
          "schema_version": 0,
          "attributes": {
            "gateway_id": "",
            "id": "rtbassoc-092ea6cd8727b47bb",
            "region": "ap-northeast-3",
            "route_table_id": "rtb-0affde4741c481007",
            "subnet_id": "subnet-06c4c8ed4f000d989",
            "timeouts": null
          },
          "sensitive_attributes": [],
          "identity_schema_version": 0,
          "private": "eyJlMmJmYjczMC1lY2FhLTExZTYtOGY4OC0zNDM2M2JjN2M0YzAiOnsiY3JlYXRlIjozMDAwMDAwMDAwMDAsImRlbGV0ZSI6MzAwMDAwMDAwMDAwLCJ1cGRhdGUiOjEyMDAwMDAwMDAwMH19",
          "dependencies": [
            "data.aws_availability_zones.az_d",
            "module.net_d.aws_internet_gateway.igw",
            "module.net_d.aws_route_table.public",
            "module.net_d.aws_subnet.public",
            "module.net_d.aws_vpc.this"
          ]
        },
        {
          "index_key": "1",
          "schema_version": 0,
          "attributes": {
            "gateway_id": "",
            "id": "rtbassoc-000cacb14565d9325",
            "region": "ap-northeast-3",
            "route_table_id": "rtb-0affde4741c481007",
            "subnet_id": "subnet-0e7a7caed3d0c3b9e",
            "timeouts": null
          },
          "sensitive_attributes": [],
          "identity_schema_version": 0,
          "private": "eyJlMmJmYjczMC1lY2FhLTExZTYtOGY4OC0zNDM2M2JjN2M0YzAiOnsiY3JlYXRlIjozMDAwMDAwMDAwMDAsImRlbGV0ZSI6MzAwMDAwMDAwMDAwLCJ1cGRhdGUiOjEyMDAwMDAwMDAwMH19",
          "dependencies": [
            "data.aws_availability_zones.az_d",
            "module.net_d.aws_internet_gateway.igw",
            "module.net_d.aws_route_table.public",
            "module.net_d.aws_subnet.public",
            "module.net_d.aws_vpc.this"
          ]
        }
      ]
    },
    {
      "module": "module.net_d",
      "mode": "managed",
      "type": "aws_subnet",
      "name": "app",
      "provider": "provider[\"registry.terraform.io/hashicorp/aws\"].d",
      "instances": [
        {
          "index_key": "0",
          "schema_version": 1,
          "attributes": {
            "arn": "arn:aws:ec2:ap-northeast-3:077672914621:subnet/subnet-09edea5bbb824d6f4",
            "assign_ipv6_address_on_creation": false,
            "availability_zone": "ap-northeast-3a",
            "availability_zone_id": "apne3-az3",
            "cidr_block": "10.20.110.0/24",
            "customer_owned_ipv4_pool": "",
            "enable_dns64": false,
            "enable_lni_at_device_index": 0,
            "enable_resource_name_dns_a_record_on_launch": false,
            "enable_resource_name_dns_aaaa_record_on_launch": false,
            "id": "subnet-09edea5bbb824d6f4",
            "ipv6_cidr_block": "",
            "ipv6_cidr_block_association_id": "",
            "ipv6_native": false,
            "map_customer_owned_ip_on_launch": false,
            "map_public_ip_on_launch": false,
            "outpost_arn": "",
            "owner_id": "077672914621",
            "private_dns_hostname_type_on_launch": "ip-name",
            "region": "ap-northeast-3",
            "tags": {
              "Name": "medical-dr-app-ap-northeast-3a"
            },
            "tags_all": {
              "Name": "medical-dr-app-ap-northeast-3a"
            },
            "timeouts": null,
            "vpc_id": "vpc-0a7a4d5785c1e509a"
          },
          "sensitive_attributes": [],
          "identity_schema_version": 0,
          "identity": {
            "account_id": "077672914621",
            "id": "subnet-09edea5bbb824d6f4",
            "region": "ap-northeast-3"
          },
          "private": "eyJlMmJmYjczMC1lY2FhLTExZTYtOGY4OC0zNDM2M2JjN2M0YzAiOnsiY3JlYXRlIjo2MDAwMDAwMDAwMDAsImRlbGV0ZSI6MTIwMDAwMDAwMDAwMH0sInNjaGVtYV92ZXJzaW9uIjoiMSJ9",
          "dependencies": [
            "data.aws_availability_zones.az_d",
            "module.net_d.aws_vpc.this"
          ]
        },
        {
          "index_key": "1",
          "schema_version": 1,
          "attributes": {
            "arn": "arn:aws:ec2:ap-northeast-3:077672914621:subnet/subnet-0be3e47f0ac32d7a3",
            "assign_ipv6_address_on_creation": false,
            "availability_zone": "ap-northeast-3b",
            "availability_zone_id": "apne3-az1",
            "cidr_block": "10.20.120.0/24",
            "customer_owned_ipv4_pool": "",
            "enable_dns64": false,
            "enable_lni_at_device_index": 0,
            "enable_resource_name_dns_a_record_on_launch": false,
            "enable_resource_name_dns_aaaa_record_on_launch": false,
            "id": "subnet-0be3e47f0ac32d7a3",
            "ipv6_cidr_block": "",
            "ipv6_cidr_block_association_id": "",
            "ipv6_native": false,
            "map_customer_owned_ip_on_launch": false,
            "map_public_ip_on_launch": false,
            "outpost_arn": "",
            "owner_id": "077672914621",
            "private_dns_hostname_type_on_launch": "ip-name",
            "region": "ap-northeast-3",
            "tags": {
              "Name": "medical-dr-app-ap-northeast-3b"
            },
            "tags_all": {
              "Name": "medical-dr-app-ap-northeast-3b"
            },
            "timeouts": null,
            "vpc_id": "vpc-0a7a4d5785c1e509a"
          },
          "sensitive_attributes": [],
          "identity_schema_version": 0,
          "identity": {
            "account_id": "077672914621",
            "id": "subnet-0be3e47f0ac32d7a3",
            "region": "ap-northeast-3"
          },
          "private": "eyJlMmJmYjczMC1lY2FhLTExZTYtOGY4OC0zNDM2M2JjN2M0YzAiOnsiY3JlYXRlIjo2MDAwMDAwMDAwMDAsImRlbGV0ZSI6MTIwMDAwMDAwMDAwMH0sInNjaGVtYV92ZXJzaW9uIjoiMSJ9",
          "dependencies": [
            "data.aws_availability_zones.az_d",
            "module.net_d.aws_vpc.this"
          ]
        }
      ]
    },
    {
      "module": "module.net_d",
      "mode": "managed",
      "type": "aws_subnet",
      "name": "public",
      "provider": "provider[\"registry.terraform.io/hashicorp/aws\"].d",
      "instances": [
        {
          "index_key": "0",
          "schema_version": 1,
          "attributes": {
            "arn": "arn:aws:ec2:ap-northeast-3:077672914621:subnet/subnet-06c4c8ed4f000d989",
            "assign_ipv6_address_on_creation": false,
            "availability_zone": "ap-northeast-3a",
            "availability_zone_id": "apne3-az3",
            "cidr_block": "10.20.10.0/24",
            "customer_owned_ipv4_pool": "",
            "enable_dns64": false,
            "enable_lni_at_device_index": 0,
            "enable_resource_name_dns_a_record_on_launch": false,
            "enable_resource_name_dns_aaaa_record_on_launch": false,
            "id": "subnet-06c4c8ed4f000d989",
            "ipv6_cidr_block": "",
            "ipv6_cidr_block_association_id": "",
            "ipv6_native": false,
            "map_customer_owned_ip_on_launch": false,
            "map_public_ip_on_launch": true,
            "outpost_arn": "",
            "owner_id": "077672914621",
            "private_dns_hostname_type_on_launch": "ip-name",
            "region": "ap-northeast-3",
            "tags": {
              "Name": "medical-dr-pub-ap-northeast-3a"
            },
            "tags_all": {
              "Name": "medical-dr-pub-ap-northeast-3a"
            },
            "timeouts": null,
            "vpc_id": "vpc-0a7a4d5785c1e509a"
          },
          "sensitive_attributes": [],
          "identity_schema_version": 0,
          "identity": {
            "account_id": "077672914621",
            "id": "subnet-06c4c8ed4f000d989",
            "region": "ap-northeast-3"
          },
          "private": "eyJlMmJmYjczMC1lY2FhLTExZTYtOGY4OC0zNDM2M2JjN2M0YzAiOnsiY3JlYXRlIjo2MDAwMDAwMDAwMDAsImRlbGV0ZSI6MTIwMDAwMDAwMDAwMH0sInNjaGVtYV92ZXJzaW9uIjoiMSJ9",
          "dependencies": [
            "data.aws_availability_zones.az_d",
            "module.net_d.aws_vpc.this"
          ]
        },
        {
          "index_key": "1",
          "schema_version": 1,
          "attributes": {
            "arn": "arn:aws:ec2:ap-northeast-3:077672914621:subnet/subnet-0e7a7caed3d0c3b9e",
            "assign_ipv6_address_on_creation": false,
            "availability_zone": "ap-northeast-3b",
            "availability_zone_id": "apne3-az1",
            "cidr_block": "10.20.20.0/24",
            "customer_owned_ipv4_pool": "",
            "enable_dns64": false,
            "enable_lni_at_device_index": 0,
            "enable_resource_name_dns_a_record_on_launch": false,
            "enable_resource_name_dns_aaaa_record_on_launch": false,
            "id": "subnet-0e7a7caed3d0c3b9e",
            "ipv6_cidr_block": "",
            "ipv6_cidr_block_association_id": "",
            "ipv6_native": false,
            "map_customer_owned_ip_on_launch": false,
            "map_public_ip_on_launch": true,
            "outpost_arn": "",
            "owner_id": "077672914621",
            "private_dns_hostname_type_on_launch": "ip-name",
            "region": "ap-northeast-3",
            "tags": {
              "Name": "medical-dr-pub-ap-northeast-3b"
            },
            "tags_all": {
              "Name": "medical-dr-pub-ap-northeast-3b"
            },
            "timeouts": null,
            "vpc_id": "vpc-0a7a4d5785c1e509a"
          },
          "sensitive_attributes": [],
          "identity_schema_version": 0,
          "identity": {
            "account_id": "077672914621",
            "id": "subnet-0e7a7caed3d0c3b9e",
            "region": "ap-northeast-3"
          },
          "private": "eyJlMmJmYjczMC1lY2FhLTExZTYtOGY4OC0zNDM2M2JjN2M0YzAiOnsiY3JlYXRlIjo2MDAwMDAwMDAwMDAsImRlbGV0ZSI6MTIwMDAwMDAwMDAwMH0sInNjaGVtYV92ZXJzaW9uIjoiMSJ9",
          "dependencies": [
            "data.aws_availability_zones.az_d",
            "module.net_d.aws_vpc.this"
          ]
        }
      ]
    },
    {
      "module": "module.net_d",
      "mode": "managed",
      "type": "aws_vpc",
      "name": "this",
      "provider": "provider[\"registry.terraform.io/hashicorp/aws\"].d",
      "instances": [
        {
          "schema_version": 1,
          "attributes": {
            "arn": "arn:aws:ec2:ap-northeast-3:077672914621:vpc/vpc-0a7a4d5785c1e509a",
            "assign_generated_ipv6_cidr_block": false,
            "cidr_block": "10.20.0.0/16",
            "default_network_acl_id": "acl-00e76e2982846ce11",
            "default_route_table_id": "rtb-06c9a41b95267b0c4",
            "default_security_group_id": "sg-01dd295665d2e00e3",
            "dhcp_options_id": "dopt-02c8750f081f0bbfa",
            "enable_dns_hostnames": true,
            "enable_dns_support": true,
            "enable_network_address_usage_metrics": false,
            "id": "vpc-0a7a4d5785c1e509a",
            "instance_tenancy": "default",
            "ipv4_ipam_pool_id": null,
            "ipv4_netmask_length": null,
            "ipv6_association_id": "",
            "ipv6_cidr_block": "",
            "ipv6_cidr_block_network_border_group": "",
            "ipv6_ipam_pool_id": "",
            "ipv6_netmask_length": 0,
            "main_route_table_id": "rtb-06c9a41b95267b0c4",
            "owner_id": "077672914621",
            "region": "ap-northeast-3",
            "tags": {
              "Name": "medical-dr-vpc"
            },
            "tags_all": {
              "Name": "medical-dr-vpc"
            }
          },
          "sensitive_attributes": [],
          "identity_schema_version": 0,
          "private": "eyJzY2hlbWFfdmVyc2lvbiI6IjEifQ=="
        }
      ]
    },
    {
      "module": "module.net_p",
      "mode": "managed",
      "type": "aws_internet_gateway",
      "name": "igw",
      "provider": "provider[\"registry.terraform.io/hashicorp/aws\"].p",
      "instances": [
        {
          "schema_version": 0,
          "attributes": {
            "arn": "arn:aws:ec2:ap-northeast-2:077672914621:internet-gateway/igw-012ab6bbc0390467e",
            "id": "igw-012ab6bbc0390467e",
            "owner_id": "077672914621",
            "region": "ap-northeast-2",
            "tags": {
              "Name": "medical-dr-igw"
            },
            "tags_all": {
              "Name": "medical-dr-igw"
            },
            "timeouts": null,
            "vpc_id": "vpc-02b40b118580c1179"
          },
          "sensitive_attributes": [],
          "identity_schema_version": 0,
          "private": "eyJlMmJmYjczMC1lY2FhLTExZTYtOGY4OC0zNDM2M2JjN2M0YzAiOnsiY3JlYXRlIjoxMjAwMDAwMDAwMDAwLCJkZWxldGUiOjEyMDAwMDAwMDAwMDAsInVwZGF0ZSI6MTIwMDAwMDAwMDAwMH19",
          "dependencies": [
            "module.net_p.aws_vpc.this"
          ]
        }
      ]
    },
    {
      "module": "module.net_p",
      "mode": "managed",
      "type": "aws_route_table",
      "name": "app",
      "provider": "provider[\"registry.terraform.io/hashicorp/aws\"].p",
      "instances": [
        {
          "schema_version": 0,
          "attributes": {
            "arn": "arn:aws:ec2:ap-northeast-2:077672914621:route-table/rtb-0446331cd93e00116",
            "id": "rtb-0446331cd93e00116",
            "owner_id": "077672914621",
            "propagating_vgws": [],
            "region": "ap-northeast-2",
            "route": [],
            "tags": {
              "Name": "medical-dr-rt-app"
            },
            "tags_all": {
              "Name": "medical-dr-rt-app"
            },
            "timeouts": null,
            "vpc_id": "vpc-02b40b118580c1179"
          },
          "sensitive_attributes": [],
          "identity_schema_version": 0,
          "private": "eyJlMmJmYjczMC1lY2FhLTExZTYtOGY4OC0zNDM2M2JjN2M0YzAiOnsiY3JlYXRlIjozMDAwMDAwMDAwMDAsImRlbGV0ZSI6MzAwMDAwMDAwMDAwLCJ1cGRhdGUiOjEyMDAwMDAwMDAwMH19",
          "dependencies": [
            "module.net_p.aws_vpc.this"
          ]
        }
      ]
    },
    {
      "module": "module.net_p",
      "mode": "managed",
      "type": "aws_route_table",
      "name": "public",
      "provider": "provider[\"registry.terraform.io/hashicorp/aws\"].p",
      "instances": [
        {
          "schema_version": 0,
          "attributes": {
            "arn": "arn:aws:ec2:ap-northeast-2:077672914621:route-table/rtb-0721ea4b78118b093",
            "id": "rtb-0721ea4b78118b093",
            "owner_id": "077672914621",
            "propagating_vgws": [],
            "region": "ap-northeast-2",
            "route": [
              {
                "carrier_gateway_id": "",
                "cidr_block": "0.0.0.0/0",
                "core_network_arn": "",
                "destination_prefix_list_id": "",
                "egress_only_gateway_id": "",
                "gateway_id": "igw-012ab6bbc0390467e",
                "ipv6_cidr_block": "",
                "local_gateway_id": "",
                "nat_gateway_id": "",
                "network_interface_id": "",
                "transit_gateway_id": "",
                "vpc_endpoint_id": "",
                "vpc_peering_connection_id": ""
              }
            ],
            "tags": {
              "Name": "medical-dr-rt-public"
            },
            "tags_all": {
              "Name": "medical-dr-rt-public"
            },
            "timeouts": null,
            "vpc_id": "vpc-02b40b118580c1179"
          },
          "sensitive_attributes": [],
          "identity_schema_version": 0,
          "private": "eyJlMmJmYjczMC1lY2FhLTExZTYtOGY4OC0zNDM2M2JjN2M0YzAiOnsiY3JlYXRlIjozMDAwMDAwMDAwMDAsImRlbGV0ZSI6MzAwMDAwMDAwMDAwLCJ1cGRhdGUiOjEyMDAwMDAwMDAwMH19",
          "dependencies": [
            "module.net_p.aws_internet_gateway.igw",
            "module.net_p.aws_vpc.this"
          ]
        }
      ]
    },
    {
      "module": "module.net_p",
      "mode": "managed",
      "type": "aws_route_table_association",
      "name": "app_assoc",
      "provider": "provider[\"registry.terraform.io/hashicorp/aws\"].p",
      "instances": [
        {
          "index_key": "0",
          "schema_version": 0,
          "attributes": {
            "gateway_id": "",
            "id": "rtbassoc-0d7c5f3720fdc5a22",
            "region": "ap-northeast-2",
            "route_table_id": "rtb-0446331cd93e00116",
            "subnet_id": "subnet-02cab998b26d1caf8",
            "timeouts": null
          },
          "sensitive_attributes": [],
          "identity_schema_version": 0,
          "private": "eyJlMmJmYjczMC1lY2FhLTExZTYtOGY4OC0zNDM2M2JjN2M0YzAiOnsiY3JlYXRlIjozMDAwMDAwMDAwMDAsImRlbGV0ZSI6MzAwMDAwMDAwMDAwLCJ1cGRhdGUiOjEyMDAwMDAwMDAwMH19",
          "dependencies": [
            "data.aws_availability_zones.az_p",
            "module.net_p.aws_route_table.app",
            "module.net_p.aws_subnet.app",
            "module.net_p.aws_vpc.this"
          ]
        },
        {
          "index_key": "1",
          "schema_version": 0,
          "attributes": {
            "gateway_id": "",
            "id": "rtbassoc-0423a44c8ef68773d",
            "region": "ap-northeast-2",
            "route_table_id": "rtb-0446331cd93e00116",
            "subnet_id": "subnet-0e55a487df4db64c0",
            "timeouts": null
          },
          "sensitive_attributes": [],
          "identity_schema_version": 0,
          "private": "eyJlMmJmYjczMC1lY2FhLTExZTYtOGY4OC0zNDM2M2JjN2M0YzAiOnsiY3JlYXRlIjozMDAwMDAwMDAwMDAsImRlbGV0ZSI6MzAwMDAwMDAwMDAwLCJ1cGRhdGUiOjEyMDAwMDAwMDAwMH19",
          "dependencies": [
            "data.aws_availability_zones.az_p",
            "module.net_p.aws_route_table.app",
            "module.net_p.aws_subnet.app",
            "module.net_p.aws_vpc.this"
          ]
        }
      ]
    },
    {
      "module": "module.net_p",
      "mode": "managed",
      "type": "aws_route_table_association",
      "name": "pub_assoc",
      "provider": "provider[\"registry.terraform.io/hashicorp/aws\"].p",
      "instances": [
        {
          "index_key": "0",
          "schema_version": 0,
          "attributes": {
            "gateway_id": "",
            "id": "rtbassoc-05199b8f1b42e7626",
            "region": "ap-northeast-2",
            "route_table_id": "rtb-0721ea4b78118b093",
            "subnet_id": "subnet-0e5a746cb5b1ed6f3",
            "timeouts": null
          },
          "sensitive_attributes": [],
          "identity_schema_version": 0,
          "private": "eyJlMmJmYjczMC1lY2FhLTExZTYtOGY4OC0zNDM2M2JjN2M0YzAiOnsiY3JlYXRlIjozMDAwMDAwMDAwMDAsImRlbGV0ZSI6MzAwMDAwMDAwMDAwLCJ1cGRhdGUiOjEyMDAwMDAwMDAwMH19",
          "dependencies": [
            "data.aws_availability_zones.az_p",
            "module.net_p.aws_internet_gateway.igw",
            "module.net_p.aws_route_table.public",
            "module.net_p.aws_subnet.public",
            "module.net_p.aws_vpc.this"
          ]
        },
        {
          "index_key": "1",
          "schema_version": 0,
          "attributes": {
            "gateway_id": "",
            "id": "rtbassoc-0a463a89fd7733ade",
            "region": "ap-northeast-2",
            "route_table_id": "rtb-0721ea4b78118b093",
            "subnet_id": "subnet-099d54d85909fa273",
            "timeouts": null
          },
          "sensitive_attributes": [],
          "identity_schema_version": 0,
          "private": "eyJlMmJmYjczMC1lY2FhLTExZTYtOGY4OC0zNDM2M2JjN2M0YzAiOnsiY3JlYXRlIjozMDAwMDAwMDAwMDAsImRlbGV0ZSI6MzAwMDAwMDAwMDAwLCJ1cGRhdGUiOjEyMDAwMDAwMDAwMH19",
          "dependencies": [
            "data.aws_availability_zones.az_p",
            "module.net_p.aws_internet_gateway.igw",
            "module.net_p.aws_route_table.public",
            "module.net_p.aws_subnet.public",
            "module.net_p.aws_vpc.this"
          ]
        }
      ]
    },
    {
      "module": "module.net_p",
      "mode": "managed",
      "type": "aws_subnet",
      "name": "app",
      "provider": "provider[\"registry.terraform.io/hashicorp/aws\"].p",
      "instances": [
        {
          "index_key": "0",
          "schema_version": 1,
          "attributes": {
            "arn": "arn:aws:ec2:ap-northeast-2:077672914621:subnet/subnet-02cab998b26d1caf8",
            "assign_ipv6_address_on_creation": false,
            "availability_zone": "ap-northeast-2a",
            "availability_zone_id": "apne2-az1",
            "cidr_block": "10.10.110.0/24",
            "customer_owned_ipv4_pool": "",
            "enable_dns64": false,
            "enable_lni_at_device_index": 0,
            "enable_resource_name_dns_a_record_on_launch": false,
            "enable_resource_name_dns_aaaa_record_on_launch": false,
            "id": "subnet-02cab998b26d1caf8",
            "ipv6_cidr_block": "",
            "ipv6_cidr_block_association_id": "",
            "ipv6_native": false,
            "map_customer_owned_ip_on_launch": false,
            "map_public_ip_on_launch": false,
            "outpost_arn": "",
            "owner_id": "077672914621",
            "private_dns_hostname_type_on_launch": "ip-name",
            "region": "ap-northeast-2",
            "tags": {
              "Name": "medical-dr-app-ap-northeast-2a"
            },
            "tags_all": {
              "Name": "medical-dr-app-ap-northeast-2a"
            },
            "timeouts": null,
            "vpc_id": "vpc-02b40b118580c1179"
          },
          "sensitive_attributes": [],
          "identity_schema_version": 0,
          "identity": {
            "account_id": "077672914621",
            "id": "subnet-02cab998b26d1caf8",
            "region": "ap-northeast-2"
          },
          "private": "eyJlMmJmYjczMC1lY2FhLTExZTYtOGY4OC0zNDM2M2JjN2M0YzAiOnsiY3JlYXRlIjo2MDAwMDAwMDAwMDAsImRlbGV0ZSI6MTIwMDAwMDAwMDAwMH0sInNjaGVtYV92ZXJzaW9uIjoiMSJ9",
          "dependencies": [
            "data.aws_availability_zones.az_p",
            "module.net_p.aws_vpc.this"
          ]
        },
        {
          "index_key": "1",
          "schema_version": 1,
          "attributes": {
            "arn": "arn:aws:ec2:ap-northeast-2:077672914621:subnet/subnet-0e55a487df4db64c0",
            "assign_ipv6_address_on_creation": false,
            "availability_zone": "ap-northeast-2b",
            "availability_zone_id": "apne2-az2",
            "cidr_block": "10.10.120.0/24",
            "customer_owned_ipv4_pool": "",
            "enable_dns64": false,
            "enable_lni_at_device_index": 0,
            "enable_resource_name_dns_a_record_on_launch": false,
            "enable_resource_name_dns_aaaa_record_on_launch": false,
            "id": "subnet-0e55a487df4db64c0",
            "ipv6_cidr_block": "",
            "ipv6_cidr_block_association_id": "",
            "ipv6_native": false,
            "map_customer_owned_ip_on_launch": false,
            "map_public_ip_on_launch": false,
            "outpost_arn": "",
            "owner_id": "077672914621",
            "private_dns_hostname_type_on_launch": "ip-name",
            "region": "ap-northeast-2",
            "tags": {
              "Name": "medical-dr-app-ap-northeast-2b"
            },
            "tags_all": {
              "Name": "medical-dr-app-ap-northeast-2b"
            },
            "timeouts": null,
            "vpc_id": "vpc-02b40b118580c1179"
          },
          "sensitive_attributes": [],
          "identity_schema_version": 0,
          "identity": {
            "account_id": "077672914621",
            "id": "subnet-0e55a487df4db64c0",
            "region": "ap-northeast-2"
          },
          "private": "eyJlMmJmYjczMC1lY2FhLTExZTYtOGY4OC0zNDM2M2JjN2M0YzAiOnsiY3JlYXRlIjo2MDAwMDAwMDAwMDAsImRlbGV0ZSI6MTIwMDAwMDAwMDAwMH0sInNjaGVtYV92ZXJzaW9uIjoiMSJ9",
          "dependencies": [
            "data.aws_availability_zones.az_p",
            "module.net_p.aws_vpc.this"
          ]
        }
      ]
    },
    {
      "module": "module.net_p",
      "mode": "managed",
      "type": "aws_subnet",
      "name": "public",
      "provider": "provider[\"registry.terraform.io/hashicorp/aws\"].p",
      "instances": [
        {
          "index_key": "0",
          "schema_version": 1,
          "attributes": {
            "arn": "arn:aws:ec2:ap-northeast-2:077672914621:subnet/subnet-0e5a746cb5b1ed6f3",
            "assign_ipv6_address_on_creation": false,
            "availability_zone": "ap-northeast-2a",
            "availability_zone_id": "apne2-az1",
            "cidr_block": "10.10.10.0/24",
            "customer_owned_ipv4_pool": "",
            "enable_dns64": false,
            "enable_lni_at_device_index": 0,
            "enable_resource_name_dns_a_record_on_launch": false,
            "enable_resource_name_dns_aaaa_record_on_launch": false,
            "id": "subnet-0e5a746cb5b1ed6f3",
            "ipv6_cidr_block": "",
            "ipv6_cidr_block_association_id": "",
            "ipv6_native": false,
            "map_customer_owned_ip_on_launch": false,
            "map_public_ip_on_launch": true,
            "outpost_arn": "",
            "owner_id": "077672914621",
            "private_dns_hostname_type_on_launch": "ip-name",
            "region": "ap-northeast-2",
            "tags": {
              "Name": "medical-dr-pub-ap-northeast-2a"
            },
            "tags_all": {
              "Name": "medical-dr-pub-ap-northeast-2a"
            },
            "timeouts": null,
            "vpc_id": "vpc-02b40b118580c1179"
          },
          "sensitive_attributes": [],
          "identity_schema_version": 0,
          "identity": {
            "account_id": "077672914621",
            "id": "subnet-0e5a746cb5b1ed6f3",
            "region": "ap-northeast-2"
          },
          "private": "eyJlMmJmYjczMC1lY2FhLTExZTYtOGY4OC0zNDM2M2JjN2M0YzAiOnsiY3JlYXRlIjo2MDAwMDAwMDAwMDAsImRlbGV0ZSI6MTIwMDAwMDAwMDAwMH0sInNjaGVtYV92ZXJzaW9uIjoiMSJ9",
          "dependencies": [
            "data.aws_availability_zones.az_p",
            "module.net_p.aws_vpc.this"
          ]
        },
        {
          "index_key": "1",
          "schema_version": 1,
          "attributes": {
            "arn": "arn:aws:ec2:ap-northeast-2:077672914621:subnet/subnet-099d54d85909fa273",
            "assign_ipv6_address_on_creation": false,
            "availability_zone": "ap-northeast-2b",
            "availability_zone_id": "apne2-az2",
            "cidr_block": "10.10.20.0/24",
            "customer_owned_ipv4_pool": "",
            "enable_dns64": false,
            "enable_lni_at_device_index": 0,
            "enable_resource_name_dns_a_record_on_launch": false,
            "enable_resource_name_dns_aaaa_record_on_launch": false,
            "id": "subnet-099d54d85909fa273",
            "ipv6_cidr_block": "",
            "ipv6_cidr_block_association_id": "",
            "ipv6_native": false,
            "map_customer_owned_ip_on_launch": false,
            "map_public_ip_on_launch": true,
            "outpost_arn": "",
            "owner_id": "077672914621",
            "private_dns_hostname_type_on_launch": "ip-name",
            "region": "ap-northeast-2",
            "tags": {
              "Name": "medical-dr-pub-ap-northeast-2b"
            },
            "tags_all": {
              "Name": "medical-dr-pub-ap-northeast-2b"
            },
            "timeouts": null,
            "vpc_id": "vpc-02b40b118580c1179"
          },
          "sensitive_attributes": [],
          "identity_schema_version": 0,
          "identity": {
            "account_id": "077672914621",
            "id": "subnet-099d54d85909fa273",
            "region": "ap-northeast-2"
          },
          "private": "eyJlMmJmYjczMC1lY2FhLTExZTYtOGY4OC0zNDM2M2JjN2M0YzAiOnsiY3JlYXRlIjo2MDAwMDAwMDAwMDAsImRlbGV0ZSI6MTIwMDAwMDAwMDAwMH0sInNjaGVtYV92ZXJzaW9uIjoiMSJ9",
          "dependencies": [
            "data.aws_availability_zones.az_p",
            "module.net_p.aws_vpc.this"
          ]
        }
      ]
    },
    {
      "module": "module.net_p",
      "mode": "managed",
      "type": "aws_vpc",
      "name": "this",
      "provider": "provider[\"registry.terraform.io/hashicorp/aws\"].p",
      "instances": [
        {
          "schema_version": 1,
          "attributes": {
            "arn": "arn:aws:ec2:ap-northeast-2:077672914621:vpc/vpc-02b40b118580c1179",
            "assign_generated_ipv6_cidr_block": false,
            "cidr_block": "10.10.0.0/16",
            "default_network_acl_id": "acl-00b0e433525e84be0",
            "default_route_table_id": "rtb-03a38f2d804acb310",
            "default_security_group_id": "sg-06a50b5ff317f1ba0",
            "dhcp_options_id": "dopt-0c5e006f744c7e851",
            "enable_dns_hostnames": true,
            "enable_dns_support": true,
            "enable_network_address_usage_metrics": false,
            "id": "vpc-02b40b118580c1179",
            "instance_tenancy": "default",
            "ipv4_ipam_pool_id": null,
            "ipv4_netmask_length": null,
            "ipv6_association_id": "",
            "ipv6_cidr_block": "",
            "ipv6_cidr_block_network_border_group": "",
            "ipv6_ipam_pool_id": "",
            "ipv6_netmask_length": 0,
            "main_route_table_id": "rtb-03a38f2d804acb310",
            "owner_id": "077672914621",
            "region": "ap-northeast-2",
            "tags": {
              "Name": "medical-dr-vpc"
            },
            "tags_all": {
              "Name": "medical-dr-vpc"
            }
          },
          "sensitive_attributes": [],
          "identity_schema_version": 0,
          "private": "eyJzY2hlbWFfdmVyc2lvbiI6IjEifQ=="
        }
      ]
    },
    {
      "module": "module.s3_mrap",
      "mode": "data",
      "type": "aws_caller_identity",
      "name": "current",
      "provider": "provider[\"registry.terraform.io/hashicorp/aws\"]",
      "instances": [
        {
          "schema_version": 0,
          "attributes": {
            "account_id": "077672914621",
            "arn": "arn:aws:iam::077672914621:user/rhwnsgh11",
            "id": "077672914621",
            "user_id": "AIDAREFNKT26YPMGIGTVK"
          },
          "sensitive_attributes": [],
          "identity_schema_version": 0
        }
      ]
    },
    {
      "module": "module.s3_mrap",
      "mode": "data",
      "type": "aws_s3control_multi_region_access_point",
      "name": "mrap",
      "provider": "provider[\"registry.terraform.io/hashicorp/aws\"].us_east_1",
      "instances": [
        {
          "schema_version": 0,
          "attributes": {
            "account_id": "077672914621",
            "alias": "moq5rdrs615eb.mrap",
            "arn": "arn:aws:s3::077672914621:accesspoint/moq5rdrs615eb.mrap",
            "created_at": "2025-08-22T02:06:53Z",
            "domain_name": "moq5rdrs615eb.mrap.accesspoint.s3-global.amazonaws.com",
            "id": "077672914621:medical-dr-mrap",
            "name": "medical-dr-mrap",
            "public_access_block": [
              {
                "block_public_acls": true,
                "block_public_policy": true,
                "ignore_public_acls": true,
                "restrict_public_buckets": true
              }
            ],
            "region": "us-east-1",
            "regions": [
              {
                "bucket": "medical-dr-web-pr",
                "bucket_account_id": "077672914621",
                "region": "ap-northeast-2"
              },
              {
                "bucket": "medical-dr-web-dr",
                "bucket_account_id": "077672914621",
                "region": "ap-northeast-3"
              }
            ],
            "status": "READY"
          },
          "sensitive_attributes": [],
          "identity_schema_version": 0
        }
      ]
    },
    {
      "module": "module.s3_mrap",
      "mode": "managed",
      "type": "aws_s3control_multi_region_access_point",
      "name": "this",
      "provider": "provider[\"registry.terraform.io/hashicorp/aws\"].us_east_1",
      "instances": [
        {
          "schema_version": 0,
          "attributes": {
            "account_id": "077672914621",
            "alias": "moq5rdrs615eb.mrap",
            "arn": "arn:aws:s3::077672914621:accesspoint/moq5rdrs615eb.mrap",
            "details": [
              {
                "name": "medical-dr-mrap",
                "public_access_block": [
                  {
                    "block_public_acls": true,
                    "block_public_policy": true,
                    "ignore_public_acls": true,
                    "restrict_public_buckets": true
                  }
                ],
                "region": [
                  {
                    "bucket": "medical-dr-web-dr",
                    "bucket_account_id": "077672914621",
                    "region": "ap-northeast-3"
                  },
                  {
                    "bucket": "medical-dr-web-pr",
                    "bucket_account_id": "077672914621",
                    "region": "ap-northeast-2"
                  }
                ]
              }
            ],
            "domain_name": "moq5rdrs615eb.mrap.accesspoint.s3-global.amazonaws.com",
            "id": "077672914621:medical-dr-mrap",
            "region": "us-east-1",
            "status": "READY",
            "timeouts": null
          },
          "sensitive_attributes": [],
          "identity_schema_version": 0,
          "private": "eyJlMmJmYjczMC1lY2FhLTExZTYtOGY4OC0zNDM2M2JjN2M0YzAiOnsiY3JlYXRlIjozNjAwMDAwMDAwMDAwLCJkZWxldGUiOjkwMDAwMDAwMDAwMH19",
          "dependencies": [
            "module.s3_static.aws_iam_policy.replication_policy",
            "module.s3_static.aws_iam_role.replication_role",
            "module.s3_static.aws_iam_role_policy_attachment.repl_attach",
            "module.s3_static.aws_s3_bucket.d",
            "module.s3_static.aws_s3_bucket.p",
            "module.s3_static.aws_s3_bucket_replication_configuration.p_to_d",
            "module.s3_static.aws_s3_bucket_versioning.d",
            "module.s3_static.aws_s3_bucket_versioning.p",
            "module.s3_static.data.aws_iam_policy_document.replication_assume",
            "module.s3_static.data.aws_iam_policy_document.replication_policy"
          ]
        }
      ]
    },
    {
      "module": "module.s3_mrap",
      "mode": "managed",
      "type": "aws_s3control_multi_region_access_point_policy",
      "name": "cf_only",
      "provider": "provider[\"registry.terraform.io/hashicorp/aws\"].us_east_1",
      "instances": [
        {
          "schema_version": 0,
          "attributes": {
            "account_id": "077672914621",
            "details": [
              {
                "name": "medical-dr-mrap",
                "policy": "{\"Statement\":[{\"Action\":[\"s3:GetObject\"],\"Condition\":{\"StringEquals\":{\"AWS:SourceArn\":\"arn:aws:cloudfront::077672914621:distribution/E3H9AIMSOLOCLE\"}},\"Effect\":\"Allow\",\"Principal\":{\"Service\":\"cloudfront.amazonaws.com\"},\"Resource\":[\"arn:aws:s3::077672914621:accesspoint/moq5rdrs615eb.mrap/object/*\"],\"Sid\":\"AllowCloudFrontReadViaMRAP\"}],\"Version\":\"2012-10-17\"}"
              }
            ],
            "established": "{\"Statement\":[{\"Action\":[\"s3:GetObject\"],\"Condition\":{\"StringEquals\":{\"AWS:SourceArn\":\"arn:aws:cloudfront::077672914621:distribution/E3H9AIMSOLOCLE\"}},\"Effect\":\"Allow\",\"Principal\":{\"Service\":\"cloudfront.amazonaws.com\"},\"Resource\":[\"arn:aws:s3::077672914621:accesspoint/moq5rdrs615eb.mrap/object/*\"],\"Sid\":\"AllowCloudFrontReadViaMRAP\"}],\"Version\":\"2012-10-17\"}",
            "id": "077672914621:medical-dr-mrap",
            "proposed": "{\"Statement\":[{\"Action\":[\"s3:GetObject\"],\"Condition\":{\"StringEquals\":{\"AWS:SourceArn\":\"arn:aws:cloudfront::077672914621:distribution/E3H9AIMSOLOCLE\"}},\"Effect\":\"Allow\",\"Principal\":{\"Service\":\"cloudfront.amazonaws.com\"},\"Resource\":[\"arn:aws:s3::077672914621:accesspoint/moq5rdrs615eb.mrap/object/*\"],\"Sid\":\"AllowCloudFrontReadViaMRAP\"}],\"Version\":\"2012-10-17\"}",
            "region": "us-east-1",
            "timeouts": null
          },
          "sensitive_attributes": [],
          "identity_schema_version": 0,
          "private": "eyJlMmJmYjczMC1lY2FhLTExZTYtOGY4OC0zNDM2M2JjN2M0YzAiOnsiY3JlYXRlIjo5MDAwMDAwMDAwMDAsInVwZGF0ZSI6OTAwMDAwMDAwMDAwfX0=",
          "dependencies": [
            "module.cdn.aws_cloudfront_cache_policy.optimized",
            "module.cdn.aws_cloudfront_distribution.this",
            "module.ga.aws_globalaccelerator_accelerator.this",
            "module.s3_mrap.aws_s3control_multi_region_access_point.this",
            "module.s3_mrap.data.aws_caller_identity.current",
            "module.s3_mrap.data.aws_s3control_multi_region_access_point.mrap",
            "module.s3_static.aws_iam_policy.replication_policy",
            "module.s3_static.aws_iam_role.replication_role",
            "module.s3_static.aws_iam_role_policy_attachment.repl_attach",
            "module.s3_static.aws_s3_bucket.d",
            "module.s3_static.aws_s3_bucket.p",
            "module.s3_static.aws_s3_bucket_replication_configuration.p_to_d",
            "module.s3_static.aws_s3_bucket_versioning.d",
            "module.s3_static.aws_s3_bucket_versioning.p",
            "module.s3_static.data.aws_iam_policy_document.replication_assume",
            "module.s3_static.data.aws_iam_policy_document.replication_policy"
          ]
        }
      ]
    },
    {
      "module": "module.s3_static",
      "mode": "data",
      "type": "aws_iam_policy_document",
      "name": "replication_assume",
      "provider": "provider[\"registry.terraform.io/hashicorp/aws\"]",
      "instances": [
        {
          "schema_version": 0,
          "attributes": {
            "id": "1765856792",
            "json": "{\n  \"Version\": \"2012-10-17\",\n  \"Statement\": [\n    {\n      \"Effect\": \"Allow\",\n      \"Action\": \"sts:AssumeRole\",\n      \"Principal\": {\n        \"Service\": \"s3.amazonaws.com\"\n      }\n    }\n  ]\n}",
            "minified_json": "{\"Version\":\"2012-10-17\",\"Statement\":[{\"Effect\":\"Allow\",\"Action\":\"sts:AssumeRole\",\"Principal\":{\"Service\":\"s3.amazonaws.com\"}}]}",
            "override_json": null,
            "override_policy_documents": null,
            "policy_id": null,
            "source_json": null,
            "source_policy_documents": null,
            "statement": [
              {
                "actions": [
                  "sts:AssumeRole"
                ],
                "condition": [],
                "effect": "Allow",
                "not_actions": [],
                "not_principals": [],
                "not_resources": [],
                "principals": [
                  {
                    "identifiers": [
                      "s3.amazonaws.com"
                    ],
                    "type": "Service"
                  }
                ],
                "resources": [],
                "sid": ""
              }
            ],
            "version": "2012-10-17"
          },
          "sensitive_attributes": [],
          "identity_schema_version": 0
        }
      ]
    },
    {
      "module": "module.s3_static",
      "mode": "data",
      "type": "aws_iam_policy_document",
      "name": "replication_policy",
      "provider": "provider[\"registry.terraform.io/hashicorp/aws\"]",
      "instances": [
        {
          "schema_version": 0,
          "attributes": {
            "id": "2389922297",
            "json": "{\n  \"Version\": \"2012-10-17\",\n  \"Statement\": [\n    {\n      \"Effect\": \"Allow\",\n      \"Action\": [\n        \"s3:ListBucket\",\n        \"s3:GetReplicationConfiguration\"\n      ],\n      \"Resource\": \"arn:aws:s3:::medical-dr-web-pr\"\n    },\n    {\n      \"Effect\": \"Allow\",\n      \"Action\": [\n        \"s3:ObjectOwnerOverrideToBucketOwner\",\n        \"s3:GetObjectVersionTagging\",\n        \"s3:GetObjectVersionForReplication\",\n        \"s3:GetObjectVersionAcl\",\n        \"s3:GetObjectVersion\"\n      ],\n      \"Resource\": \"arn:aws:s3:::medical-dr-web-pr/*\"\n    },\n    {\n      \"Effect\": \"Allow\",\n      \"Action\": [\n        \"s3:ReplicateTags\",\n        \"s3:ReplicateObject\",\n        \"s3:ReplicateDelete\",\n        \"s3:ObjectOwnerOverrideToBucketOwner\"\n      ],\n      \"Resource\": \"arn:aws:s3:::medical-dr-web-dr/*\"\n    }\n  ]\n}",
            "minified_json": "{\"Version\":\"2012-10-17\",\"Statement\":[{\"Effect\":\"Allow\",\"Action\":[\"s3:ListBucket\",\"s3:GetReplicationConfiguration\"],\"Resource\":\"arn:aws:s3:::medical-dr-web-pr\"},{\"Effect\":\"Allow\",\"Action\":[\"s3:ObjectOwnerOverrideToBucketOwner\",\"s3:GetObjectVersionTagging\",\"s3:GetObjectVersionForReplication\",\"s3:GetObjectVersionAcl\",\"s3:GetObjectVersion\"],\"Resource\":\"arn:aws:s3:::medical-dr-web-pr/*\"},{\"Effect\":\"Allow\",\"Action\":[\"s3:ReplicateTags\",\"s3:ReplicateObject\",\"s3:ReplicateDelete\",\"s3:ObjectOwnerOverrideToBucketOwner\"],\"Resource\":\"arn:aws:s3:::medical-dr-web-dr/*\"}]}",
            "override_json": null,
            "override_policy_documents": null,
            "policy_id": null,
            "source_json": null,
            "source_policy_documents": null,
            "statement": [
              {
                "actions": [
                  "s3:GetReplicationConfiguration",
                  "s3:ListBucket"
                ],
                "condition": [],
                "effect": "Allow",
                "not_actions": [],
                "not_principals": [],
                "not_resources": [],
                "principals": [],
                "resources": [
                  "arn:aws:s3:::medical-dr-web-pr"
                ],
                "sid": ""
              },
              {
                "actions": [
                  "s3:GetObjectVersion",
                  "s3:GetObjectVersionAcl",
                  "s3:GetObjectVersionForReplication",
                  "s3:GetObjectVersionTagging",
                  "s3:ObjectOwnerOverrideToBucketOwner"
                ],
                "condition": [],
                "effect": "Allow",
                "not_actions": [],
                "not_principals": [],
                "not_resources": [],
                "principals": [],
                "resources": [
                  "arn:aws:s3:::medical-dr-web-pr/*"
                ],
                "sid": ""
              },
              {
                "actions": [
                  "s3:ObjectOwnerOverrideToBucketOwner",
                  "s3:ReplicateDelete",
                  "s3:ReplicateObject",
                  "s3:ReplicateTags"
                ],
                "condition": [],
                "effect": "Allow",
                "not_actions": [],
                "not_principals": [],
                "not_resources": [],
                "principals": [],
                "resources": [
                  "arn:aws:s3:::medical-dr-web-dr/*"
                ],
                "sid": ""
              }
            ],
            "version": "2012-10-17"
          },
          "sensitive_attributes": [],
          "identity_schema_version": 0
        }
      ]
    },
    {
      "module": "module.s3_static",
      "mode": "managed",
      "type": "aws_iam_policy",
      "name": "replication_policy",
      "provider": "provider[\"registry.terraform.io/hashicorp/aws\"].p",
      "instances": [
        {
          "schema_version": 0,
          "attributes": {
            "arn": "arn:aws:iam::077672914621:policy/medical-dr-s3-repl-policy",
            "attachment_count": 1,
            "description": "",
            "id": "arn:aws:iam::077672914621:policy/medical-dr-s3-repl-policy",
            "name": "medical-dr-s3-repl-policy",
            "name_prefix": "",
            "path": "/",
            "policy": "{\"Statement\":[{\"Action\":[\"s3:ListBucket\",\"s3:GetReplicationConfiguration\"],\"Effect\":\"Allow\",\"Resource\":\"arn:aws:s3:::medical-dr-web-pr\"},{\"Action\":[\"s3:ObjectOwnerOverrideToBucketOwner\",\"s3:GetObjectVersionTagging\",\"s3:GetObjectVersionForReplication\",\"s3:GetObjectVersionAcl\",\"s3:GetObjectVersion\"],\"Effect\":\"Allow\",\"Resource\":\"arn:aws:s3:::medical-dr-web-pr/*\"},{\"Action\":[\"s3:ReplicateTags\",\"s3:ReplicateObject\",\"s3:ReplicateDelete\",\"s3:ObjectOwnerOverrideToBucketOwner\"],\"Effect\":\"Allow\",\"Resource\":\"arn:aws:s3:::medical-dr-web-dr/*\"}],\"Version\":\"2012-10-17\"}",
            "policy_id": "ANPAREFNKT26ZXAGXPMEE",
            "tags": {},
            "tags_all": {}
          },
          "sensitive_attributes": [],
          "identity_schema_version": 0,
          "identity": {
            "arn": "arn:aws:iam::077672914621:policy/medical-dr-s3-repl-policy"
          },
          "private": "bnVsbA==",
          "dependencies": [
            "module.s3_static.aws_s3_bucket.d",
            "module.s3_static.aws_s3_bucket.p",
            "module.s3_static.data.aws_iam_policy_document.replication_policy"
          ]
        }
      ]
    },
    {
      "module": "module.s3_static",
      "mode": "managed",
      "type": "aws_iam_role",
      "name": "replication_role",
      "provider": "provider[\"registry.terraform.io/hashicorp/aws\"].p",
      "instances": [
        {
          "schema_version": 0,
          "attributes": {
            "arn": "arn:aws:iam::077672914621:role/medical-dr-s3-repl-role",
            "assume_role_policy": "{\"Statement\":[{\"Action\":\"sts:AssumeRole\",\"Effect\":\"Allow\",\"Principal\":{\"Service\":\"s3.amazonaws.com\"}}],\"Version\":\"2012-10-17\"}",
            "create_date": "2025-08-22T01:34:52Z",
            "description": "",
            "force_detach_policies": false,
            "id": "medical-dr-s3-repl-role",
            "inline_policy": [],
            "managed_policy_arns": [
              "arn:aws:iam::077672914621:policy/medical-dr-s3-repl-policy"
            ],
            "max_session_duration": 3600,
            "name": "medical-dr-s3-repl-role",
            "name_prefix": "",
            "path": "/",
            "permissions_boundary": "",
            "tags": {},
            "tags_all": {},
            "unique_id": "AROAREFNKT263H5KOKVJR"
          },
          "sensitive_attributes": [],
          "identity_schema_version": 0,
          "identity": {
            "account_id": "077672914621",
            "name": "medical-dr-s3-repl-role"
          },
          "private": "bnVsbA==",
          "dependencies": [
            "module.s3_static.data.aws_iam_policy_document.replication_assume"
          ]
        }
      ]
    },
    {
      "module": "module.s3_static",
      "mode": "managed",
      "type": "aws_iam_role_policy_attachment",
      "name": "repl_attach",
      "provider": "provider[\"registry.terraform.io/hashicorp/aws\"].p",
      "instances": [
        {
          "schema_version": 0,
          "attributes": {
            "id": "medical-dr-s3-repl-role/arn:aws:iam::077672914621:policy/medical-dr-s3-repl-policy",
            "policy_arn": "arn:aws:iam::077672914621:policy/medical-dr-s3-repl-policy",
            "role": "medical-dr-s3-repl-role"
          },
          "sensitive_attributes": [],
          "identity_schema_version": 0,
          "identity": {
            "account_id": "077672914621",
            "policy_arn": "arn:aws:iam::077672914621:policy/medical-dr-s3-repl-policy",
            "role": "medical-dr-s3-repl-role"
          },
          "private": "bnVsbA==",
          "dependencies": [
            "module.s3_static.aws_iam_policy.replication_policy",
            "module.s3_static.aws_iam_role.replication_role",
            "module.s3_static.aws_s3_bucket.d",
            "module.s3_static.aws_s3_bucket.p",
            "module.s3_static.data.aws_iam_policy_document.replication_assume",
            "module.s3_static.data.aws_iam_policy_document.replication_policy"
          ]
        }
      ]
    },
    {
      "module": "module.s3_static",
      "mode": "managed",
      "type": "aws_s3_bucket",
      "name": "d",
      "provider": "provider[\"registry.terraform.io/hashicorp/aws\"].d",
      "instances": [
        {
          "schema_version": 0,
          "attributes": {
            "acceleration_status": "",
            "acl": null,
            "arn": "arn:aws:s3:::medical-dr-web-dr",
            "bucket": "medical-dr-web-dr",
            "bucket_domain_name": "medical-dr-web-dr.s3.amazonaws.com",
            "bucket_prefix": "",
            "bucket_region": "ap-northeast-3",
            "bucket_regional_domain_name": "medical-dr-web-dr.s3.ap-northeast-3.amazonaws.com",
            "cors_rule": [],
            "force_destroy": true,
            "grant": [
              {
                "id": "21f974f8d93387137ddb004e7a27f99a35bd8cbab0f186fca8f713b4e55d51e5",
                "permissions": [
                  "FULL_CONTROL"
                ],
                "type": "CanonicalUser",
                "uri": ""
              }
            ],
            "hosted_zone_id": "Z2YQB5RD63NC85",
            "id": "medical-dr-web-dr",
            "lifecycle_rule": [],
            "logging": [],
            "object_lock_configuration": [],
            "object_lock_enabled": false,
            "policy": "",
            "region": "ap-northeast-3",
            "replication_configuration": [],
            "request_payer": "BucketOwner",
            "server_side_encryption_configuration": [
              {
                "rule": [
                  {
                    "apply_server_side_encryption_by_default": [
                      {
                        "kms_master_key_id": "",
                        "sse_algorithm": "AES256"
                      }
                    ],
                    "bucket_key_enabled": false
                  }
                ]
              }
            ],
            "tags": {
              "Project": "medical-dr",
              "Role": "static-dr"
            },
            "tags_all": {
              "Project": "medical-dr",
              "Role": "static-dr"
            },
            "timeouts": null,
            "versioning": [
              {
                "enabled": true,
                "mfa_delete": false
              }
            ],
            "website": [],
            "website_domain": null,
            "website_endpoint": null
          },
          "sensitive_attributes": [],
          "identity_schema_version": 0,
          "identity": {
            "account_id": "077672914621",
            "bucket": "medical-dr-web-dr",
            "region": "ap-northeast-3"
          },
          "private": "eyJlMmJmYjczMC1lY2FhLTExZTYtOGY4OC0zNDM2M2JjN2M0YzAiOnsiY3JlYXRlIjoxMjAwMDAwMDAwMDAwLCJkZWxldGUiOjM2MDAwMDAwMDAwMDAsInJlYWQiOjEyMDAwMDAwMDAwMDAsInVwZGF0ZSI6MTIwMDAwMDAwMDAwMH19"
        }
      ]
    },
    {
      "module": "module.s3_static",
      "mode": "managed",
      "type": "aws_s3_bucket",
      "name": "p",
      "provider": "provider[\"registry.terraform.io/hashicorp/aws\"].p",
      "instances": [
        {
          "schema_version": 0,
          "attributes": {
            "acceleration_status": "",
            "acl": null,
            "arn": "arn:aws:s3:::medical-dr-web-pr",
            "bucket": "medical-dr-web-pr",
            "bucket_domain_name": "medical-dr-web-pr.s3.amazonaws.com",
            "bucket_prefix": "",
            "bucket_region": "ap-northeast-2",
            "bucket_regional_domain_name": "medical-dr-web-pr.s3.ap-northeast-2.amazonaws.com",
            "cors_rule": [],
            "force_destroy": true,
            "grant": [
              {
                "id": "21f974f8d93387137ddb004e7a27f99a35bd8cbab0f186fca8f713b4e55d51e5",
                "permissions": [
                  "FULL_CONTROL"
                ],
                "type": "CanonicalUser",
                "uri": ""
              }
            ],
            "hosted_zone_id": "Z3W03O7B5YMIYP",
            "id": "medical-dr-web-pr",
            "lifecycle_rule": [],
            "logging": [],
            "object_lock_configuration": [],
            "object_lock_enabled": false,
            "policy": "",
            "region": "ap-northeast-2",
            "replication_configuration": [
              {
                "role": "arn:aws:iam::077672914621:role/medical-dr-s3-repl-role",
                "rules": [
                  {
                    "delete_marker_replication_status": "",
                    "destination": [
                      {
                        "access_control_translation": [],
                        "account_id": "",
                        "bucket": "arn:aws:s3:::medical-dr-web-dr",
                        "metrics": [],
                        "replica_kms_key_id": "",
                        "replication_time": [],
                        "storage_class": "STANDARD"
                      }
                    ],
                    "filter": [],
                    "id": "p-to-d",
                    "prefix": "",
                    "priority": 0,
                    "source_selection_criteria": [],
                    "status": "Enabled"
                  }
                ]
              }
            ],
            "request_payer": "BucketOwner",
            "server_side_encryption_configuration": [
              {
                "rule": [
                  {
                    "apply_server_side_encryption_by_default": [
                      {
                        "kms_master_key_id": "",
                        "sse_algorithm": "AES256"
                      }
                    ],
                    "bucket_key_enabled": false
                  }
                ]
              }
            ],
            "tags": {
              "Project": "medical-dr",
              "Role": "static-primary"
            },
            "tags_all": {
              "Project": "medical-dr",
              "Role": "static-primary"
            },
            "timeouts": null,
            "versioning": [
              {
                "enabled": true,
                "mfa_delete": false
              }
            ],
            "website": [],
            "website_domain": null,
            "website_endpoint": null
          },
          "sensitive_attributes": [],
          "identity_schema_version": 0,
          "identity": {
            "account_id": "077672914621",
            "bucket": "medical-dr-web-pr",
            "region": "ap-northeast-2"
          },
          "private": "eyJlMmJmYjczMC1lY2FhLTExZTYtOGY4OC0zNDM2M2JjN2M0YzAiOnsiY3JlYXRlIjoxMjAwMDAwMDAwMDAwLCJkZWxldGUiOjM2MDAwMDAwMDAwMDAsInJlYWQiOjEyMDAwMDAwMDAwMDAsInVwZGF0ZSI6MTIwMDAwMDAwMDAwMH19"
        }
      ]
    },
    {
      "module": "module.s3_static",
      "mode": "managed",
      "type": "aws_s3_bucket_replication_configuration",
      "name": "p_to_d",
      "provider": "provider[\"registry.terraform.io/hashicorp/aws\"].p",
      "instances": [
        {
          "schema_version": 0,
          "attributes": {
            "bucket": "medical-dr-web-pr",
            "id": "medical-dr-web-pr",
            "region": "ap-northeast-2",
            "role": "arn:aws:iam::077672914621:role/medical-dr-s3-repl-role",
            "rule": [
              {
                "delete_marker_replication": [],
                "destination": [
                  {
                    "access_control_translation": [],
                    "account": "",
                    "bucket": "arn:aws:s3:::medical-dr-web-dr",
                    "encryption_configuration": [],
                    "metrics": [],
                    "replication_time": [],
                    "storage_class": "STANDARD"
                  }
                ],
                "existing_object_replication": [],
                "filter": [],
                "id": "p-to-d",
                "prefix": "",
                "priority": 0,
                "source_selection_criteria": [],
                "status": "Enabled"
              }
            ],
            "token": null
          },
          "sensitive_attributes": [
            [
              {
                "type": "get_attr",
                "value": "token"
              }
            ]
          ],
          "identity_schema_version": 0,
          "private": "bnVsbA==",
          "dependencies": [
            "module.s3_static.aws_iam_role.replication_role",
            "module.s3_static.aws_s3_bucket.d",
            "module.s3_static.aws_s3_bucket.p",
            "module.s3_static.aws_s3_bucket_versioning.d",
            "module.s3_static.aws_s3_bucket_versioning.p",
            "module.s3_static.data.aws_iam_policy_document.replication_assume"
          ]
        }
      ]
    },
    {
      "module": "module.s3_static",
      "mode": "managed",
      "type": "aws_s3_bucket_versioning",
      "name": "d",
      "provider": "provider[\"registry.terraform.io/hashicorp/aws\"].d",
      "instances": [
        {
          "schema_version": 0,
          "attributes": {
            "bucket": "medical-dr-web-dr",
            "expected_bucket_owner": "",
            "id": "medical-dr-web-dr",
            "mfa": null,
            "region": "ap-northeast-3",
            "versioning_configuration": [
              {
                "mfa_delete": "",
                "status": "Enabled"
              }
            ]
          },
          "sensitive_attributes": [],
          "identity_schema_version": 0,
          "private": "bnVsbA==",
          "dependencies": [
            "module.s3_static.aws_s3_bucket.d"
          ]
        }
      ]
    },
    {
      "module": "module.s3_static",
      "mode": "managed",
      "type": "aws_s3_bucket_versioning",
      "name": "p",
      "provider": "provider[\"registry.terraform.io/hashicorp/aws\"].p",
      "instances": [
        {
          "schema_version": 0,
          "attributes": {
            "bucket": "medical-dr-web-pr",
            "expected_bucket_owner": "",
            "id": "medical-dr-web-pr",
            "mfa": null,
            "region": "ap-northeast-2",
            "versioning_configuration": [
              {
                "mfa_delete": "",
                "status": "Enabled"
              }
            ]
          },
          "sensitive_attributes": [],
          "identity_schema_version": 0,
          "private": "bnVsbA==",
          "dependencies": [
            "module.s3_static.aws_s3_bucket.p"
          ]
        }
      ]
    },
    {
      "module": "module.sec_d",
      "mode": "managed",
      "type": "aws_security_group",
      "name": "alb",
      "provider": "provider[\"registry.terraform.io/hashicorp/aws\"].d",
      "instances": [
        {
          "schema_version": 1,
          "attributes": {
            "arn": "arn:aws:ec2:ap-northeast-3:077672914621:security-group/sg-034b4ab7fecc7e809",
            "description": "ALB security group",
            "egress": [
              {
                "cidr_blocks": [
                  "0.0.0.0/0"
                ],
                "description": "All egress",
                "from_port": 0,
                "ipv6_cidr_blocks": [],
                "prefix_list_ids": [],
                "protocol": "-1",
                "security_groups": [],
                "self": false,
                "to_port": 0
              }
            ],
            "id": "sg-034b4ab7fecc7e809",
            "ingress": [
              {
                "cidr_blocks": [
                  "0.0.0.0/0"
                ],
                "description": "HTTP from Internet",
                "from_port": 80,
                "ipv6_cidr_blocks": [],
                "prefix_list_ids": [],
                "protocol": "tcp",
                "security_groups": [],
                "self": false,
                "to_port": 80
              },
              {
                "cidr_blocks": [
                  "0.0.0.0/0"
                ],
                "description": "HTTPS from Internet",
                "from_port": 443,
                "ipv6_cidr_blocks": [],
                "prefix_list_ids": [],
                "protocol": "tcp",
                "security_groups": [],
                "self": false,
                "to_port": 443
              }
            ],
            "name": "alb-sg",
            "name_prefix": "",
            "owner_id": "077672914621",
            "region": "ap-northeast-3",
            "revoke_rules_on_delete": false,
            "tags": {},
            "tags_all": {},
            "timeouts": null,
            "vpc_id": "vpc-0a7a4d5785c1e509a"
          },
          "sensitive_attributes": [],
          "identity_schema_version": 0,
          "identity": {
            "account_id": "077672914621",
            "id": "sg-034b4ab7fecc7e809",
            "region": "ap-northeast-3"
          },
          "private": "eyJlMmJmYjczMC1lY2FhLTExZTYtOGY4OC0zNDM2M2JjN2M0YzAiOnsiY3JlYXRlIjo2MDAwMDAwMDAwMDAsImRlbGV0ZSI6OTAwMDAwMDAwMDAwfSwic2NoZW1hX3ZlcnNpb24iOiIxIn0=",
          "dependencies": [
            "module.net_d.aws_vpc.this"
          ]
        }
      ]
    },
    {
      "module": "module.sec_d",
      "mode": "managed",
      "type": "aws_security_group",
      "name": "app",
      "provider": "provider[\"registry.terraform.io/hashicorp/aws\"].d",
      "instances": [
        {
          "schema_version": 1,
          "attributes": {
            "arn": "arn:aws:ec2:ap-northeast-3:077672914621:security-group/sg-0cdf7d072d313449a",
            "description": "App security group (only from ALB)",
            "egress": [
              {
                "cidr_blocks": [
                  "0.0.0.0/0"
                ],
                "description": "All egress",
                "from_port": 0,
                "ipv6_cidr_blocks": [],
                "prefix_list_ids": [],
                "protocol": "-1",
                "security_groups": [],
                "self": false,
                "to_port": 0
              }
            ],
            "id": "sg-0cdf7d072d313449a",
            "ingress": [
              {
                "cidr_blocks": [],
                "description": "App from ALB",
                "from_port": 8080,
                "ipv6_cidr_blocks": [],
                "prefix_list_ids": [],
                "protocol": "tcp",
                "security_groups": [
                  "sg-034b4ab7fecc7e809"
                ],
                "self": false,
                "to_port": 8080
              }
            ],
            "name": "app-sg",
            "name_prefix": "",
            "owner_id": "077672914621",
            "region": "ap-northeast-3",
            "revoke_rules_on_delete": false,
            "tags": {},
            "tags_all": {},
            "timeouts": null,
            "vpc_id": "vpc-0a7a4d5785c1e509a"
          },
          "sensitive_attributes": [],
          "identity_schema_version": 0,
          "identity": {
            "account_id": "077672914621",
            "id": "sg-0cdf7d072d313449a",
            "region": "ap-northeast-3"
          },
          "private": "eyJlMmJmYjczMC1lY2FhLTExZTYtOGY4OC0zNDM2M2JjN2M0YzAiOnsiY3JlYXRlIjo2MDAwMDAwMDAwMDAsImRlbGV0ZSI6OTAwMDAwMDAwMDAwfSwic2NoZW1hX3ZlcnNpb24iOiIxIn0=",
          "dependencies": [
            "module.net_d.aws_vpc.this",
            "module.sec_d.aws_security_group.alb"
          ]
        }
      ]
    },
    {
      "module": "module.sec_d",
      "mode": "managed",
      "type": "aws_security_group",
      "name": "db",
      "provider": "provider[\"registry.terraform.io/hashicorp/aws\"].d",
      "instances": [
        {
          "schema_version": 1,
          "attributes": {
            "arn": "arn:aws:ec2:ap-northeast-3:077672914621:security-group/sg-061a40972900edd0f",
            "description": "DB security group (only from App)",
            "egress": [
              {
                "cidr_blocks": [
                  "0.0.0.0/0"
                ],
                "description": "All egress",
                "from_port": 0,
                "ipv6_cidr_blocks": [],
                "prefix_list_ids": [],
                "protocol": "-1",
                "security_groups": [],
                "self": false,
                "to_port": 0
              }
            ],
            "id": "sg-061a40972900edd0f",
            "ingress": [
              {
                "cidr_blocks": [],
                "description": "DB from App",
                "from_port": 3306,
                "ipv6_cidr_blocks": [],
                "prefix_list_ids": [],
                "protocol": "tcp",
                "security_groups": [
                  "sg-0cdf7d072d313449a"
                ],
                "self": false,
                "to_port": 3306
              }
            ],
            "name": "db-sg",
            "name_prefix": "",
            "owner_id": "077672914621",
            "region": "ap-northeast-3",
            "revoke_rules_on_delete": false,
            "tags": {},
            "tags_all": {},
            "timeouts": null,
            "vpc_id": "vpc-0a7a4d5785c1e509a"
          },
          "sensitive_attributes": [],
          "identity_schema_version": 0,
          "identity": {
            "account_id": "077672914621",
            "id": "sg-061a40972900edd0f",
            "region": "ap-northeast-3"
          },
          "private": "eyJlMmJmYjczMC1lY2FhLTExZTYtOGY4OC0zNDM2M2JjN2M0YzAiOnsiY3JlYXRlIjo2MDAwMDAwMDAwMDAsImRlbGV0ZSI6OTAwMDAwMDAwMDAwfSwic2NoZW1hX3ZlcnNpb24iOiIxIn0=",
          "dependencies": [
            "module.net_d.aws_vpc.this",
            "module.sec_d.aws_security_group.alb",
            "module.sec_d.aws_security_group.app"
          ]
        }
      ]
    },
    {
      "module": "module.sec_p",
      "mode": "managed",
      "type": "aws_security_group",
      "name": "alb",
      "provider": "provider[\"registry.terraform.io/hashicorp/aws\"].p",
      "instances": [
        {
          "schema_version": 1,
          "attributes": {
            "arn": "arn:aws:ec2:ap-northeast-2:077672914621:security-group/sg-0d6317e1e20730e98",
            "description": "ALB security group",
            "egress": [
              {
                "cidr_blocks": [
                  "0.0.0.0/0"
                ],
                "description": "All egress",
                "from_port": 0,
                "ipv6_cidr_blocks": [],
                "prefix_list_ids": [],
                "protocol": "-1",
                "security_groups": [],
                "self": false,
                "to_port": 0
              }
            ],
            "id": "sg-0d6317e1e20730e98",
            "ingress": [
              {
                "cidr_blocks": [
                  "0.0.0.0/0"
                ],
                "description": "HTTP from Internet",
                "from_port": 80,
                "ipv6_cidr_blocks": [],
                "prefix_list_ids": [],
                "protocol": "tcp",
                "security_groups": [],
                "self": false,
                "to_port": 80
              },
              {
                "cidr_blocks": [
                  "0.0.0.0/0"
                ],
                "description": "HTTPS from Internet",
                "from_port": 443,
                "ipv6_cidr_blocks": [],
                "prefix_list_ids": [],
                "protocol": "tcp",
                "security_groups": [],
                "self": false,
                "to_port": 443
              }
            ],
            "name": "alb-sg",
            "name_prefix": "",
            "owner_id": "077672914621",
            "region": "ap-northeast-2",
            "revoke_rules_on_delete": false,
            "tags": {},
            "tags_all": {},
            "timeouts": null,
            "vpc_id": "vpc-02b40b118580c1179"
          },
          "sensitive_attributes": [],
          "identity_schema_version": 0,
          "identity": {
            "account_id": "077672914621",
            "id": "sg-0d6317e1e20730e98",
            "region": "ap-northeast-2"
          },
          "private": "eyJlMmJmYjczMC1lY2FhLTExZTYtOGY4OC0zNDM2M2JjN2M0YzAiOnsiY3JlYXRlIjo2MDAwMDAwMDAwMDAsImRlbGV0ZSI6OTAwMDAwMDAwMDAwfSwic2NoZW1hX3ZlcnNpb24iOiIxIn0=",
          "dependencies": [
            "module.net_p.aws_vpc.this"
          ]
        }
      ]
    },
    {
      "module": "module.sec_p",
      "mode": "managed",
      "type": "aws_security_group",
      "name": "app",
      "provider": "provider[\"registry.terraform.io/hashicorp/aws\"].p",
      "instances": [
        {
          "schema_version": 1,
          "attributes": {
            "arn": "arn:aws:ec2:ap-northeast-2:077672914621:security-group/sg-07d970cc08b64c1d9",
            "description": "App security group (only from ALB)",
            "egress": [
              {
                "cidr_blocks": [
                  "0.0.0.0/0"
                ],
                "description": "All egress",
                "from_port": 0,
                "ipv6_cidr_blocks": [],
                "prefix_list_ids": [],
                "protocol": "-1",
                "security_groups": [],
                "self": false,
                "to_port": 0
              }
            ],
            "id": "sg-07d970cc08b64c1d9",
            "ingress": [
              {
                "cidr_blocks": [],
                "description": "App from ALB",
                "from_port": 8080,
                "ipv6_cidr_blocks": [],
                "prefix_list_ids": [],
                "protocol": "tcp",
                "security_groups": [
                  "sg-0d6317e1e20730e98"
                ],
                "self": false,
                "to_port": 8080
              }
            ],
            "name": "app-sg",
            "name_prefix": "",
            "owner_id": "077672914621",
            "region": "ap-northeast-2",
            "revoke_rules_on_delete": false,
            "tags": {},
            "tags_all": {},
            "timeouts": null,
            "vpc_id": "vpc-02b40b118580c1179"
          },
          "sensitive_attributes": [],
          "identity_schema_version": 0,
          "identity": {
            "account_id": "077672914621",
            "id": "sg-07d970cc08b64c1d9",
            "region": "ap-northeast-2"
          },
          "private": "eyJlMmJmYjczMC1lY2FhLTExZTYtOGY4OC0zNDM2M2JjN2M0YzAiOnsiY3JlYXRlIjo2MDAwMDAwMDAwMDAsImRlbGV0ZSI6OTAwMDAwMDAwMDAwfSwic2NoZW1hX3ZlcnNpb24iOiIxIn0=",
          "dependencies": [
            "module.net_p.aws_vpc.this",
            "module.sec_p.aws_security_group.alb"
          ]
        }
      ]
    },
    {
      "module": "module.sec_p",
      "mode": "managed",
      "type": "aws_security_group",
      "name": "db",
      "provider": "provider[\"registry.terraform.io/hashicorp/aws\"].p",
      "instances": [
        {
          "schema_version": 1,
          "attributes": {
            "arn": "arn:aws:ec2:ap-northeast-2:077672914621:security-group/sg-0b97d3479e01adbf8",
            "description": "DB security group (only from App)",
            "egress": [
              {
                "cidr_blocks": [
                  "0.0.0.0/0"
                ],
                "description": "All egress",
                "from_port": 0,
                "ipv6_cidr_blocks": [],
                "prefix_list_ids": [],
                "protocol": "-1",
                "security_groups": [],
                "self": false,
                "to_port": 0
              }
            ],
            "id": "sg-0b97d3479e01adbf8",
            "ingress": [
              {
                "cidr_blocks": [],
                "description": "DB from App",
                "from_port": 3306,
                "ipv6_cidr_blocks": [],
                "prefix_list_ids": [],
                "protocol": "tcp",
                "security_groups": [
                  "sg-07d970cc08b64c1d9"
                ],
                "self": false,
                "to_port": 3306
              }
            ],
            "name": "db-sg",
            "name_prefix": "",
            "owner_id": "077672914621",
            "region": "ap-northeast-2",
            "revoke_rules_on_delete": false,
            "tags": {},
            "tags_all": {},
            "timeouts": null,
            "vpc_id": "vpc-02b40b118580c1179"
          },
          "sensitive_attributes": [],
          "identity_schema_version": 0,
          "identity": {
            "account_id": "077672914621",
            "id": "sg-0b97d3479e01adbf8",
            "region": "ap-northeast-2"
          },
          "private": "eyJlMmJmYjczMC1lY2FhLTExZTYtOGY4OC0zNDM2M2JjN2M0YzAiOnsiY3JlYXRlIjo2MDAwMDAwMDAwMDAsImRlbGV0ZSI6OTAwMDAwMDAwMDAwfSwic2NoZW1hX3ZlcnNpb24iOiIxIn0=",
          "dependencies": [
            "module.net_p.aws_vpc.this",
            "module.sec_p.aws_security_group.alb",
            "module.sec_p.aws_security_group.app"
          ]
        }
      ]
    },
    {
      "module": "module.ssm_d",
      "mode": "managed",
      "type": "aws_ssm_document",
      "name": "deploy_jar",
      "provider": "provider[\"registry.terraform.io/hashicorp/aws\"].d",
      "instances": [
        {
          "schema_version": 0,
          "attributes": {
            "arn": "arn:aws:ssm:ap-northeast-3:077672914621:document/medical-dr-DeployJar",
            "attachments_source": [],
            "content": "{\"description\":\"Download JAR from S3 and restart systemd\",\"mainSteps\":[{\"action\":\"aws:runShellScript\",\"inputs\":{\"runCommand\":[\"set -e\",\"mkdir -p /opt/app\",\"aws s3 cp {{ S3Uri }} /opt/app/app.jar\",\"systemctl stop {{ ServiceName }} || true\",\"sleep 1\",\"systemctl start {{ ServiceName }}\",\"systemctl is-active {{ ServiceName }}\"],\"timeoutSeconds\":600},\"name\":\"Deploy\"}],\"parameters\":{\"S3Uri\":{\"default\":\"s3://go-artifacts-seoul/app/app.jar\",\"type\":\"String\"},\"ServiceName\":{\"default\":\"app\",\"type\":\"String\"}},\"schemaVersion\":\"2.2\"}",
            "created_date": "2025-08-22T07:10:20Z",
            "default_version": "2",
            "description": "Download JAR from S3 and restart systemd",
            "document_format": "JSON",
            "document_type": "Command",
            "document_version": "2",
            "hash": "0ea7ea246f437353612bf6f2d8c428f81dd594b8f9c5442d648f0da5c4e06cbc",
            "hash_type": "Sha256",
            "id": "medical-dr-DeployJar",
            "latest_version": "2",
            "name": "medical-dr-DeployJar",
            "owner": "077672914621",
            "parameter": [
              {
                "default_value": "s3://go-artifacts-seoul/app/app.jar",
                "description": "",
                "name": "S3Uri",
                "type": "String"
              },
              {
                "default_value": "app",
                "description": "",
                "name": "ServiceName",
                "type": "String"
              }
            ],
            "permissions": {},
            "platform_types": [
              "Linux",
              "MacOS"
            ],
            "region": "ap-northeast-3",
            "schema_version": "2.2",
            "status": "Active",
            "tags": {},
            "tags_all": {},
            "target_type": "",
            "version_name": ""
          },
          "sensitive_attributes": [],
          "identity_schema_version": 0,
          "private": "bnVsbA=="
        }
      ]
    },
    {
      "module": "module.ssm_p",
      "mode": "managed",
      "type": "aws_ssm_document",
      "name": "deploy_jar",
      "provider": "provider[\"registry.terraform.io/hashicorp/aws\"].p",
      "instances": [
        {
          "schema_version": 0,
          "attributes": {
            "arn": "arn:aws:ssm:ap-northeast-2:077672914621:document/medical-dr-DeployJar",
            "attachments_source": [],
            "content": "{\"description\":\"Download JAR from S3 and restart systemd\",\"mainSteps\":[{\"action\":\"aws:runShellScript\",\"inputs\":{\"runCommand\":[\"set -e\",\"mkdir -p /opt/app\",\"aws s3 cp {{ S3Uri }} /opt/app/app.jar\",\"systemctl stop {{ ServiceName }} || true\",\"sleep 1\",\"systemctl start {{ ServiceName }}\",\"systemctl is-active {{ ServiceName }}\"],\"timeoutSeconds\":600},\"name\":\"Deploy\"}],\"parameters\":{\"S3Uri\":{\"default\":\"s3://go-artifacts-seoul/app/app.jar\",\"type\":\"String\"},\"ServiceName\":{\"default\":\"app\",\"type\":\"String\"}},\"schemaVersion\":\"2.2\"}",
            "created_date": "2025-08-22T07:10:20Z",
            "default_version": "2",
            "description": "Download JAR from S3 and restart systemd",
            "document_format": "JSON",
            "document_type": "Command",
            "document_version": "2",
            "hash": "0ea7ea246f437353612bf6f2d8c428f81dd594b8f9c5442d648f0da5c4e06cbc",
            "hash_type": "Sha256",
            "id": "medical-dr-DeployJar",
            "latest_version": "2",
            "name": "medical-dr-DeployJar",
            "owner": "077672914621",
            "parameter": [
              {
                "default_value": "s3://go-artifacts-seoul/app/app.jar",
                "description": "",
                "name": "S3Uri",
                "type": "String"
              },
              {
                "default_value": "app",
                "description": "",
                "name": "ServiceName",
                "type": "String"
              }
            ],
            "permissions": {},
            "platform_types": [
              "Linux",
              "MacOS"
            ],
            "region": "ap-northeast-2",
            "schema_version": "2.2",
            "status": "Active",
            "tags": {},
            "tags_all": {},
            "target_type": "",
            "version_name": ""
          },
          "sensitive_attributes": [],
          "identity_schema_version": 0,
          "private": "bnVsbA=="
        }
      ]
    }
  ],
  "check_results": null
}
